{
  "version": 4,
  "terraform_version": "1.15.7",
  "serial": 116,
  "lineage": "4af94256-5ca6-f4ae-15d9-137b01fb97cc",
  "outputs": {
    "alb_dns_name": {
      "value": "triage-alb-175894723.us-east-1.elb.amazonaws.com",
      "type": "string"
    },
    "approval_api_url": {
      "value": "https://6mntafa7n1.execute-api.us-east-1.amazonaws.com/approve",
      "type": "string"
    },
    "dlq_url": {
      "value": "https://sqs.us-east-1.amazonaws.com/964989295765/triage-dlq",
      "type": "string"
    },
    "ecr_repository_url": {
      "value": "964989295765.dkr.ecr.us-east-1.amazonaws.com/triage/payflow",
      "type": "string"
    },
    "ecs_cluster_name": {
      "value": "triage-cluster",
      "type": "string"
    },
    "ecs_service_name": {
      "value": "payflow",
      "type": "string"
    },
    "github_actions_role_arn": {
      "value": "arn:aws:iam::964989295765:role/triage-github-actions",
      "type": "string"
    },
    "postmortems_bucket": {
      "value": "triage-postmortems-964989295765",
      "type": "string"
    },
    "sns_topic_arn": {
      "value": "arn:aws:sns:us-east-1:964989295765:triage-incidents",
      "type": "string"
    },
    "state_machine_arn": {
      "value": "arn:aws:states:us-east-1:964989295765:stateMachine:triage-incident-response",
      "type": "string"
    }
  },
  "resources": [
    {
      "mode": "data",
      "type": "archive_file",
      "name": "approval",
      "provider": "provider[\"registry.terraform.io/hashicorp/archive\"]",
      "instances": [
        {
          "schema_version": 0,
          "attributes": {
            "exclude_symlink_directories": null,
            "excludes": null,
            "id": "536805e203ed9155f0e37ae103eadd4e26821dda",
            "output_base64sha256": "JfPk/nLVztdJS1wS/MOMmiM+pokrYg2YO9TD5GRaIZQ=",
            "output_base64sha512": "XSoolhN5So+f2mLoZb9gB/eoiR6c5DqEoL+Wr1fKY13F6qjJYwUU4qE7LqfgTuRZXaf+mpcZDj+lPLtt5s02xg==",
            "output_file_mode": null,
            "output_md5": "e96c30de633fb0d6b4ecd73a96104f36",
            "output_path": "./build/approval.zip",
            "output_sha": "536805e203ed9155f0e37ae103eadd4e26821dda",
            "output_sha256": "25f3e4fe72d5ced7494b5c12fcc38c9a233ea6892b620d983bd4c3e4645a2194",
            "output_sha512": "5d2a289613794a8f9fda62e865bf6007f7a8891e9ce43a84a0bf96af57ca635dc5eaa8c9630514e2a13b2ea7e04ee4595da7fe9a97190e3fa53cbb6de6cd36c6",
            "output_size": 1139,
            "source": [],
            "source_content": null,
            "source_content_filename": null,
            "source_dir": null,
            "source_file": "./../agent/functions/approval/handler.py",
            "type": "zip"
          },
          "sensitive_attributes": [],
          "identity_schema_version": 0
        }
      ]
    },
    {
      "mode": "data",
      "type": "archive_file",
      "name": "diagnose",
      "provider": "provider[\"registry.terraform.io/hashicorp/archive\"]",
      "instances": [
        {
          "schema_version": 0,
          "attributes": {
            "exclude_symlink_directories": null,
            "excludes": null,
            "id": "8cbe4578681a300b7f50547e5907af315d912792",
            "output_base64sha256": "nr5ejmhwiBLylgiL/IywRVfKTB8ucXMBzaEhdQdTdp8=",
            "output_base64sha512": "lEO37qc2zA3SOVMB+GejkiNrygEFSW4NXG1issC9DkubyT848Bc+KLHA8Oo3BGCAW8Gs6yDMyU/1v5Fmgsxscw==",
            "output_file_mode": null,
            "output_md5": "35c7a8d50b854e5aafb76dbf94232a53",
            "output_path": "./build/diagnose.zip",
            "output_sha": "8cbe4578681a300b7f50547e5907af315d912792",
            "output_sha256": "9ebe5e8e68708812f296088bfc8cb04557ca4c1f2e717301cda121750753769f",
            "output_sha512": "9443b7eea736cc0dd2395301f867a392236bca0105496e0d5c6d62b2c0bd0e4b9bc93f38f0173e28b1c0f0ea370460805bc1aceb20ccc94ff5bf916682cc6c73",
            "output_size": 1543,
            "source": [],
            "source_content": null,
            "source_content_filename": null,
            "source_dir": null,
            "source_file": "./../agent/functions/diagnose/handler.py",
            "type": "zip"
          },
          "sensitive_attributes": [],
          "identity_schema_version": 0
        }
      ]
    },
    {
      "mode": "data",
      "type": "archive_file",
      "name": "evidence",
      "provider": "provider[\"registry.terraform.io/hashicorp/archive\"]",
      "instances": [
        {
          "schema_version": 0,
          "attributes": {
            "exclude_symlink_directories": null,
            "excludes": null,
            "id": "9b9446f37e8a4ad26cc80925c9bb15692e27d0b4",
            "output_base64sha256": "4fhwA0LEmrU6m1ByVThd+/31E0GmZzgz+QQu8MpchN4=",
            "output_base64sha512": "D6JqBwbK3dSJYRQI7IPWLqzjOnsrlIqUtEhk9EJH3zrE4Gm3QnGj+LMz+ig1IDzWYu8PyE0qgT1SkKfIThXSfQ==",
            "output_file_mode": null,
            "output_md5": "981d383f49299f708fcf2a1b001a4dcb",
            "output_path": "./build/evidence.zip",
            "output_sha": "9b9446f37e8a4ad26cc80925c9bb15692e27d0b4",
            "output_sha256": "e1f8700342c49ab53a9b507255385dfbfdf51341a6673833f9042ef0ca5c84de",
            "output_sha512": "0fa26a0706caddd489611408ec83d62eace33a7b2b948a94b44864f44247df3ac4e069b74271a3f8b333fa2835203cd662ef0fc84d2a813d5290a7c84e15d27d",
            "output_size": 1695,
            "source": [],
            "source_content": null,
            "source_content_filename": null,
            "source_dir": null,
            "source_file": "./../agent/functions/evidence/handler.py",
            "type": "zip"
          },
          "sensitive_attributes": [],
          "identity_schema_version": 0
        }
      ]
    },
    {
      "mode": "data",
      "type": "archive_file",
      "name": "intake",
      "provider": "provider[\"registry.terraform.io/hashicorp/archive\"]",
      "instances": [
        {
          "schema_version": 0,
          "attributes": {
            "exclude_symlink_directories": null,
            "excludes": null,
            "id": "abcec5589f8231ad1961526ab619a6895361ecfd",
            "output_base64sha256": "iVX/LlZcu+Q/RtOhh8Akwos8ZBcWLOsOnTKdOTbpMkU=",
            "output_base64sha512": "YgtFxl8/scsyJoLjTgUp8AortKUkvNMMLryfVCbX4gdyHycAyeSlGmT5ERG6ncw5LpGrrE7lO8qK3UHM6vszhQ==",
            "output_file_mode": null,
            "output_md5": "57b3b1244fe2f8f52c5c010c1ece9606",
            "output_path": "./build/intake.zip",
            "output_sha": "abcec5589f8231ad1961526ab619a6895361ecfd",
            "output_sha256": "8955ff2e565cbbe43f46d3a187c024c28b3c6417162ceb0e9d329d3936e93245",
            "output_sha512": "620b45c65f3fb1cb322682e34e0529f00a2bb4a524bcd30c2ebc9f5426d7e207721f2700c9e4a51a64f91111ba9dcc392e91abac4ee53bca8add41cceafb3385",
            "output_size": 1039,
            "source": [],
            "source_content": null,
            "source_content_filename": null,
            "source_dir": null,
            "source_file": "./../agent/functions/intake/handler.py",
            "type": "zip"
          },
          "sensitive_attributes": [],
          "identity_schema_version": 0
        }
      ]
    },
    {
      "mode": "data",
      "type": "archive_file",
      "name": "policy",
      "provider": "provider[\"registry.terraform.io/hashicorp/archive\"]",
      "instances": [
        {
          "schema_version": 0,
          "attributes": {
            "exclude_symlink_directories": null,
            "excludes": null,
            "id": "dcb9a0f11ec5a3820126ea426d94485335ba7ac3",
            "output_base64sha256": "L6PMLZu/B//Gj/wY1kg/en7DkxK5Rnz58TulkVZBEGE=",
            "output_base64sha512": "Ffk8fQwldkC/rZR1aLcqJR2MJTEz+L4mDCvBCdrjr0VPRjhz1Gyxl94ftF9x9TeEWoXPGFN2yYeMySlL5vll4g==",
            "output_file_mode": null,
            "output_md5": "9a876168899dedbfce944487a2db0de3",
            "output_path": "./build/policy.zip",
            "output_sha": "dcb9a0f11ec5a3820126ea426d94485335ba7ac3",
            "output_sha256": "2fa3cc2d9bbf07ffc68ffc18d6483f7a7ec39312b9467cf9f13ba59156411061",
            "output_sha512": "15f93c7d0c257640bfad947568b72a251d8c253133f8be260c2bc109dae3af454f463873d46cb197de1fb45f71f537845a85cf185376c9878cc9294be6f965e2",
            "output_size": 1192,
            "source": [],
            "source_content": null,
            "source_content_filename": null,
            "source_dir": null,
            "source_file": "./../agent/functions/policy/handler.py",
            "type": "zip"
          },
          "sensitive_attributes": [],
          "identity_schema_version": 0
        }
      ]
    },
    {
      "mode": "data",
      "type": "archive_file",
      "name": "postmortem",
      "provider": "provider[\"registry.terraform.io/hashicorp/archive\"]",
      "instances": [
        {
          "schema_version": 0,
          "attributes": {
            "exclude_symlink_directories": null,
            "excludes": null,
            "id": "e18dceb916d5dccb9c812fb15f41f5e9461063ce",
            "output_base64sha256": "xD2QVfiPfE1mo9T8t8s2BodW9oLdWrrQM7B2o6MROI8=",
            "output_base64sha512": "7QtuPHDKRb6AiFmspQsXSZ7IMH3N3rMp6y1oEM8G9fusVOo/qMjT7jZT3NE3bse5+Xev7v5KO/u5Xa6weiMKLg==",
            "output_file_mode": null,
            "output_md5": "35b8f4597b6c38dc3b5189c5ae9782e4",
            "output_path": "./build/postmortem.zip",
            "output_sha": "e18dceb916d5dccb9c812fb15f41f5e9461063ce",
            "output_sha256": "c43d9055f88f7c4d66a3d4fcb7cb36068756f682dd5abad033b076a3a311388f",
            "output_sha512": "ed0b6e3c70ca45be808859aca50b17499ec8307dcddeb329eb2d6810cf06f5fbac54ea3fa8c8d3ee3653dcd1376ec7b9f977afeefe4a3bfbb95daeb07a230a2e",
            "output_size": 1404,
            "source": [],
            "source_content": null,
            "source_content_filename": null,
            "source_dir": null,
            "source_file": "./../agent/functions/postmortem/handler.py",
            "type": "zip"
          },
          "sensitive_attributes": [],
          "identity_schema_version": 0
        }
      ]
    },
    {
      "mode": "data",
      "type": "archive_file",
      "name": "remediate",
      "provider": "provider[\"registry.terraform.io/hashicorp/archive\"]",
      "instances": [
        {
          "schema_version": 0,
          "attributes": {
            "exclude_symlink_directories": null,
            "excludes": null,
            "id": "bb71894309eeb49ec80d04ca6c1190c9723f5204",
            "output_base64sha256": "JHvI5+iTxyWRCSPZ1M5646c7tVtLCPVGlw4b07pJ03I=",
            "output_base64sha512": "7DMhuu+QOVrjswvZl3AG16M8y33RKwJak4kTvJ1PVxATUFfxApYcntQeQwihJYpnoq9xSEglNimctncSIw7CxQ==",
            "output_file_mode": null,
            "output_md5": "a5d1d5083f5ab5ecae3ebc90e86992f4",
            "output_path": "./build/remediate.zip",
            "output_sha": "bb71894309eeb49ec80d04ca6c1190c9723f5204",
            "output_sha256": "247bc8e7e893c725910923d9d4ce7ae3a73bb55b4b08f546970e1bd3ba49d372",
            "output_sha512": "ec3321baef90395ae3b30bd9977006d7a33ccb7dd12b025a938913bc9d4f5710135057f102961c9ed41e4308a1258a67a2af7148482536299cb67712230ec2c5",
            "output_size": 1290,
            "source": [],
            "source_content": null,
            "source_content_filename": null,
            "source_dir": null,
            "source_file": "./../agent/functions/remediate/handler.py",
            "type": "zip"
          },
          "sensitive_attributes": [],
          "identity_schema_version": 0
        }
      ]
    },
    {
      "mode": "data",
      "type": "archive_file",
      "name": "trafficgen",
      "provider": "provider[\"registry.terraform.io/hashicorp/archive\"]",
      "instances": [
        {
          "schema_version": 0,
          "attributes": {
            "exclude_symlink_directories": null,
            "excludes": null,
            "id": "6baa6027e9b17755390c0a5246dfe4fc75f1224b",
            "output_base64sha256": "0R239H21cYK3nzflmuHpLJDzj8GfYhYTiZazyl4S68I=",
            "output_base64sha512": "ni1ofcnyTy+eRVNET4q5CFsPfX5AwbEOGCWCLE4Vfbqoo76R3y9LRN6NMesiw0dn7arS24AAgVY6wHjqzbntAA==",
            "output_file_mode": null,
            "output_md5": "84a688b6bf5f35f1ac41e724039ba27d",
            "output_path": "./build/trafficgen.zip",
            "output_sha": "6baa6027e9b17755390c0a5246dfe4fc75f1224b",
            "output_sha256": "d11db7f47db57182b79f37e59ae1e92c90f38fc19f6216138996b3ca5e12ebc2",
            "output_sha512": "9e2d687dc9f24f2f9e4553444f8ab9085b0f7d7e40c1b10e1825822c4e157dbaa8a3be91df2f4b44de8d31eb22c34767edaad2db800081563ac078eacdb9ed00",
            "output_size": 733,
            "source": [],
            "source_content": null,
            "source_content_filename": null,
            "source_dir": null,
            "source_file": "./../agent/functions/trafficgen/handler.py",
            "type": "zip"
          },
          "sensitive_attributes": [],
          "identity_schema_version": 0
        }
      ]
    },
    {
      "mode": "data",
      "type": "archive_file",
      "name": "verify",
      "provider": "provider[\"registry.terraform.io/hashicorp/archive\"]",
      "instances": [
        {
          "schema_version": 0,
          "attributes": {
            "exclude_symlink_directories": null,
            "excludes": null,
            "id": "f3b34186669c0effee12229ccd417d745e395ca2",
            "output_base64sha256": "kEVx87SDcgd7TGgAv0ky6k5QIMAft1509pK2G4kAz78=",
            "output_base64sha512": "uyDohUCEMBbENv1Ya20PDG3LYiLmhMkJI2EwC6vXVeUpn7pE0lnUWTafw5XSwUT5j0pcsvlGeicfkXr4C6CESA==",
            "output_file_mode": null,
            "output_md5": "2bda568056a4e67cb6eff739c6771507",
            "output_path": "./build/verify.zip",
            "output_sha": "f3b34186669c0effee12229ccd417d745e395ca2",
            "output_sha256": "904571f3b48372077b4c6800bf4932ea4e5020c01fb75e74f692b61b8900cfbf",
            "output_sha512": "bb20e88540843016c436fd586b6d0f0c6dcb6222e684c9092361300babd755e5299fba44d259d459369fc395d2c144f98f4a5cb2f9467a271f917af80ba08448",
            "output_size": 592,
            "source": [],
            "source_content": null,
            "source_content_filename": null,
            "source_dir": null,
            "source_file": "./../agent/functions/verify/handler.py",
            "type": "zip"
          },
          "sensitive_attributes": [],
          "identity_schema_version": 0
        }
      ]
    },
    {
      "mode": "data",
      "type": "aws_caller_identity",
      "name": "current",
      "provider": "provider[\"registry.terraform.io/hashicorp/aws\"]",
      "instances": [
        {
          "schema_version": 0,
          "attributes": {
            "account_id": "964989295765",
            "arn": "arn:aws:sts::964989295765:assumed-role/AWSReservedSSO_AdministratorAccess_c1ebe475ad511704/vijay-admin",
            "id": "964989295765",
            "user_id": "AROA6BLOYDSKS7CPTC7IE:vijay-admin"
          },
          "sensitive_attributes": [],
          "identity_schema_version": 0
        }
      ]
    },
    {
      "mode": "data",
      "type": "aws_iam_policy_document",
      "name": "agent_lambda_assume",
      "provider": "provider[\"registry.terraform.io/hashicorp/aws\"]",
      "instances": [
        {
          "schema_version": 0,
          "attributes": {
            "id": "2690255455",
            "json": "{\n  \"Version\": \"2012-10-17\",\n  \"Statement\": [\n    {\n      \"Effect\": \"Allow\",\n      \"Action\": \"sts:AssumeRole\",\n      \"Principal\": {\n        \"Service\": \"lambda.amazonaws.com\"\n      }\n    }\n  ]\n}",
            "minified_json": "{\"Version\":\"2012-10-17\",\"Statement\":[{\"Effect\":\"Allow\",\"Action\":\"sts:AssumeRole\",\"Principal\":{\"Service\":\"lambda.amazonaws.com\"}}]}",
            "override_json": null,
            "override_policy_documents": null,
            "policy_id": null,
            "source_json": null,
            "source_policy_documents": null,
            "statement": [
              {
                "actions": [
                  "sts:AssumeRole"
                ],
                "condition": [],
                "effect": "Allow",
                "not_actions": [],
                "not_principals": [],
                "not_resources": [],
                "principals": [
                  {
                    "identifiers": [
                      "lambda.amazonaws.com"
                    ],
                    "type": "Service"
                  }
                ],
                "resources": [],
                "sid": ""
              }
            ],
            "version": "2012-10-17"
          },
          "sensitive_attributes": [],
          "identity_schema_version": 0
        }
      ]
    },
    {
      "mode": "data",
      "type": "aws_iam_policy_document",
      "name": "ecs_assume",
      "provider": "provider[\"registry.terraform.io/hashicorp/aws\"]",
      "instances": [
        {
          "schema_version": 0,
          "attributes": {
            "id": "1077804475",
            "json": "{\n  \"Version\": \"2012-10-17\",\n  \"Statement\": [\n    {\n      \"Effect\": \"Allow\",\n      \"Action\": \"sts:AssumeRole\",\n      \"Principal\": {\n        \"Service\": \"ecs-tasks.amazonaws.com\"\n      }\n    }\n  ]\n}",
            "minified_json": "{\"Version\":\"2012-10-17\",\"Statement\":[{\"Effect\":\"Allow\",\"Action\":\"sts:AssumeRole\",\"Principal\":{\"Service\":\"ecs-tasks.amazonaws.com\"}}]}",
            "override_json": null,
            "override_policy_documents": null,
            "policy_id": null,
            "source_json": null,
            "source_policy_documents": null,
            "statement": [
              {
                "actions": [
                  "sts:AssumeRole"
                ],
                "condition": [],
                "effect": "Allow",
                "not_actions": [],
                "not_principals": [],
                "not_resources": [],
                "principals": [
                  {
                    "identifiers": [
                      "ecs-tasks.amazonaws.com"
                    ],
                    "type": "Service"
                  }
                ],
                "resources": [],
                "sid": ""
              }
            ],
            "version": "2012-10-17"
          },
          "sensitive_attributes": [],
          "identity_schema_version": 0
        }
      ]
    },
    {
      "mode": "data",
      "type": "aws_iam_policy_document",
      "name": "eventbridge_assume",
      "provider": "provider[\"registry.terraform.io/hashicorp/aws\"]",
      "instances": [
        {
          "schema_version": 0,
          "attributes": {
            "id": "3959961479",
            "json": "{\n  \"Version\": \"2012-10-17\",\n  \"Statement\": [\n    {\n      \"Effect\": \"Allow\",\n      \"Action\": \"sts:AssumeRole\",\n      \"Principal\": {\n        \"Service\": \"events.amazonaws.com\"\n      }\n    }\n  ]\n}",
            "minified_json": "{\"Version\":\"2012-10-17\",\"Statement\":[{\"Effect\":\"Allow\",\"Action\":\"sts:AssumeRole\",\"Principal\":{\"Service\":\"events.amazonaws.com\"}}]}",
            "override_json": null,
            "override_policy_documents": null,
            "policy_id": null,
            "source_json": null,
            "source_policy_documents": null,
            "statement": [
              {
                "actions": [
                  "sts:AssumeRole"
                ],
                "condition": [],
                "effect": "Allow",
                "not_actions": [],
                "not_principals": [],
                "not_resources": [],
                "principals": [
                  {
                    "identifiers": [
                      "events.amazonaws.com"
                    ],
                    "type": "Service"
                  }
                ],
                "resources": [],
                "sid": ""
              }
            ],
            "version": "2012-10-17"
          },
          "sensitive_attributes": [],
          "identity_schema_version": 0
        }
      ]
    },
    {
      "mode": "data",
      "type": "aws_iam_policy_document",
      "name": "github_actions_assume",
      "provider": "provider[\"registry.terraform.io/hashicorp/aws\"]",
      "instances": [
        {
          "schema_version": 0,
          "attributes": {
            "id": "3694253440",
            "json": "{\n  \"Version\": \"2012-10-17\",\n  \"Statement\": [\n    {\n      \"Effect\": \"Allow\",\n      \"Action\": \"sts:AssumeRoleWithWebIdentity\",\n      \"Principal\": {\n        \"Federated\": \"arn:aws:iam::964989295765:oidc-provider/token.actions.githubusercontent.com\"\n      },\n      \"Condition\": {\n        \"StringEquals\": {\n          \"token.actions.githubusercontent.com:aud\": \"sts.amazonaws.com\"\n        },\n        \"StringLike\": {\n          \"token.actions.githubusercontent.com:sub\": \"repo:VijayPuttarevaiah/triage:ref:refs/heads/main\"\n        }\n      }\n    }\n  ]\n}",
            "minified_json": "{\"Version\":\"2012-10-17\",\"Statement\":[{\"Effect\":\"Allow\",\"Action\":\"sts:AssumeRoleWithWebIdentity\",\"Principal\":{\"Federated\":\"arn:aws:iam::964989295765:oidc-provider/token.actions.githubusercontent.com\"},\"Condition\":{\"StringEquals\":{\"token.actions.githubusercontent.com:aud\":\"sts.amazonaws.com\"},\"StringLike\":{\"token.actions.githubusercontent.com:sub\":\"repo:VijayPuttarevaiah/triage:ref:refs/heads/main\"}}}]}",
            "override_json": null,
            "override_policy_documents": null,
            "policy_id": null,
            "source_json": null,
            "source_policy_documents": null,
            "statement": [
              {
                "actions": [
                  "sts:AssumeRoleWithWebIdentity"
                ],
                "condition": [
                  {
                    "test": "StringEquals",
                    "values": [
                      "sts.amazonaws.com"
                    ],
                    "variable": "token.actions.githubusercontent.com:aud"
                  },
                  {
                    "test": "StringLike",
                    "values": [
                      "repo:VijayPuttarevaiah/triage:ref:refs/heads/main"
                    ],
                    "variable": "token.actions.githubusercontent.com:sub"
                  }
                ],
                "effect": "Allow",
                "not_actions": [],
                "not_principals": [],
                "not_resources": [],
                "principals": [
                  {
                    "identifiers": [
                      "arn:aws:iam::964989295765:oidc-provider/token.actions.githubusercontent.com"
                    ],
                    "type": "Federated"
                  }
                ],
                "resources": [],
                "sid": ""
              }
            ],
            "version": "2012-10-17"
          },
          "sensitive_attributes": [],
          "identity_schema_version": 0
        }
      ]
    },
    {
      "mode": "data",
      "type": "aws_iam_policy_document",
      "name": "github_actions_iam",
      "provider": "provider[\"registry.terraform.io/hashicorp/aws\"]",
      "instances": [
        {
          "schema_version": 0,
          "attributes": {
            "id": "3703689144",
            "json": "{\n  \"Version\": \"2012-10-17\",\n  \"Statement\": [\n    {\n      \"Effect\": \"Allow\",\n      \"Action\": [\n        \"iam:TagRole\",\n        \"iam:PutRolePolicy\",\n        \"iam:PassRole\",\n        \"iam:ListRolePolicies\",\n        \"iam:ListAttachedRolePolicies\",\n        \"iam:GetRolePolicy\",\n        \"iam:GetRole\",\n        \"iam:GetOpenIDConnectProvider\",\n        \"iam:DetachRolePolicy\",\n        \"iam:DeleteRolePolicy\",\n        \"iam:DeleteRole\",\n        \"iam:CreateRole\",\n        \"iam:AttachRolePolicy\"\n      ],\n      \"Resource\": \"*\"\n    }\n  ]\n}",
            "minified_json": "{\"Version\":\"2012-10-17\",\"Statement\":[{\"Effect\":\"Allow\",\"Action\":[\"iam:TagRole\",\"iam:PutRolePolicy\",\"iam:PassRole\",\"iam:ListRolePolicies\",\"iam:ListAttachedRolePolicies\",\"iam:GetRolePolicy\",\"iam:GetRole\",\"iam:GetOpenIDConnectProvider\",\"iam:DetachRolePolicy\",\"iam:DeleteRolePolicy\",\"iam:DeleteRole\",\"iam:CreateRole\",\"iam:AttachRolePolicy\"],\"Resource\":\"*\"}]}",
            "override_json": null,
            "override_policy_documents": null,
            "policy_id": null,
            "source_json": null,
            "source_policy_documents": null,
            "statement": [
              {
                "actions": [
                  "iam:AttachRolePolicy",
                  "iam:CreateRole",
                  "iam:DeleteRole",
                  "iam:DeleteRolePolicy",
                  "iam:DetachRolePolicy",
                  "iam:GetOpenIDConnectProvider",
                  "iam:GetRole",
                  "iam:GetRolePolicy",
                  "iam:ListAttachedRolePolicies",
                  "iam:ListRolePolicies",
                  "iam:PassRole",
                  "iam:PutRolePolicy",
                  "iam:TagRole"
                ],
                "condition": [],
                "effect": "Allow",
                "not_actions": [],
                "not_principals": [],
                "not_resources": [],
                "principals": [],
                "resources": [
                  "*"
                ],
                "sid": ""
              }
            ],
            "version": "2012-10-17"
          },
          "sensitive_attributes": [],
          "identity_schema_version": 0
        }
      ]
    },
    {
      "mode": "data",
      "type": "aws_iam_policy_document",
      "name": "lambda_assume",
      "provider": "provider[\"registry.terraform.io/hashicorp/aws\"]",
      "instances": [
        {
          "schema_version": 0,
          "attributes": {
            "id": "2690255455",
            "json": "{\n  \"Version\": \"2012-10-17\",\n  \"Statement\": [\n    {\n      \"Effect\": \"Allow\",\n      \"Action\": \"sts:AssumeRole\",\n      \"Principal\": {\n        \"Service\": \"lambda.amazonaws.com\"\n      }\n    }\n  ]\n}",
            "minified_json": "{\"Version\":\"2012-10-17\",\"Statement\":[{\"Effect\":\"Allow\",\"Action\":\"sts:AssumeRole\",\"Principal\":{\"Service\":\"lambda.amazonaws.com\"}}]}",
            "override_json": null,
            "override_policy_documents": null,
            "policy_id": null,
            "source_json": null,
            "source_policy_documents": null,
            "statement": [
              {
                "actions": [
                  "sts:AssumeRole"
                ],
                "condition": [],
                "effect": "Allow",
                "not_actions": [],
                "not_principals": [],
                "not_resources": [],
                "principals": [
                  {
                    "identifiers": [
                      "lambda.amazonaws.com"
                    ],
                    "type": "Service"
                  }
                ],
                "resources": [],
                "sid": ""
              }
            ],
            "version": "2012-10-17"
          },
          "sensitive_attributes": [],
          "identity_schema_version": 0
        }
      ]
    },
    {
      "mode": "data",
      "type": "aws_iam_policy_document",
      "name": "payflow_task_policy",
      "provider": "provider[\"registry.terraform.io/hashicorp/aws\"]",
      "instances": [
        {
          "schema_version": 0,
          "attributes": {
            "id": "1244054893",
            "json": "{\n  \"Version\": \"2012-10-17\",\n  \"Statement\": [\n    {\n      \"Sid\": \"TransactionsTableOnly\",\n      \"Effect\": \"Allow\",\n      \"Action\": [\n        \"dynamodb:PutItem\",\n        \"dynamodb:GetItem\"\n      ],\n      \"Resource\": \"arn:aws:dynamodb:us-east-1:964989295765:table/payflow-transactions\"\n    }\n  ]\n}",
            "minified_json": "{\"Version\":\"2012-10-17\",\"Statement\":[{\"Sid\":\"TransactionsTableOnly\",\"Effect\":\"Allow\",\"Action\":[\"dynamodb:PutItem\",\"dynamodb:GetItem\"],\"Resource\":\"arn:aws:dynamodb:us-east-1:964989295765:table/payflow-transactions\"}]}",
            "override_json": null,
            "override_policy_documents": null,
            "policy_id": null,
            "source_json": null,
            "source_policy_documents": null,
            "statement": [
              {
                "actions": [
                  "dynamodb:GetItem",
                  "dynamodb:PutItem"
                ],
                "condition": [],
                "effect": "Allow",
                "not_actions": [],
                "not_principals": [],
                "not_resources": [],
                "principals": [],
                "resources": [
                  "arn:aws:dynamodb:us-east-1:964989295765:table/payflow-transactions"
                ],
                "sid": "TransactionsTableOnly"
              }
            ],
            "version": "2012-10-17"
          },
          "sensitive_attributes": [],
          "identity_schema_version": 0
        }
      ]
    },
    {
      "mode": "data",
      "type": "aws_iam_policy_document",
      "name": "scheduler_assume",
      "provider": "provider[\"registry.terraform.io/hashicorp/aws\"]",
      "instances": [
        {
          "schema_version": 0,
          "attributes": {
            "id": "52247394",
            "json": "{\n  \"Version\": \"2012-10-17\",\n  \"Statement\": [\n    {\n      \"Effect\": \"Allow\",\n      \"Action\": \"sts:AssumeRole\",\n      \"Principal\": {\n        \"Service\": \"scheduler.amazonaws.com\"\n      }\n    }\n  ]\n}",
            "minified_json": "{\"Version\":\"2012-10-17\",\"Statement\":[{\"Effect\":\"Allow\",\"Action\":\"sts:AssumeRole\",\"Principal\":{\"Service\":\"scheduler.amazonaws.com\"}}]}",
            "override_json": null,
            "override_policy_documents": null,
            "policy_id": null,
            "source_json": null,
            "source_policy_documents": null,
            "statement": [
              {
                "actions": [
                  "sts:AssumeRole"
                ],
                "condition": [],
                "effect": "Allow",
                "not_actions": [],
                "not_principals": [],
                "not_resources": [],
                "principals": [
                  {
                    "identifiers": [
                      "scheduler.amazonaws.com"
                    ],
                    "type": "Service"
                  }
                ],
                "resources": [],
                "sid": ""
              }
            ],
            "version": "2012-10-17"
          },
          "sensitive_attributes": [],
          "identity_schema_version": 0
        }
      ]
    },
    {
      "mode": "data",
      "type": "aws_iam_policy_document",
      "name": "sfn_assume",
      "provider": "provider[\"registry.terraform.io/hashicorp/aws\"]",
      "instances": [
        {
          "schema_version": 0,
          "attributes": {
            "id": "4022981484",
            "json": "{\n  \"Version\": \"2012-10-17\",\n  \"Statement\": [\n    {\n      \"Effect\": \"Allow\",\n      \"Action\": \"sts:AssumeRole\",\n      \"Principal\": {\n        \"Service\": \"states.amazonaws.com\"\n      }\n    }\n  ]\n}",
            "minified_json": "{\"Version\":\"2012-10-17\",\"Statement\":[{\"Effect\":\"Allow\",\"Action\":\"sts:AssumeRole\",\"Principal\":{\"Service\":\"states.amazonaws.com\"}}]}",
            "override_json": null,
            "override_policy_documents": null,
            "policy_id": null,
            "source_json": null,
            "source_policy_documents": null,
            "statement": [
              {
                "actions": [
                  "sts:AssumeRole"
                ],
                "condition": [],
                "effect": "Allow",
                "not_actions": [],
                "not_principals": [],
                "not_resources": [],
                "principals": [
                  {
                    "identifiers": [
                      "states.amazonaws.com"
                    ],
                    "type": "Service"
                  }
                ],
                "resources": [],
                "sid": ""
              }
            ],
            "version": "2012-10-17"
          },
          "sensitive_attributes": [],
          "identity_schema_version": 0
        }
      ]
    },
    {
      "mode": "data",
      "type": "aws_subnets",
      "name": "default",
      "provider": "provider[\"registry.terraform.io/hashicorp/aws\"]",
      "instances": [
        {
          "schema_version": 0,
          "attributes": {
            "filter": [
              {
                "name": "vpc-id",
                "values": [
                  "vpc-0499cfd2d48da5c52"
                ]
              }
            ],
            "id": "us-east-1",
            "ids": [
              "subnet-0647a7bbea9bc45d4",
              "subnet-0a9a8d9714cc64e94",
              "subnet-0b8742fcddcb022b2",
              "subnet-0b1bc08b1c00989cd",
              "subnet-0fa30e0afae912a87",
              "subnet-08cce1ca4fba04c7b"
            ],
            "tags": null,
            "timeouts": null
          },
          "sensitive_attributes": [],
          "identity_schema_version": 0
        }
      ]
    },
    {
      "mode": "data",
      "type": "aws_vpc",
      "name": "default",
      "provider": "provider[\"registry.terraform.io/hashicorp/aws\"]",
      "instances": [
        {
          "schema_version": 0,
          "attributes": {
            "arn": "arn:aws:ec2:us-east-1:964989295765:vpc/vpc-0499cfd2d48da5c52",
            "cidr_block": "172.31.0.0/16",
            "cidr_block_associations": [
              {
                "association_id": "vpc-cidr-assoc-01f814406f2d896ba",
                "cidr_block": "172.31.0.0/16",
                "state": "associated"
              }
            ],
            "default": true,
            "dhcp_options_id": "dopt-0a8b7a2081be9f612",
            "enable_dns_hostnames": true,
            "enable_dns_support": true,
            "enable_network_address_usage_metrics": false,
            "filter": null,
            "id": "vpc-0499cfd2d48da5c52",
            "instance_tenancy": "default",
            "ipv6_association_id": "",
            "ipv6_cidr_block": "",
            "main_route_table_id": "rtb-00973c0f6e4cd9563",
            "owner_id": "964989295765",
            "state": null,
            "tags": {},
            "timeouts": null
          },
          "sensitive_attributes": [],
          "identity_schema_version": 0
        }
      ]
    },
    {
      "mode": "data",
      "type": "tls_certificate",
      "name": "github",
      "provider": "provider[\"registry.terraform.io/hashicorp/tls\"]",
      "instances": [
        {
          "schema_version": 0,
          "attributes": {
            "certificates": [
              {
                "cert_pem": "-----BEGIN CERTIFICATE-----\nMIIFBTCCAu2gAwIBAgIQWgDyEtjUtIDzkkFX6imDBTANBgkqhkiG9w0BAQsFADBP\nMQswCQYDVQQGEwJVUzEpMCcGA1UEChMgSW50ZXJuZXQgU2VjdXJpdHkgUmVzZWFy\nY2ggR3JvdXAxFTATBgNVBAMTDElTUkcgUm9vdCBYMTAeFw0yNDAzMTMwMDAwMDBa\nFw0yNzAzMTIyMzU5NTlaMDMxCzAJBgNVBAYTAlVTMRYwFAYDVQQKEw1MZXQncyBF\nbmNyeXB0MQwwCgYDVQQDEwNSMTMwggEiMA0GCSqGSIb3DQEBAQUAA4IBDwAwggEK\nAoIBAQClZ3CN0FaBZBUXYc25BtStGZCMJlA3mBZjklTb2cyEBZPs0+wIG6BgUUNI\nfSvHSJaetC3ancgnO1ehn6vw1g7UDjDKb5ux0daknTI+WE41b0VYaHEX/D7YXYKg\nL7JRbLAaXbhZzjVlyIuhrxA3/+OcXcJJFzT/jCuLjfC8cSyTDB0FxLrHzarJXnzR\nyQH3nAP2/Apd9Np75tt2QnDr9E0i2gB3b9bJXxf92nUupVcM9upctuBzpWjPoXTi\ndYJ+EJ/B9aLrAek4sQpEzNPCifVJNYIKNLMc6YjCR06CDgo28EdPivEpBHXazeGa\nXP9enZiVuppD0EqiFwUBBDDTMrOPAgMBAAGjgfgwgfUwDgYDVR0PAQH/BAQDAgGG\nMB0GA1UdJQQWMBQGCCsGAQUFBwMCBggrBgEFBQcDATASBgNVHRMBAf8ECDAGAQH/\nAgEAMB0GA1UdDgQWBBTnq58PLDOgU9NeT3jIsoQOO9aSMzAfBgNVHSMEGDAWgBR5\ntFnme7bl5AFzgAiIyBpY9umbbjAyBggrBgEFBQcBAQQmMCQwIgYIKwYBBQUHMAKG\nFmh0dHA6Ly94MS5pLmxlbmNyLm9yZy8wEwYDVR0gBAwwCjAIBgZngQwBAgEwJwYD\nVR0fBCAwHjAcoBqgGIYWaHR0cDovL3gxLmMubGVuY3Iub3JnLzANBgkqhkiG9w0B\nAQsFAAOCAgEAUTdYUqEimzW7TbrOypLqCfL7VOwYf/Q79OH5cHLCZeggfQhDconl\nk7Kgh8b0vi+/XuWu7CN8n/UPeg1vo3G+taXirrytthQinAHGwc/UdbOygJa9zuBc\nVyqoH3CXTXDInT+8a+c3aEVMJ2St+pSn4ed+WkDp8ijsijvEyFwE47hulW0Ltzjg\n9fOV5Pmrg/zxWbRuL+k0DBDHEJennCsAen7c35Pmx7jpmJ/HtgRhcnz0yjSBvyIw\n6L1QIupkCv2SBODT/xDD3gfQQyKv6roV4G2EhfEyAsWpmojxjCUCGiyg97FvDtm/\nNK2LSc9lybKxB73I2+P2G3CaWpvvpAiHCVu30jW8GCxKdfhsXtnIy2imskQqVZ2m\n0Pmxobb28Tucr7xBK7CtwvPrb79os7u2XP3O5f9b/H66GNyRrglRXlrYjI1oGYL/\nf4I1n/Sgusda6WvA6C190kxjU15Y12mHU4+BxyR9cx2hhGS9fAjMZKJss28qxvz6\nAxu4CaDmRNZpK/pQrXF17yXCXkmEWgvSOEZy6Z9pcbLIVEGckV/iVeq0AOo2pkg9\np4QRIy0tK2diRENLSF2KysFwbY6B26BFeFs3v1sYVRhFW9nLkOrQVporCS0KyZmf\nwVD89qSTlnctLcZnIavjKsKUu1nA1iU0yYMdYepKR7lWbnwhdx3ewok=\n-----END CERTIFICATE-----\n",
                "is_ca": true,
                "issuer": "CN=ISRG Root X1,O=Internet Security Research Group,C=US",
                "max_path_length": 0,
                "not_after": "2027-03-12T23:59:59Z",
                "not_before": "2024-03-13T00:00:00Z",
                "public_key_algorithm": "RSA",
                "serial_number": "119635429456979344322213464088047616773",
                "sha1_fingerprint": "22ff89586561fc2d52f77491e9f1eff1b80be33e",
                "signature_algorithm": "SHA256-RSA",
                "subject": "CN=R13,O=Let's Encrypt,C=US",
                "version": 3
              },
              {
                "cert_pem": "-----BEGIN CERTIFICATE-----\nMIIGODCCBSCgAwIBAgISBkl0HFXQj/IWarIfFqEXLJuRMA0GCSqGSIb3DQEBCwUA\nMDMxCzAJBgNVBAYTAlVTMRYwFAYDVQQKEw1MZXQncyBFbmNyeXB0MQwwCgYDVQQD\nEwNSMTMwHhcNMjYwNTEyMTQ1NDQzWhcNMjYwODEwMTQ1NDQyWjAqMSgwJgYDVQQD\nDB8qLmFjdGlvbnMuZ2l0aHVidXNlcmNvbnRlbnQuY29tMIICIjANBgkqhkiG9w0B\nAQEFAAOCAg8AMIICCgKCAgEArLpWC9GkquTIAVjQn1wANwct6Q4PJEWCAqzGNTiq\nKuSBym3zWvjT5ZtxHyqrTEvtEPNl2tXYXVHaN9wE+CNbE0yOe6GMI598YnJgv8bm\nO/wIPTWGQ3WsRDzIKlgbzm2G9ek4dgT22tNwt4XAVktTyGbnTZAR8kWrqHfycUDz\nuYmhMgnTv7k98tD+pRaKcJIzuU0ofD6LmbBVQDl6ymPVxTWEdCbk6mQLZAncdjmZ\nh1Ol2IeqYkrAqEY6ofPme57mforaShi4nLR+4nmnMBpfgtddv8jr2GACQG+s4Jid\nel3QVSmvEkwBx0JEnNuaB6cG7Ppq6FCRAbjLDSmEnu9cWim5EMu4BzB9rQYlTEPA\nCdJ3noQpVW6gc3VohB/ydBbNO5T0RhWe2caH4Bw5NXVYX2R01gg01jne65LiaMLA\nWu+tQtQDu1WKEqqWOZ1c7xP5CEEq6EOXiN6lK6Sioz7ZHzXdiNDlBgxSgX69mn0G\n2peZ+rffgDXYdYje1UfjsQOIzxGvNRiWnqQprIVWfx9Jc6YtILHdxuwRxovvkc7K\ndR7IHe46aEWw8sVIM7agwGJTv+bUgUDtmpRBK2o3RmI/8ZxL0GqCJeM615JcbM1A\nDACpxa+opaZ0CDjvM5dtzMPBKeodlShfv9B9y+bCgzav/R7IN/Ei42DeuNCjU+UQ\n5NkCAwEAAaOCAk0wggJJMA4GA1UdDwEB/wQEAwIFoDATBgNVHSUEDDAKBggrBgEF\nBQcDATAMBgNVHRMBAf8EAjAAMB0GA1UdDgQWBBQ4MRr1M/WTJEHSk3W/vyPhk/Hl\nMjAfBgNVHSMEGDAWgBTnq58PLDOgU9NeT3jIsoQOO9aSMzAzBggrBgEFBQcBAQQn\nMCUwIwYIKwYBBQUHMAKGF2h0dHA6Ly9yMTMuaS5sZW5jci5vcmcvMEkGA1UdEQRC\nMECCHyouYWN0aW9ucy5naXRodWJ1c2VyY29udGVudC5jb22CHWFjdGlvbnMuZ2l0\naHVidXNlcmNvbnRlbnQuY29tMBMGA1UdIAQMMAowCAYGZ4EMAQIBMC4GA1UdHwQn\nMCUwI6AhoB+GHWh0dHA6Ly9yMTMuYy5sZW5jci5vcmcvMTguY3JsMIIBDQYKKwYB\nBAHWeQIEAgSB/gSB+wD5AHYAlE5Dh/rswe+B8xkkJqgYZQHH0184AgE/cmd9VTcu\nGdgAAAGeHORx4AAABAMARzBFAiEAhAtF0/9wBzWXX4Tl8GP0AdGZfTiYhrR1vA6w\nXV8+EdcCID87W+6dxroP64PJxkQp96+l3BrIo2rFfX8X3cm2XZ3+AH8AqCbL4wrG\nNRJGUz/gZfFPGdluGQgTxB3ZbXkAsxI8VScAAAGeHOR0AQAIAAAFAAqaWuYEAwBI\nMEYCIQC1f9Ogr+vTiifekFJuoReNuJvF9EsVbpobwcTCUvySzAIhANeSFg7JdWZe\noiVeq9RHBJM+zm0OG+Fbcpo1oQ5cPu3jMA0GCSqGSIb3DQEBCwUAA4IBAQAuSwAe\nP99y2YQyMVQz5nImt+bRuTnu8Kd9MItxCzRHldegRXSUS4venORH7zU8SOachc2h\ntBvK5+JRlRziVPk3mGPT9O8aE+QH2mBGHY5AQBJ4Voe77KXk9d+fCrWROpiXr6H5\nXKPUeQmhPiP/ktJOU0aznVAA+zI+JerKWI1HnU0c9ZOZ/CpaleEAWix1vpLvTHO1\nWLHdP1PV8hrg03vsILsohAZlNRM1FZ0t4LYGgpoVOUrUBD8WcDie1NMyse18PO42\n5YCRm4ZQJ4nQu8UGcxnfm+8ci4YeRVwB/G4d4DoyBNyTM6RxtjHLWJ4y+49BI2Kn\nA2mk/d6P9lEj8fCA\n-----END CERTIFICATE-----\n",
                "is_ca": false,
                "issuer": "CN=R13,O=Let's Encrypt,C=US",
                "max_path_length": -1,
                "not_after": "2026-08-10T14:54:42Z",
                "not_before": "2026-05-12T14:54:43Z",
                "public_key_algorithm": "RSA",
                "serial_number": "547668665948141900064672203667955784653713",
                "sha1_fingerprint": "9514f4ed3c841c96c43def0f0acbf177405ded12",
                "signature_algorithm": "SHA256-RSA",
                "subject": "CN=*.actions.githubusercontent.com",
                "version": 3
              }
            ],
            "content": null,
            "id": "21cc813b647d562789be0cf4f55cd08bc8852f4e",
            "url": "https://token.actions.githubusercontent.com/.well-known/openid-configuration",
            "verify_chain": true
          },
          "sensitive_attributes": [],
          "identity_schema_version": 0
        }
      ]
    },
    {
      "mode": "managed",
      "type": "aws_apigatewayv2_api",
      "name": "approval",
      "provider": "provider[\"registry.terraform.io/hashicorp/aws\"]",
      "instances": [
        {
          "schema_version": 0,
          "attributes": {
            "api_endpoint": "https://6mntafa7n1.execute-api.us-east-1.amazonaws.com",
            "api_key_selection_expression": "$request.header.x-api-key",
            "arn": "arn:aws:apigateway:us-east-1::/apis/6mntafa7n1",
            "body": null,
            "cors_configuration": [],
            "credentials_arn": null,
            "description": "",
            "disable_execute_api_endpoint": false,
            "execution_arn": "arn:aws:execute-api:us-east-1:964989295765:6mntafa7n1",
            "fail_on_warnings": null,
            "id": "6mntafa7n1",
            "ip_address_type": "ipv4",
            "name": "triage-approval-api",
            "protocol_type": "HTTP",
            "route_key": null,
            "route_selection_expression": "$request.method $request.path",
            "tags": {},
            "tags_all": {},
            "target": null,
            "version": ""
          },
          "sensitive_attributes": [],
          "identity_schema_version": 0,
          "private": "bnVsbA=="
        }
      ]
    },
    {
      "mode": "managed",
      "type": "aws_apigatewayv2_integration",
      "name": "approval",
      "provider": "provider[\"registry.terraform.io/hashicorp/aws\"]",
      "instances": [
        {
          "schema_version": 0,
          "attributes": {
            "api_id": "6mntafa7n1",
            "connection_id": "",
            "connection_type": "INTERNET",
            "content_handling_strategy": "",
            "credentials_arn": "",
            "description": "",
            "id": "qv6wm9p",
            "integration_method": "POST",
            "integration_response_selection_expression": "",
            "integration_subtype": "",
            "integration_type": "AWS_PROXY",
            "integration_uri": "arn:aws:apigateway:us-east-1:lambda:path/2015-03-31/functions/arn:aws:lambda:us-east-1:964989295765:function:triage-approval/invocations",
            "passthrough_behavior": "",
            "payload_format_version": "2.0",
            "request_parameters": {},
            "request_templates": {},
            "response_parameters": [],
            "template_selection_expression": "",
            "timeout_milliseconds": 30000,
            "tls_config": []
          },
          "sensitive_attributes": [],
          "identity_schema_version": 0,
          "private": "bnVsbA==",
          "dependencies": [
            "aws_apigatewayv2_api.approval",
            "aws_iam_role.approval",
            "aws_lambda_function.approval",
            "data.archive_file.approval",
            "data.aws_iam_policy_document.agent_lambda_assume"
          ]
        }
      ]
    },
    {
      "mode": "managed",
      "type": "aws_apigatewayv2_route",
      "name": "approval",
      "provider": "provider[\"registry.terraform.io/hashicorp/aws\"]",
      "instances": [
        {
          "schema_version": 0,
          "attributes": {
            "api_id": "6mntafa7n1",
            "api_key_required": false,
            "authorization_scopes": [],
            "authorization_type": "NONE",
            "authorizer_id": "",
            "id": "qhcjd37",
            "model_selection_expression": "",
            "operation_name": "",
            "request_models": {},
            "request_parameter": [],
            "route_key": "GET /approve",
            "route_response_selection_expression": "",
            "target": "integrations/qv6wm9p"
          },
          "sensitive_attributes": [],
          "identity_schema_version": 0,
          "private": "bnVsbA==",
          "dependencies": [
            "aws_apigatewayv2_api.approval",
            "aws_apigatewayv2_integration.approval",
            "aws_iam_role.approval",
            "aws_lambda_function.approval",
            "data.archive_file.approval",
            "data.aws_iam_policy_document.agent_lambda_assume"
          ]
        }
      ]
    },
    {
      "mode": "managed",
      "type": "aws_apigatewayv2_stage",
      "name": "approval",
      "provider": "provider[\"registry.terraform.io/hashicorp/aws\"]",
      "instances": [
        {
          "schema_version": 0,
          "attributes": {
            "access_log_settings": [],
            "api_id": "6mntafa7n1",
            "arn": "arn:aws:apigateway:us-east-1::/apis/6mntafa7n1/stages/$default",
            "auto_deploy": true,
            "client_certificate_id": "",
            "default_route_settings": [
              {
                "data_trace_enabled": false,
                "detailed_metrics_enabled": false,
                "logging_level": "",
                "throttling_burst_limit": 0,
                "throttling_rate_limit": 0
              }
            ],
            "deployment_id": "l9eokp",
            "description": "",
            "execution_arn": "arn:aws:execute-api:us-east-1:964989295765:6mntafa7n1/$default",
            "id": "$default",
            "invoke_url": "https://6mntafa7n1.execute-api.us-east-1.amazonaws.com/",
            "name": "$default",
            "route_settings": [],
            "stage_variables": {},
            "tags": {},
            "tags_all": {}
          },
          "sensitive_attributes": [],
          "identity_schema_version": 0,
          "private": "bnVsbA==",
          "dependencies": [
            "aws_apigatewayv2_api.approval"
          ]
        }
      ]
    },
    {
      "mode": "managed",
      "type": "aws_cloudwatch_dashboard",
      "name": "main",
      "provider": "provider[\"registry.terraform.io/hashicorp/aws\"]",
      "instances": [
        {
          "schema_version": 0,
          "attributes": {
            "dashboard_arn": "arn:aws:cloudwatch::964989295765:dashboard/triage-overview",
            "dashboard_body": "{\"widgets\":[{\"height\":6,\"properties\":{\"metrics\":[[\"AWS/ApplicationELB\",\"RequestCount\",\"LoadBalancer\",\"app/triage-alb/bac00978adcdd038\",{\"stat\":\"Sum\"}],[\"AWS/ApplicationELB\",\"HTTPCode_Target_5XX_Count\",\"LoadBalancer\",\"app/triage-alb/bac00978adcdd038\",{\"stat\":\"Sum\"}]],\"period\":60,\"region\":\"us-east-1\",\"title\":\"Request count \u0026 5xx\"},\"type\":\"metric\",\"width\":12,\"x\":0,\"y\":0},{\"height\":6,\"properties\":{\"metrics\":[[\"AWS/ApplicationELB\",\"TargetResponseTime\",\"LoadBalancer\",\"app/triage-alb/bac00978adcdd038\",{\"label\":\"p50\",\"stat\":\"p50\"}],[\"AWS/ApplicationELB\",\"TargetResponseTime\",\"LoadBalancer\",\"app/triage-alb/bac00978adcdd038\",{\"label\":\"p95\",\"stat\":\"p95\"}],[\"AWS/ApplicationELB\",\"TargetResponseTime\",\"LoadBalancer\",\"app/triage-alb/bac00978adcdd038\",{\"label\":\"p99\",\"stat\":\"p99\"}]],\"period\":60,\"region\":\"us-east-1\",\"title\":\"Target response time (p50/p95/p99)\"},\"type\":\"metric\",\"width\":12,\"x\":12,\"y\":0},{\"height\":6,\"properties\":{\"metrics\":[[\"AWS/ApplicationELB\",\"HealthyHostCount\",\"LoadBalancer\",\"app/triage-alb/bac00978adcdd038\",\"TargetGroup\",\"targetgroup/triage-tg/27fc5b355eb15d39\",{\"stat\":\"Average\"}],[\"AWS/ApplicationELB\",\"UnHealthyHostCount\",\"LoadBalancer\",\"app/triage-alb/bac00978adcdd038\",\"TargetGroup\",\"targetgroup/triage-tg/27fc5b355eb15d39\",{\"stat\":\"Average\"}]],\"period\":60,\"region\":\"us-east-1\",\"title\":\"Healthy vs unhealthy hosts\"},\"type\":\"metric\",\"width\":12,\"x\":0,\"y\":6},{\"height\":6,\"properties\":{\"metrics\":[[\"AWS/ECS\",\"CPUUtilization\",\"ClusterName\",\"triage-cluster\",\"ServiceName\",\"payflow\",{\"stat\":\"Average\"}],[\"AWS/ECS\",\"MemoryUtilization\",\"ClusterName\",\"triage-cluster\",\"ServiceName\",\"payflow\",{\"stat\":\"Average\"}]],\"period\":60,\"region\":\"us-east-1\",\"title\":\"ECS CPU / Memory utilization\"},\"type\":\"metric\",\"width\":12,\"x\":12,\"y\":6}]}",
            "dashboard_name": "triage-overview",
            "id": "triage-overview"
          },
          "sensitive_attributes": [],
          "identity_schema_version": 0,
          "private": "bnVsbA==",
          "dependencies": [
            "aws_cloudwatch_log_group.payflow",
            "aws_dynamodb_table.payflow_transactions",
            "aws_ecr_repository.payflow",
            "aws_ecs_cluster.this",
            "aws_ecs_service.payflow",
            "aws_ecs_task_definition.payflow",
            "aws_iam_role.payflow_execution",
            "aws_iam_role.payflow_task",
            "aws_lb.payflow",
            "aws_lb_listener.payflow_http",
            "aws_lb_target_group.payflow",
            "aws_security_group.alb",
            "aws_security_group.fargate",
            "data.aws_iam_policy_document.ecs_assume",
            "data.aws_subnets.default",
            "data.aws_vpc.default"
          ]
        }
      ]
    },
    {
      "mode": "managed",
      "type": "aws_cloudwatch_event_rule",
      "name": "alarm_to_triage",
      "provider": "provider[\"registry.terraform.io/hashicorp/aws\"]",
      "instances": [
        {
          "schema_version": 1,
          "attributes": {
            "arn": "arn:aws:events:us-east-1:964989295765:rule/triage-alarm-to-triage",
            "description": "Route the 3 PayFlow alarm state changes into the Triage incident-response workflow",
            "event_bus_name": "default",
            "event_pattern": "{\"detail\":{\"state\":{\"value\":[\"ALARM\"]}},\"detail-type\":[\"CloudWatch Alarm State Change\"],\"resources\":[\"arn:aws:cloudwatch:us-east-1:964989295765:alarm:triage-payflow-5xx-rate\",\"arn:aws:cloudwatch:us-east-1:964989295765:alarm:triage-payflow-p99-latency\",\"arn:aws:cloudwatch:us-east-1:964989295765:alarm:triage-payflow-unhealthy-hosts\"],\"source\":[\"aws.cloudwatch\"]}",
            "force_destroy": false,
            "id": "triage-alarm-to-triage",
            "is_enabled": true,
            "name": "triage-alarm-to-triage",
            "name_prefix": "",
            "role_arn": "",
            "schedule_expression": "",
            "state": "ENABLED",
            "tags": {},
            "tags_all": {}
          },
          "sensitive_attributes": [],
          "identity_schema_version": 0,
          "private": "eyJzY2hlbWFfdmVyc2lvbiI6IjEifQ==",
          "dependencies": [
            "aws_cloudwatch_metric_alarm.error_rate",
            "aws_cloudwatch_metric_alarm.latency",
            "aws_cloudwatch_metric_alarm.unhealthy_hosts",
            "aws_lb.payflow",
            "aws_lb_target_group.payflow",
            "aws_security_group.alb",
            "data.aws_subnets.default",
            "data.aws_vpc.default"
          ]
        }
      ]
    },
    {
      "mode": "managed",
      "type": "aws_cloudwatch_event_target",
      "name": "triage_state_machine",
      "provider": "provider[\"registry.terraform.io/hashicorp/aws\"]",
      "instances": [
        {
          "schema_version": 1,
          "attributes": {
            "appsync_target": [],
            "arn": "arn:aws:states:us-east-1:964989295765:stateMachine:triage-incident-response",
            "batch_target": [],
            "dead_letter_config": [],
            "ecs_target": [],
            "event_bus_name": "default",
            "force_destroy": false,
            "http_target": [],
            "id": "triage-alarm-to-triage-terraform-20260705111450555700000001",
            "input": "",
            "input_path": "",
            "input_transformer": [
              {
                "input_paths": {
                  "alarm_name": "$.detail.alarmName"
                },
                "input_template": "{\"alarm_name\": \u003calarm_name\u003e}"
              }
            ],
            "kinesis_target": [],
            "redshift_target": [],
            "retry_policy": [],
            "role_arn": "arn:aws:iam::964989295765:role/triage-eventbridge-sfn",
            "rule": "triage-alarm-to-triage",
            "run_command_targets": [],
            "sagemaker_pipeline_target": [],
            "sqs_target": [],
            "target_id": "terraform-20260705111450555700000001"
          },
          "sensitive_attributes": [],
          "identity_schema_version": 0,
          "private": "eyJzY2hlbWFfdmVyc2lvbiI6IjEifQ==",
          "dependencies": [
            "aws_apigatewayv2_api.approval",
            "aws_cloudwatch_event_rule.alarm_to_triage",
            "aws_cloudwatch_log_group.payflow",
            "aws_cloudwatch_metric_alarm.error_rate",
            "aws_cloudwatch_metric_alarm.latency",
            "aws_cloudwatch_metric_alarm.unhealthy_hosts",
            "aws_dynamodb_table.payflow_transactions",
            "aws_dynamodb_table.triage_incidents",
            "aws_dynamodb_table.triage_policies",
            "aws_ecr_repository.payflow",
            "aws_ecs_cluster.this",
            "aws_ecs_service.payflow",
            "aws_ecs_task_definition.payflow",
            "aws_iam_role.diagnose",
            "aws_iam_role.eventbridge_sfn",
            "aws_iam_role.evidence",
            "aws_iam_role.intake",
            "aws_iam_role.payflow_execution",
            "aws_iam_role.payflow_task",
            "aws_iam_role.policy_fn",
            "aws_iam_role.postmortem",
            "aws_iam_role.remediate",
            "aws_iam_role.state_machine",
            "aws_iam_role.verify",
            "aws_lambda_function.diagnose",
            "aws_lambda_function.evidence",
            "aws_lambda_function.intake",
            "aws_lambda_function.policy",
            "aws_lambda_function.postmortem",
            "aws_lambda_function.remediate",
            "aws_lambda_function.verify",
            "aws_lb.payflow",
            "aws_lb_listener.payflow_http",
            "aws_lb_target_group.payflow",
            "aws_s3_bucket.postmortems",
            "aws_security_group.alb",
            "aws_security_group.fargate",
            "aws_sfn_state_machine.triage",
            "aws_sns_topic.incidents",
            "aws_sqs_queue.dlq",
            "data.archive_file.diagnose",
            "data.archive_file.evidence",
            "data.archive_file.intake",
            "data.archive_file.policy",
            "data.archive_file.postmortem",
            "data.archive_file.remediate",
            "data.archive_file.verify",
            "data.aws_caller_identity.current",
            "data.aws_iam_policy_document.agent_lambda_assume",
            "data.aws_iam_policy_document.ecs_assume",
            "data.aws_iam_policy_document.eventbridge_assume",
            "data.aws_iam_policy_document.sfn_assume",
            "data.aws_subnets.default",
            "data.aws_vpc.default"
          ]
        }
      ]
    },
    {
      "mode": "managed",
      "type": "aws_cloudwatch_log_group",
      "name": "approval",
      "provider": "provider[\"registry.terraform.io/hashicorp/aws\"]",
      "instances": [
        {
          "schema_version": 0,
          "attributes": {
            "arn": "arn:aws:logs:us-east-1:964989295765:log-group:/aws/lambda/triage-approval",
            "id": "/aws/lambda/triage-approval",
            "kms_key_id": "",
            "log_group_class": "STANDARD",
            "name": "/aws/lambda/triage-approval",
            "name_prefix": "",
            "retention_in_days": 3,
            "skip_destroy": false,
            "tags": {},
            "tags_all": {}
          },
          "sensitive_attributes": [],
          "identity_schema_version": 0,
          "private": "bnVsbA==",
          "dependencies": [
            "aws_iam_role.approval",
            "aws_lambda_function.approval",
            "data.archive_file.approval",
            "data.aws_iam_policy_document.agent_lambda_assume"
          ]
        }
      ]
    },
    {
      "mode": "managed",
      "type": "aws_cloudwatch_log_group",
      "name": "diagnose",
      "provider": "provider[\"registry.terraform.io/hashicorp/aws\"]",
      "instances": [
        {
          "schema_version": 0,
          "attributes": {
            "arn": "arn:aws:logs:us-east-1:964989295765:log-group:/aws/lambda/triage-diagnose",
            "id": "/aws/lambda/triage-diagnose",
            "kms_key_id": "",
            "log_group_class": "STANDARD",
            "name": "/aws/lambda/triage-diagnose",
            "name_prefix": "",
            "retention_in_days": 3,
            "skip_destroy": false,
            "tags": {},
            "tags_all": {}
          },
          "sensitive_attributes": [],
          "identity_schema_version": 0,
          "private": "bnVsbA==",
          "dependencies": [
            "aws_iam_role.diagnose",
            "aws_lambda_function.diagnose",
            "data.archive_file.diagnose",
            "data.aws_iam_policy_document.agent_lambda_assume"
          ]
        }
      ]
    },
    {
      "mode": "managed",
      "type": "aws_cloudwatch_log_group",
      "name": "evidence",
      "provider": "provider[\"registry.terraform.io/hashicorp/aws\"]",
      "instances": [
        {
          "schema_version": 0,
          "attributes": {
            "arn": "arn:aws:logs:us-east-1:964989295765:log-group:/aws/lambda/triage-evidence",
            "id": "/aws/lambda/triage-evidence",
            "kms_key_id": "",
            "log_group_class": "STANDARD",
            "name": "/aws/lambda/triage-evidence",
            "name_prefix": "",
            "retention_in_days": 3,
            "skip_destroy": false,
            "tags": {},
            "tags_all": {}
          },
          "sensitive_attributes": [],
          "identity_schema_version": 0,
          "private": "bnVsbA==",
          "dependencies": [
            "aws_cloudwatch_log_group.payflow",
            "aws_dynamodb_table.payflow_transactions",
            "aws_ecr_repository.payflow",
            "aws_ecs_cluster.this",
            "aws_ecs_service.payflow",
            "aws_ecs_task_definition.payflow",
            "aws_iam_role.evidence",
            "aws_iam_role.payflow_execution",
            "aws_iam_role.payflow_task",
            "aws_lambda_function.evidence",
            "aws_lb.payflow",
            "aws_lb_listener.payflow_http",
            "aws_lb_target_group.payflow",
            "aws_security_group.alb",
            "aws_security_group.fargate",
            "data.archive_file.evidence",
            "data.aws_iam_policy_document.agent_lambda_assume",
            "data.aws_iam_policy_document.ecs_assume",
            "data.aws_subnets.default",
            "data.aws_vpc.default"
          ]
        }
      ]
    },
    {
      "mode": "managed",
      "type": "aws_cloudwatch_log_group",
      "name": "intake",
      "provider": "provider[\"registry.terraform.io/hashicorp/aws\"]",
      "instances": [
        {
          "schema_version": 0,
          "attributes": {
            "arn": "arn:aws:logs:us-east-1:964989295765:log-group:/aws/lambda/triage-intake",
            "id": "/aws/lambda/triage-intake",
            "kms_key_id": "",
            "log_group_class": "STANDARD",
            "name": "/aws/lambda/triage-intake",
            "name_prefix": "",
            "retention_in_days": 3,
            "skip_destroy": false,
            "tags": {},
            "tags_all": {}
          },
          "sensitive_attributes": [],
          "identity_schema_version": 0,
          "private": "bnVsbA==",
          "dependencies": [
            "aws_dynamodb_table.triage_incidents",
            "aws_iam_role.intake",
            "aws_lambda_function.intake",
            "data.archive_file.intake",
            "data.aws_iam_policy_document.agent_lambda_assume"
          ]
        }
      ]
    },
    {
      "mode": "managed",
      "type": "aws_cloudwatch_log_group",
      "name": "payflow",
      "provider": "provider[\"registry.terraform.io/hashicorp/aws\"]",
      "instances": [
        {
          "schema_version": 0,
          "attributes": {
            "arn": "arn:aws:logs:us-east-1:964989295765:log-group:/ecs/payflow",
            "id": "/ecs/payflow",
            "kms_key_id": "",
            "log_group_class": "STANDARD",
            "name": "/ecs/payflow",
            "name_prefix": "",
            "retention_in_days": 3,
            "skip_destroy": false,
            "tags": {
              "Project": "triage"
            },
            "tags_all": {
              "Project": "triage"
            }
          },
          "sensitive_attributes": [],
          "identity_schema_version": 0,
          "private": "bnVsbA=="
        }
      ]
    },
    {
      "mode": "managed",
      "type": "aws_cloudwatch_log_group",
      "name": "policy",
      "provider": "provider[\"registry.terraform.io/hashicorp/aws\"]",
      "instances": [
        {
          "schema_version": 0,
          "attributes": {
            "arn": "arn:aws:logs:us-east-1:964989295765:log-group:/aws/lambda/triage-policy",
            "id": "/aws/lambda/triage-policy",
            "kms_key_id": "",
            "log_group_class": "STANDARD",
            "name": "/aws/lambda/triage-policy",
            "name_prefix": "",
            "retention_in_days": 3,
            "skip_destroy": false,
            "tags": {},
            "tags_all": {}
          },
          "sensitive_attributes": [],
          "identity_schema_version": 0,
          "private": "bnVsbA==",
          "dependencies": [
            "aws_dynamodb_table.triage_incidents",
            "aws_dynamodb_table.triage_policies",
            "aws_iam_role.policy_fn",
            "aws_lambda_function.policy",
            "data.archive_file.policy",
            "data.aws_iam_policy_document.agent_lambda_assume"
          ]
        }
      ]
    },
    {
      "mode": "managed",
      "type": "aws_cloudwatch_log_group",
      "name": "postmortem",
      "provider": "provider[\"registry.terraform.io/hashicorp/aws\"]",
      "instances": [
        {
          "schema_version": 0,
          "attributes": {
            "arn": "arn:aws:logs:us-east-1:964989295765:log-group:/aws/lambda/triage-postmortem",
            "id": "/aws/lambda/triage-postmortem",
            "kms_key_id": "",
            "log_group_class": "STANDARD",
            "name": "/aws/lambda/triage-postmortem",
            "name_prefix": "",
            "retention_in_days": 3,
            "skip_destroy": false,
            "tags": {},
            "tags_all": {}
          },
          "sensitive_attributes": [],
          "identity_schema_version": 0,
          "private": "bnVsbA==",
          "dependencies": [
            "aws_dynamodb_table.triage_incidents",
            "aws_iam_role.postmortem",
            "aws_lambda_function.postmortem",
            "aws_s3_bucket.postmortems",
            "data.archive_file.postmortem",
            "data.aws_caller_identity.current",
            "data.aws_iam_policy_document.agent_lambda_assume"
          ]
        }
      ]
    },
    {
      "mode": "managed",
      "type": "aws_cloudwatch_log_group",
      "name": "remediate",
      "provider": "provider[\"registry.terraform.io/hashicorp/aws\"]",
      "instances": [
        {
          "schema_version": 0,
          "attributes": {
            "arn": "arn:aws:logs:us-east-1:964989295765:log-group:/aws/lambda/triage-remediate",
            "id": "/aws/lambda/triage-remediate",
            "kms_key_id": "",
            "log_group_class": "STANDARD",
            "name": "/aws/lambda/triage-remediate",
            "name_prefix": "",
            "retention_in_days": 3,
            "skip_destroy": false,
            "tags": {},
            "tags_all": {}
          },
          "sensitive_attributes": [],
          "identity_schema_version": 0,
          "private": "bnVsbA==",
          "dependencies": [
            "aws_cloudwatch_log_group.payflow",
            "aws_dynamodb_table.payflow_transactions",
            "aws_dynamodb_table.triage_incidents",
            "aws_ecr_repository.payflow",
            "aws_ecs_cluster.this",
            "aws_ecs_service.payflow",
            "aws_ecs_task_definition.payflow",
            "aws_iam_role.payflow_execution",
            "aws_iam_role.payflow_task",
            "aws_iam_role.remediate",
            "aws_lambda_function.remediate",
            "aws_lb.payflow",
            "aws_lb_listener.payflow_http",
            "aws_lb_target_group.payflow",
            "aws_security_group.alb",
            "aws_security_group.fargate",
            "data.archive_file.remediate",
            "data.aws_iam_policy_document.agent_lambda_assume",
            "data.aws_iam_policy_document.ecs_assume",
            "data.aws_subnets.default",
            "data.aws_vpc.default"
          ]
        }
      ]
    },
    {
      "mode": "managed",
      "type": "aws_cloudwatch_log_group",
      "name": "trafficgen",
      "provider": "provider[\"registry.terraform.io/hashicorp/aws\"]",
      "instances": [
        {
          "schema_version": 0,
          "attributes": {
            "arn": "arn:aws:logs:us-east-1:964989295765:log-group:/aws/lambda/triage-trafficgen",
            "id": "/aws/lambda/triage-trafficgen",
            "kms_key_id": "",
            "log_group_class": "STANDARD",
            "name": "/aws/lambda/triage-trafficgen",
            "name_prefix": "",
            "retention_in_days": 3,
            "skip_destroy": false,
            "tags": {
              "Project": "triage"
            },
            "tags_all": {
              "Project": "triage"
            }
          },
          "sensitive_attributes": [],
          "identity_schema_version": 0,
          "private": "bnVsbA==",
          "dependencies": [
            "aws_iam_role.trafficgen",
            "aws_lambda_function.trafficgen",
            "aws_lb.payflow",
            "aws_security_group.alb",
            "data.archive_file.trafficgen",
            "data.aws_iam_policy_document.lambda_assume",
            "data.aws_subnets.default",
            "data.aws_vpc.default"
          ]
        }
      ]
    },
    {
      "mode": "managed",
      "type": "aws_cloudwatch_log_group",
      "name": "verify",
      "provider": "provider[\"registry.terraform.io/hashicorp/aws\"]",
      "instances": [
        {
          "schema_version": 0,
          "attributes": {
            "arn": "arn:aws:logs:us-east-1:964989295765:log-group:/aws/lambda/triage-verify",
            "id": "/aws/lambda/triage-verify",
            "kms_key_id": "",
            "log_group_class": "STANDARD",
            "name": "/aws/lambda/triage-verify",
            "name_prefix": "",
            "retention_in_days": 3,
            "skip_destroy": false,
            "tags": {},
            "tags_all": {}
          },
          "sensitive_attributes": [],
          "identity_schema_version": 0,
          "private": "bnVsbA==",
          "dependencies": [
            "aws_iam_role.verify",
            "aws_lambda_function.verify",
            "data.archive_file.verify",
            "data.aws_iam_policy_document.agent_lambda_assume"
          ]
        }
      ]
    },
    {
      "mode": "managed",
      "type": "aws_cloudwatch_metric_alarm",
      "name": "error_rate",
      "provider": "provider[\"registry.terraform.io/hashicorp/aws\"]",
      "instances": [
        {
          "schema_version": 1,
          "attributes": {
            "actions_enabled": true,
            "alarm_actions": [],
            "alarm_description": "PayFlow is returning too many 5xx responses - likely an error storm (Scenario 1).",
            "alarm_name": "triage-payflow-5xx-rate",
            "arn": "arn:aws:cloudwatch:us-east-1:964989295765:alarm:triage-payflow-5xx-rate",
            "comparison_operator": "GreaterThanOrEqualToThreshold",
            "datapoints_to_alarm": 0,
            "dimensions": {
              "LoadBalancer": "app/triage-alb/bac00978adcdd038",
              "TargetGroup": "targetgroup/triage-tg/27fc5b355eb15d39"
            },
            "evaluate_low_sample_count_percentiles": "",
            "evaluation_periods": 2,
            "extended_statistic": "",
            "id": "triage-payflow-5xx-rate",
            "insufficient_data_actions": [],
            "metric_name": "HTTPCode_Target_5XX_Count",
            "metric_query": [],
            "namespace": "AWS/ApplicationELB",
            "ok_actions": [],
            "period": 60,
            "statistic": "Sum",
            "tags": {
              "Project": "triage"
            },
            "tags_all": {
              "Project": "triage"
            },
            "threshold": 10,
            "threshold_metric_id": "",
            "treat_missing_data": "notBreaching",
            "unit": ""
          },
          "sensitive_attributes": [],
          "identity_schema_version": 0,
          "private": "eyJzY2hlbWFfdmVyc2lvbiI6IjEifQ==",
          "dependencies": [
            "aws_lb.payflow",
            "aws_lb_target_group.payflow",
            "aws_security_group.alb",
            "data.aws_subnets.default",
            "data.aws_vpc.default"
          ]
        }
      ]
    },
    {
      "mode": "managed",
      "type": "aws_cloudwatch_metric_alarm",
      "name": "latency",
      "provider": "provider[\"registry.terraform.io/hashicorp/aws\"]",
      "instances": [
        {
          "schema_version": 1,
          "attributes": {
            "actions_enabled": true,
            "alarm_actions": [],
            "alarm_description": "PayFlow p99 latency exceeds 2s - capacity or downstream degradation (Scenario 2).",
            "alarm_name": "triage-payflow-p99-latency",
            "arn": "arn:aws:cloudwatch:us-east-1:964989295765:alarm:triage-payflow-p99-latency",
            "comparison_operator": "GreaterThanThreshold",
            "datapoints_to_alarm": 0,
            "dimensions": {
              "LoadBalancer": "app/triage-alb/bac00978adcdd038",
              "TargetGroup": "targetgroup/triage-tg/27fc5b355eb15d39"
            },
            "evaluate_low_sample_count_percentiles": "",
            "evaluation_periods": 3,
            "extended_statistic": "p99",
            "id": "triage-payflow-p99-latency",
            "insufficient_data_actions": [],
            "metric_name": "TargetResponseTime",
            "metric_query": [],
            "namespace": "AWS/ApplicationELB",
            "ok_actions": [],
            "period": 60,
            "statistic": "",
            "tags": {
              "Project": "triage"
            },
            "tags_all": {
              "Project": "triage"
            },
            "threshold": 2,
            "threshold_metric_id": "",
            "treat_missing_data": "notBreaching",
            "unit": ""
          },
          "sensitive_attributes": [],
          "identity_schema_version": 0,
          "private": "eyJzY2hlbWFfdmVyc2lvbiI6IjEifQ==",
          "dependencies": [
            "aws_lb.payflow",
            "aws_lb_target_group.payflow",
            "aws_security_group.alb",
            "data.aws_subnets.default",
            "data.aws_vpc.default"
          ]
        }
      ]
    },
    {
      "mode": "managed",
      "type": "aws_cloudwatch_metric_alarm",
      "name": "unhealthy_hosts",
      "provider": "provider[\"registry.terraform.io/hashicorp/aws\"]",
      "instances": [
        {
          "schema_version": 1,
          "attributes": {
            "actions_enabled": true,
            "alarm_actions": [],
            "alarm_description": "PayFlow has at least one unhealthy target - likely a task crash loop (Scenario 3).",
            "alarm_name": "triage-payflow-unhealthy-hosts",
            "arn": "arn:aws:cloudwatch:us-east-1:964989295765:alarm:triage-payflow-unhealthy-hosts",
            "comparison_operator": "GreaterThanOrEqualToThreshold",
            "datapoints_to_alarm": 0,
            "dimensions": {
              "LoadBalancer": "app/triage-alb/bac00978adcdd038",
              "TargetGroup": "targetgroup/triage-tg/27fc5b355eb15d39"
            },
            "evaluate_low_sample_count_percentiles": "",
            "evaluation_periods": 2,
            "extended_statistic": "",
            "id": "triage-payflow-unhealthy-hosts",
            "insufficient_data_actions": [],
            "metric_name": "UnHealthyHostCount",
            "metric_query": [],
            "namespace": "AWS/ApplicationELB",
            "ok_actions": [],
            "period": 60,
            "statistic": "Maximum",
            "tags": {
              "Project": "triage"
            },
            "tags_all": {
              "Project": "triage"
            },
            "threshold": 1,
            "threshold_metric_id": "",
            "treat_missing_data": "notBreaching",
            "unit": ""
          },
          "sensitive_attributes": [],
          "identity_schema_version": 0,
          "private": "eyJzY2hlbWFfdmVyc2lvbiI6IjEifQ==",
          "dependencies": [
            "aws_lb.payflow",
            "aws_lb_target_group.payflow",
            "aws_security_group.alb",
            "data.aws_subnets.default",
            "data.aws_vpc.default"
          ]
        }
      ]
    },
    {
      "mode": "managed",
      "type": "aws_dynamodb_table",
      "name": "payflow_transactions",
      "provider": "provider[\"registry.terraform.io/hashicorp/aws\"]",
      "instances": [
        {
          "schema_version": 1,
          "attributes": {
            "arn": "arn:aws:dynamodb:us-east-1:964989295765:table/payflow-transactions",
            "attribute": [
              {
                "name": "txn_id",
                "type": "S"
              }
            ],
            "billing_mode": "PAY_PER_REQUEST",
            "deletion_protection_enabled": false,
            "global_secondary_index": [],
            "hash_key": "txn_id",
            "id": "payflow-transactions",
            "import_table": [],
            "local_secondary_index": [],
            "name": "payflow-transactions",
            "on_demand_throughput": [],
            "point_in_time_recovery": [
              {
                "enabled": false,
                "recovery_period_in_days": 0
              }
            ],
            "range_key": null,
            "read_capacity": 0,
            "replica": [],
            "restore_date_time": null,
            "restore_source_name": null,
            "restore_source_table_arn": null,
            "restore_to_latest_time": null,
            "server_side_encryption": [],
            "stream_arn": "",
            "stream_enabled": false,
            "stream_label": "",
            "stream_view_type": "",
            "table_class": "STANDARD",
            "tags": {
              "Project": "triage"
            },
            "tags_all": {
              "Project": "triage"
            },
            "timeouts": null,
            "ttl": [
              {
                "attribute_name": "",
                "enabled": false
              }
            ],
            "write_capacity": 0
          },
          "sensitive_attributes": [],
          "identity_schema_version": 0,
          "private": "eyJlMmJmYjczMC1lY2FhLTExZTYtOGY4OC0zNDM2M2JjN2M0YzAiOnsiY3JlYXRlIjoxODAwMDAwMDAwMDAwLCJkZWxldGUiOjYwMDAwMDAwMDAwMCwidXBkYXRlIjozNjAwMDAwMDAwMDAwfSwic2NoZW1hX3ZlcnNpb24iOiIxIn0="
        }
      ]
    },
    {
      "mode": "managed",
      "type": "aws_dynamodb_table",
      "name": "triage_incidents",
      "provider": "provider[\"registry.terraform.io/hashicorp/aws\"]",
      "instances": [
        {
          "schema_version": 1,
          "attributes": {
            "arn": "arn:aws:dynamodb:us-east-1:964989295765:table/triage-incidents",
            "attribute": [
              {
                "name": "alarm_name",
                "type": "S"
              },
              {
                "name": "incident_id",
                "type": "S"
              },
              {
                "name": "opened_at",
                "type": "S"
              }
            ],
            "billing_mode": "PAY_PER_REQUEST",
            "deletion_protection_enabled": false,
            "global_secondary_index": [
              {
                "hash_key": "alarm_name",
                "name": "alarm_name-opened_at-index",
                "non_key_attributes": [],
                "on_demand_throughput": [],
                "projection_type": "ALL",
                "range_key": "opened_at",
                "read_capacity": 0,
                "write_capacity": 0
              }
            ],
            "hash_key": "incident_id",
            "id": "triage-incidents",
            "import_table": [],
            "local_secondary_index": [],
            "name": "triage-incidents",
            "on_demand_throughput": [],
            "point_in_time_recovery": [
              {
                "enabled": false,
                "recovery_period_in_days": 0
              }
            ],
            "range_key": null,
            "read_capacity": 0,
            "replica": [],
            "restore_date_time": null,
            "restore_source_name": null,
            "restore_source_table_arn": null,
            "restore_to_latest_time": null,
            "server_side_encryption": [],
            "stream_arn": "",
            "stream_enabled": false,
            "stream_label": "",
            "stream_view_type": "",
            "table_class": "STANDARD",
            "tags": {
              "Project": "triage"
            },
            "tags_all": {
              "Project": "triage"
            },
            "timeouts": null,
            "ttl": [
              {
                "attribute_name": "",
                "enabled": false
              }
            ],
            "write_capacity": 0
          },
          "sensitive_attributes": [],
          "identity_schema_version": 0,
          "private": "eyJlMmJmYjczMC1lY2FhLTExZTYtOGY4OC0zNDM2M2JjN2M0YzAiOnsiY3JlYXRlIjoxODAwMDAwMDAwMDAwLCJkZWxldGUiOjYwMDAwMDAwMDAwMCwidXBkYXRlIjozNjAwMDAwMDAwMDAwfSwic2NoZW1hX3ZlcnNpb24iOiIxIn0="
        }
      ]
    },
    {
      "mode": "managed",
      "type": "aws_dynamodb_table",
      "name": "triage_policies",
      "provider": "provider[\"registry.terraform.io/hashicorp/aws\"]",
      "instances": [
        {
          "schema_version": 1,
          "attributes": {
            "arn": "arn:aws:dynamodb:us-east-1:964989295765:table/triage-policies",
            "attribute": [
              {
                "name": "action",
                "type": "S"
              }
            ],
            "billing_mode": "PAY_PER_REQUEST",
            "deletion_protection_enabled": false,
            "global_secondary_index": [],
            "hash_key": "action",
            "id": "triage-policies",
            "import_table": [],
            "local_secondary_index": [],
            "name": "triage-policies",
            "on_demand_throughput": [],
            "point_in_time_recovery": [
              {
                "enabled": false,
                "recovery_period_in_days": 0
              }
            ],
            "range_key": null,
            "read_capacity": 0,
            "replica": [],
            "restore_date_time": null,
            "restore_source_name": null,
            "restore_source_table_arn": null,
            "restore_to_latest_time": null,
            "server_side_encryption": [],
            "stream_arn": "",
            "stream_enabled": false,
            "stream_label": "",
            "stream_view_type": "",
            "table_class": "STANDARD",
            "tags": {
              "Project": "triage"
            },
            "tags_all": {
              "Project": "triage"
            },
            "timeouts": null,
            "ttl": [
              {
                "attribute_name": "",
                "enabled": false
              }
            ],
            "write_capacity": 0
          },
          "sensitive_attributes": [],
          "identity_schema_version": 0,
          "private": "eyJlMmJmYjczMC1lY2FhLTExZTYtOGY4OC0zNDM2M2JjN2M0YzAiOnsiY3JlYXRlIjoxODAwMDAwMDAwMDAwLCJkZWxldGUiOjYwMDAwMDAwMDAwMCwidXBkYXRlIjozNjAwMDAwMDAwMDAwfSwic2NoZW1hX3ZlcnNpb24iOiIxIn0="
        }
      ]
    },
    {
      "mode": "managed",
      "type": "aws_dynamodb_table_item",
      "name": "policy_disable_feature_flag",
      "provider": "provider[\"registry.terraform.io/hashicorp/aws\"]",
      "instances": [
        {
          "schema_version": 0,
          "attributes": {
            "hash_key": "action",
            "id": "triage-policies|action|disable_feature_flag",
            "item": "{\"action\":{\"S\":\"disable_feature_flag\"},\"decision\":{\"S\":\"requires_approval\"},\"description\":{\"S\":\"Rollback: disable a feature flag - risky, human must approve\"},\"max_per_hour\":{\"N\":\"3\"}}",
            "range_key": null,
            "table_name": "triage-policies"
          },
          "sensitive_attributes": [],
          "identity_schema_version": 0,
          "private": "bnVsbA==",
          "dependencies": [
            "aws_dynamodb_table.triage_policies"
          ]
        }
      ]
    },
    {
      "mode": "managed",
      "type": "aws_dynamodb_table_item",
      "name": "policy_restart",
      "provider": "provider[\"registry.terraform.io/hashicorp/aws\"]",
      "instances": [
        {
          "schema_version": 0,
          "attributes": {
            "hash_key": "action",
            "id": "triage-policies|action|restart_service",
            "item": "{\"action\":{\"S\":\"restart_service\"},\"decision\":{\"S\":\"auto\"},\"description\":{\"S\":\"Force new ECS deployment (rolling restart)\"},\"max_per_hour\":{\"N\":\"3\"}}",
            "range_key": null,
            "table_name": "triage-policies"
          },
          "sensitive_attributes": [],
          "identity_schema_version": 0,
          "private": "bnVsbA==",
          "dependencies": [
            "aws_dynamodb_table.triage_policies"
          ]
        }
      ]
    },
    {
      "mode": "managed",
      "type": "aws_dynamodb_table_item",
      "name": "policy_scale_out",
      "provider": "provider[\"registry.terraform.io/hashicorp/aws\"]",
      "instances": [
        {
          "schema_version": 0,
          "attributes": {
            "hash_key": "action",
            "id": "triage-policies|action|scale_out",
            "item": "{\"action\":{\"S\":\"scale_out\"},\"decision\":{\"S\":\"auto\"},\"description\":{\"S\":\"Increase ECS desired count, capped at 2 tasks\"},\"max_desired\":{\"N\":\"2\"},\"max_per_hour\":{\"N\":\"3\"}}",
            "range_key": null,
            "table_name": "triage-policies"
          },
          "sensitive_attributes": [],
          "identity_schema_version": 0,
          "private": "bnVsbA==",
          "dependencies": [
            "aws_dynamodb_table.triage_policies"
          ]
        }
      ]
    },
    {
      "mode": "managed",
      "type": "aws_ecr_lifecycle_policy",
      "name": "payflow",
      "provider": "provider[\"registry.terraform.io/hashicorp/aws\"]",
      "instances": [
        {
          "schema_version": 0,
          "attributes": {
            "id": "triage/payflow",
            "policy": "{\"rules\":[{\"action\":{\"type\":\"expire\"},\"description\":\"Keep only the 10 most recent images\",\"rulePriority\":1,\"selection\":{\"countNumber\":10,\"countType\":\"imageCountMoreThan\",\"tagStatus\":\"any\"}}]}",
            "registry_id": "964989295765",
            "repository": "triage/payflow"
          },
          "sensitive_attributes": [],
          "identity_schema_version": 0,
          "private": "bnVsbA==",
          "dependencies": [
            "aws_ecr_repository.payflow"
          ]
        }
      ]
    },
    {
      "mode": "managed",
      "type": "aws_ecr_repository",
      "name": "payflow",
      "provider": "provider[\"registry.terraform.io/hashicorp/aws\"]",
      "instances": [
        {
          "schema_version": 0,
          "attributes": {
            "arn": "arn:aws:ecr:us-east-1:964989295765:repository/triage/payflow",
            "encryption_configuration": [
              {
                "encryption_type": "AES256",
                "kms_key": ""
              }
            ],
            "force_delete": null,
            "id": "triage/payflow",
            "image_scanning_configuration": [
              {
                "scan_on_push": true
              }
            ],
            "image_tag_mutability": "MUTABLE",
            "name": "triage/payflow",
            "registry_id": "964989295765",
            "repository_url": "964989295765.dkr.ecr.us-east-1.amazonaws.com/triage/payflow",
            "tags": {
              "Project": "triage"
            },
            "tags_all": {
              "Project": "triage"
            },
            "timeouts": null
          },
          "sensitive_attributes": [],
          "identity_schema_version": 0,
          "private": "eyJlMmJmYjczMC1lY2FhLTExZTYtOGY4OC0zNDM2M2JjN2M0YzAiOnsiZGVsZXRlIjoxMjAwMDAwMDAwMDAwfX0="
        }
      ]
    },
    {
      "mode": "managed",
      "type": "aws_ecs_cluster",
      "name": "this",
      "provider": "provider[\"registry.terraform.io/hashicorp/aws\"]",
      "instances": [
        {
          "schema_version": 0,
          "attributes": {
            "arn": "arn:aws:ecs:us-east-1:964989295765:cluster/triage-cluster",
            "configuration": [],
            "id": "arn:aws:ecs:us-east-1:964989295765:cluster/triage-cluster",
            "name": "triage-cluster",
            "service_connect_defaults": [],
            "setting": [
              {
                "name": "containerInsights",
                "value": "disabled"
              }
            ],
            "tags": {
              "Project": "triage"
            },
            "tags_all": {
              "Project": "triage"
            }
          },
          "sensitive_attributes": [],
          "identity_schema_version": 0,
          "private": "bnVsbA=="
        }
      ]
    },
    {
      "mode": "managed",
      "type": "aws_ecs_service",
      "name": "payflow",
      "provider": "provider[\"registry.terraform.io/hashicorp/aws\"]",
      "instances": [
        {
          "schema_version": 1,
          "attributes": {
            "alarms": [],
            "availability_zone_rebalancing": "DISABLED",
            "capacity_provider_strategy": [],
            "cluster": "arn:aws:ecs:us-east-1:964989295765:cluster/triage-cluster",
            "deployment_circuit_breaker": [
              {
                "enable": false,
                "rollback": false
              }
            ],
            "deployment_controller": [
              {
                "type": "ECS"
              }
            ],
            "deployment_maximum_percent": 200,
            "deployment_minimum_healthy_percent": 100,
            "desired_count": 1,
            "enable_ecs_managed_tags": false,
            "enable_execute_command": false,
            "force_delete": null,
            "force_new_deployment": null,
            "health_check_grace_period_seconds": 120,
            "iam_role": "/aws-service-role/ecs.amazonaws.com/AWSServiceRoleForECS",
            "id": "arn:aws:ecs:us-east-1:964989295765:service/triage-cluster/payflow",
            "launch_type": "FARGATE",
            "load_balancer": [
              {
                "container_name": "payflow",
                "container_port": 8080,
                "elb_name": "",
                "target_group_arn": "arn:aws:elasticloadbalancing:us-east-1:964989295765:targetgroup/triage-tg/27fc5b355eb15d39"
              }
            ],
            "name": "payflow",
            "network_configuration": [
              {
                "assign_public_ip": true,
                "security_groups": [
                  "sg-0a435d96ecce907bb"
                ],
                "subnets": [
                  "subnet-0647a7bbea9bc45d4",
                  "subnet-08cce1ca4fba04c7b",
                  "subnet-0a9a8d9714cc64e94",
                  "subnet-0b1bc08b1c00989cd",
                  "subnet-0b8742fcddcb022b2",
                  "subnet-0fa30e0afae912a87"
                ]
              }
            ],
            "ordered_placement_strategy": [],
            "placement_constraints": [],
            "platform_version": "LATEST",
            "propagate_tags": "NONE",
            "scheduling_strategy": "REPLICA",
            "service_connect_configuration": [],
            "service_registries": [],
            "tags": {
              "Project": "triage"
            },
            "tags_all": {
              "Project": "triage"
            },
            "task_definition": "arn:aws:ecs:us-east-1:964989295765:task-definition/payflow:1",
            "timeouts": null,
            "triggers": {},
            "volume_configuration": [],
            "vpc_lattice_configurations": [],
            "wait_for_steady_state": false
          },
          "sensitive_attributes": [],
          "identity_schema_version": 0,
          "private": "eyJlMmJmYjczMC1lY2FhLTExZTYtOGY4OC0zNDM2M2JjN2M0YzAiOnsiY3JlYXRlIjoxMjAwMDAwMDAwMDAwLCJkZWxldGUiOjEyMDAwMDAwMDAwMDAsInVwZGF0ZSI6MTIwMDAwMDAwMDAwMH0sInNjaGVtYV92ZXJzaW9uIjoiMSJ9",
          "dependencies": [
            "aws_cloudwatch_log_group.payflow",
            "aws_dynamodb_table.payflow_transactions",
            "aws_ecr_repository.payflow",
            "aws_ecs_cluster.this",
            "aws_ecs_task_definition.payflow",
            "aws_iam_role.payflow_execution",
            "aws_iam_role.payflow_task",
            "aws_lb.payflow",
            "aws_lb_listener.payflow_http",
            "aws_lb_target_group.payflow",
            "aws_security_group.alb",
            "aws_security_group.fargate",
            "data.aws_iam_policy_document.ecs_assume",
            "data.aws_subnets.default",
            "data.aws_vpc.default"
          ]
        }
      ]
    },
    {
      "mode": "managed",
      "type": "aws_ecs_task_definition",
      "name": "payflow",
      "provider": "provider[\"registry.terraform.io/hashicorp/aws\"]",
      "instances": [
        {
          "schema_version": 1,
          "attributes": {
            "arn": "arn:aws:ecs:us-east-1:964989295765:task-definition/payflow:1",
            "arn_without_revision": "arn:aws:ecs:us-east-1:964989295765:task-definition/payflow",
            "container_definitions": "[{\"environment\":[{\"name\":\"AWS_REGION\",\"value\":\"us-east-1\"},{\"name\":\"TABLE_NAME\",\"value\":\"payflow-transactions\"}],\"essential\":true,\"image\":\"964989295765.dkr.ecr.us-east-1.amazonaws.com/triage/payflow:latest\",\"logConfiguration\":{\"logDriver\":\"awslogs\",\"options\":{\"awslogs-stream-prefix\":\"payflow\",\"awslogs-group\":\"/ecs/payflow\",\"awslogs-region\":\"us-east-1\"}},\"mountPoints\":[],\"name\":\"payflow\",\"portMappings\":[{\"containerPort\":8080,\"hostPort\":8080,\"protocol\":\"tcp\"}],\"systemControls\":[],\"volumesFrom\":[]}]",
            "cpu": "256",
            "enable_fault_injection": false,
            "ephemeral_storage": [],
            "execution_role_arn": "arn:aws:iam::964989295765:role/triage-payflow-execution",
            "family": "payflow",
            "id": "payflow",
            "inference_accelerator": [],
            "ipc_mode": "",
            "memory": "512",
            "network_mode": "awsvpc",
            "pid_mode": "",
            "placement_constraints": [],
            "proxy_configuration": [],
            "requires_compatibilities": [
              "FARGATE"
            ],
            "revision": 1,
            "runtime_platform": [],
            "skip_destroy": false,
            "tags": {
              "Project": "triage"
            },
            "tags_all": {
              "Project": "triage"
            },
            "task_role_arn": "arn:aws:iam::964989295765:role/triage-payflow-task",
            "track_latest": false,
            "volume": []
          },
          "sensitive_attributes": [],
          "identity_schema_version": 0,
          "private": "eyJzY2hlbWFfdmVyc2lvbiI6IjEifQ==",
          "dependencies": [
            "aws_cloudwatch_log_group.payflow",
            "aws_dynamodb_table.payflow_transactions",
            "aws_ecr_repository.payflow",
            "aws_iam_role.payflow_execution",
            "aws_iam_role.payflow_task",
            "data.aws_iam_policy_document.ecs_assume"
          ]
        }
      ]
    },
    {
      "mode": "managed",
      "type": "aws_iam_openid_connect_provider",
      "name": "github",
      "provider": "provider[\"registry.terraform.io/hashicorp/aws\"]",
      "instances": [
        {
          "schema_version": 0,
          "attributes": {
            "arn": "arn:aws:iam::964989295765:oidc-provider/token.actions.githubusercontent.com",
            "client_id_list": [
              "sts.amazonaws.com"
            ],
            "id": "arn:aws:iam::964989295765:oidc-provider/token.actions.githubusercontent.com",
            "tags": {},
            "tags_all": {},
            "thumbprint_list": [
              "22ff89586561fc2d52f77491e9f1eff1b80be33e"
            ],
            "url": "token.actions.githubusercontent.com"
          },
          "sensitive_attributes": [],
          "identity_schema_version": 0,
          "private": "bnVsbA==",
          "dependencies": [
            "data.tls_certificate.github"
          ]
        }
      ]
    },
    {
      "mode": "managed",
      "type": "aws_iam_role",
      "name": "approval",
      "provider": "provider[\"registry.terraform.io/hashicorp/aws\"]",
      "instances": [
        {
          "schema_version": 0,
          "attributes": {
            "arn": "arn:aws:iam::964989295765:role/triage-fn-approval",
            "assume_role_policy": "{\"Statement\":[{\"Action\":\"sts:AssumeRole\",\"Effect\":\"Allow\",\"Principal\":{\"Service\":\"lambda.amazonaws.com\"}}],\"Version\":\"2012-10-17\"}",
            "create_date": "2026-07-05T11:12:13Z",
            "description": "",
            "force_detach_policies": false,
            "id": "triage-fn-approval",
            "inline_policy": [
              {
                "name": "triage-fn-approval-sfn",
                "policy": "{\"Version\":\"2012-10-17\",\"Statement\":[{\"Action\":[\"states:SendTaskSuccess\",\"states:SendTaskFailure\"],\"Effect\":\"Allow\",\"Resource\":\"*\"}]}"
              }
            ],
            "managed_policy_arns": [
              "arn:aws:iam::aws:policy/service-role/AWSLambdaBasicExecutionRole"
            ],
            "max_session_duration": 3600,
            "name": "triage-fn-approval",
            "name_prefix": "",
            "path": "/",
            "permissions_boundary": "",
            "tags": {},
            "tags_all": {},
            "unique_id": "AROA6BLOYDSKVDWJA75JE"
          },
          "sensitive_attributes": [],
          "identity_schema_version": 0,
          "private": "bnVsbA==",
          "dependencies": [
            "data.aws_iam_policy_document.agent_lambda_assume"
          ]
        }
      ]
    },
    {
      "mode": "managed",
      "type": "aws_iam_role",
      "name": "diagnose",
      "provider": "provider[\"registry.terraform.io/hashicorp/aws\"]",
      "instances": [
        {
          "schema_version": 0,
          "attributes": {
            "arn": "arn:aws:iam::964989295765:role/triage-fn-diagnose",
            "assume_role_policy": "{\"Statement\":[{\"Action\":\"sts:AssumeRole\",\"Effect\":\"Allow\",\"Principal\":{\"Service\":\"lambda.amazonaws.com\"}}],\"Version\":\"2012-10-17\"}",
            "create_date": "2026-07-05T11:12:13Z",
            "description": "",
            "force_detach_policies": false,
            "id": "triage-fn-diagnose",
            "inline_policy": [
              {
                "name": "triage-fn-diagnose-bedrock",
                "policy": "{\"Version\":\"2012-10-17\",\"Statement\":[{\"Action\":[\"bedrock:InvokeModel\",\"bedrock:Converse\"],\"Effect\":\"Allow\",\"Resource\":\"arn:aws:bedrock:us-east-1::foundation-model/*\"}]}"
              }
            ],
            "managed_policy_arns": [
              "arn:aws:iam::aws:policy/service-role/AWSLambdaBasicExecutionRole"
            ],
            "max_session_duration": 3600,
            "name": "triage-fn-diagnose",
            "name_prefix": "",
            "path": "/",
            "permissions_boundary": "",
            "tags": {},
            "tags_all": {},
            "unique_id": "AROA6BLOYDSKWIMEVTHEN"
          },
          "sensitive_attributes": [],
          "identity_schema_version": 0,
          "private": "bnVsbA==",
          "dependencies": [
            "data.aws_iam_policy_document.agent_lambda_assume"
          ]
        }
      ]
    },
    {
      "mode": "managed",
      "type": "aws_iam_role",
      "name": "eventbridge_sfn",
      "provider": "provider[\"registry.terraform.io/hashicorp/aws\"]",
      "instances": [
        {
          "schema_version": 0,
          "attributes": {
            "arn": "arn:aws:iam::964989295765:role/triage-eventbridge-sfn",
            "assume_role_policy": "{\"Statement\":[{\"Action\":\"sts:AssumeRole\",\"Effect\":\"Allow\",\"Principal\":{\"Service\":\"events.amazonaws.com\"}}],\"Version\":\"2012-10-17\"}",
            "create_date": "2026-07-05T11:12:13Z",
            "description": "",
            "force_detach_policies": false,
            "id": "triage-eventbridge-sfn",
            "inline_policy": [
              {
                "name": "triage-eventbridge-sfn-start",
                "policy": "{\"Version\":\"2012-10-17\",\"Statement\":[{\"Action\":[\"states:StartExecution\"],\"Effect\":\"Allow\",\"Resource\":\"arn:aws:states:us-east-1:964989295765:stateMachine:triage-incident-response\"}]}"
              }
            ],
            "managed_policy_arns": [],
            "max_session_duration": 3600,
            "name": "triage-eventbridge-sfn",
            "name_prefix": "",
            "path": "/",
            "permissions_boundary": "",
            "tags": {},
            "tags_all": {},
            "unique_id": "AROA6BLOYDSK7FBMMAV4Z"
          },
          "sensitive_attributes": [],
          "identity_schema_version": 0,
          "private": "bnVsbA==",
          "dependencies": [
            "data.aws_iam_policy_document.eventbridge_assume"
          ]
        }
      ]
    },
    {
      "mode": "managed",
      "type": "aws_iam_role",
      "name": "evidence",
      "provider": "provider[\"registry.terraform.io/hashicorp/aws\"]",
      "instances": [
        {
          "schema_version": 0,
          "attributes": {
            "arn": "arn:aws:iam::964989295765:role/triage-fn-evidence",
            "assume_role_policy": "{\"Statement\":[{\"Action\":\"sts:AssumeRole\",\"Effect\":\"Allow\",\"Principal\":{\"Service\":\"lambda.amazonaws.com\"}}],\"Version\":\"2012-10-17\"}",
            "create_date": "2026-07-05T11:12:13Z",
            "description": "",
            "force_detach_policies": false,
            "id": "triage-fn-evidence",
            "inline_policy": [
              {
                "name": "triage-fn-evidence-permissions",
                "policy": "{\"Version\":\"2012-10-17\",\"Statement\":[{\"Action\":[\"logs:StartQuery\",\"logs:GetQueryResults\"],\"Effect\":\"Allow\",\"Resource\":\"*\"},{\"Action\":[\"cloudwatch:GetMetricStatistics\"],\"Effect\":\"Allow\",\"Resource\":\"*\"},{\"Action\":[\"ecs:DescribeServices\"],\"Effect\":\"Allow\",\"Resource\":\"arn:aws:ecs:us-east-1:964989295765:service/triage-cluster/payflow\"}]}"
              }
            ],
            "managed_policy_arns": [
              "arn:aws:iam::aws:policy/service-role/AWSLambdaBasicExecutionRole"
            ],
            "max_session_duration": 3600,
            "name": "triage-fn-evidence",
            "name_prefix": "",
            "path": "/",
            "permissions_boundary": "",
            "tags": {},
            "tags_all": {},
            "unique_id": "AROA6BLOYDSKTTIB2LWKR"
          },
          "sensitive_attributes": [],
          "identity_schema_version": 0,
          "private": "bnVsbA==",
          "dependencies": [
            "data.aws_iam_policy_document.agent_lambda_assume"
          ]
        }
      ]
    },
    {
      "mode": "managed",
      "type": "aws_iam_role",
      "name": "github_actions",
      "provider": "provider[\"registry.terraform.io/hashicorp/aws\"]",
      "instances": [
        {
          "schema_version": 0,
          "attributes": {
            "arn": "arn:aws:iam::964989295765:role/triage-github-actions",
            "assume_role_policy": "{\"Statement\":[{\"Action\":\"sts:AssumeRoleWithWebIdentity\",\"Condition\":{\"StringEquals\":{\"token.actions.githubusercontent.com:aud\":\"sts.amazonaws.com\"},\"StringLike\":{\"token.actions.githubusercontent.com:sub\":\"repo:VijayPuttarevaiah/triage:ref:refs/heads/main\"}},\"Effect\":\"Allow\",\"Principal\":{\"Federated\":\"arn:aws:iam::964989295765:oidc-provider/token.actions.githubusercontent.com\"}}],\"Version\":\"2012-10-17\"}",
            "create_date": "2026-07-05T11:21:19Z",
            "description": "",
            "force_detach_policies": false,
            "id": "triage-github-actions",
            "inline_policy": [
              {
                "name": "triage-github-actions-iam",
                "policy": "{\"Version\":\"2012-10-17\",\"Statement\":[{\"Action\":[\"iam:TagRole\",\"iam:PutRolePolicy\",\"iam:PassRole\",\"iam:ListRolePolicies\",\"iam:ListAttachedRolePolicies\",\"iam:GetRolePolicy\",\"iam:GetRole\",\"iam:GetOpenIDConnectProvider\",\"iam:DetachRolePolicy\",\"iam:DeleteRolePolicy\",\"iam:DeleteRole\",\"iam:CreateRole\",\"iam:AttachRolePolicy\"],\"Effect\":\"Allow\",\"Resource\":\"*\"}]}"
              }
            ],
            "managed_policy_arns": [
              "arn:aws:iam::aws:policy/PowerUserAccess"
            ],
            "max_session_duration": 3600,
            "name": "triage-github-actions",
            "name_prefix": "",
            "path": "/",
            "permissions_boundary": "",
            "tags": {},
            "tags_all": {},
            "unique_id": "AROA6BLOYDSKZJFNHF4N5"
          },
          "sensitive_attributes": [],
          "identity_schema_version": 0,
          "private": "bnVsbA==",
          "dependencies": [
            "aws_iam_openid_connect_provider.github",
            "data.aws_iam_policy_document.github_actions_assume",
            "data.tls_certificate.github"
          ]
        }
      ]
    },
    {
      "mode": "managed",
      "type": "aws_iam_role",
      "name": "intake",
      "provider": "provider[\"registry.terraform.io/hashicorp/aws\"]",
      "instances": [
        {
          "schema_version": 0,
          "attributes": {
            "arn": "arn:aws:iam::964989295765:role/triage-fn-intake",
            "assume_role_policy": "{\"Statement\":[{\"Action\":\"sts:AssumeRole\",\"Effect\":\"Allow\",\"Principal\":{\"Service\":\"lambda.amazonaws.com\"}}],\"Version\":\"2012-10-17\"}",
            "create_date": "2026-07-05T11:12:13Z",
            "description": "",
            "force_detach_policies": false,
            "id": "triage-fn-intake",
            "inline_policy": [
              {
                "name": "triage-fn-intake-dynamodb",
                "policy": "{\"Version\":\"2012-10-17\",\"Statement\":[{\"Action\":[\"dynamodb:PutItem\",\"dynamodb:Query\"],\"Effect\":\"Allow\",\"Resource\":[\"arn:aws:dynamodb:us-east-1:964989295765:table/triage-incidents\",\"arn:aws:dynamodb:us-east-1:964989295765:table/triage-incidents/index/*\"]}]}"
              }
            ],
            "managed_policy_arns": [
              "arn:aws:iam::aws:policy/service-role/AWSLambdaBasicExecutionRole"
            ],
            "max_session_duration": 3600,
            "name": "triage-fn-intake",
            "name_prefix": "",
            "path": "/",
            "permissions_boundary": "",
            "tags": {},
            "tags_all": {},
            "unique_id": "AROA6BLOYDSKZTY44HND5"
          },
          "sensitive_attributes": [],
          "identity_schema_version": 0,
          "private": "bnVsbA==",
          "dependencies": [
            "data.aws_iam_policy_document.agent_lambda_assume"
          ]
        }
      ]
    },
    {
      "mode": "managed",
      "type": "aws_iam_role",
      "name": "payflow_execution",
      "provider": "provider[\"registry.terraform.io/hashicorp/aws\"]",
      "instances": [
        {
          "schema_version": 0,
          "attributes": {
            "arn": "arn:aws:iam::964989295765:role/triage-payflow-execution",
            "assume_role_policy": "{\"Statement\":[{\"Action\":\"sts:AssumeRole\",\"Effect\":\"Allow\",\"Principal\":{\"Service\":\"ecs-tasks.amazonaws.com\"}}],\"Version\":\"2012-10-17\"}",
            "create_date": "2026-07-05T10:45:43Z",
            "description": "",
            "force_detach_policies": false,
            "id": "triage-payflow-execution",
            "inline_policy": [],
            "managed_policy_arns": [
              "arn:aws:iam::aws:policy/service-role/AmazonECSTaskExecutionRolePolicy"
            ],
            "max_session_duration": 3600,
            "name": "triage-payflow-execution",
            "name_prefix": "",
            "path": "/",
            "permissions_boundary": "",
            "tags": {},
            "tags_all": {},
            "unique_id": "AROA6BLOYDSKUUB5L66US"
          },
          "sensitive_attributes": [],
          "identity_schema_version": 0,
          "private": "bnVsbA==",
          "dependencies": [
            "data.aws_iam_policy_document.ecs_assume"
          ]
        }
      ]
    },
    {
      "mode": "managed",
      "type": "aws_iam_role",
      "name": "payflow_task",
      "provider": "provider[\"registry.terraform.io/hashicorp/aws\"]",
      "instances": [
        {
          "schema_version": 0,
          "attributes": {
            "arn": "arn:aws:iam::964989295765:role/triage-payflow-task",
            "assume_role_policy": "{\"Statement\":[{\"Action\":\"sts:AssumeRole\",\"Effect\":\"Allow\",\"Principal\":{\"Service\":\"ecs-tasks.amazonaws.com\"}}],\"Version\":\"2012-10-17\"}",
            "create_date": "2026-07-05T10:45:43Z",
            "description": "",
            "force_detach_policies": false,
            "id": "triage-payflow-task",
            "inline_policy": [
              {
                "name": "triage-payflow-task-policy",
                "policy": "{\"Version\":\"2012-10-17\",\"Statement\":[{\"Action\":[\"dynamodb:PutItem\",\"dynamodb:GetItem\"],\"Effect\":\"Allow\",\"Resource\":\"arn:aws:dynamodb:us-east-1:964989295765:table/payflow-transactions\",\"Sid\":\"TransactionsTableOnly\"}]}"
              }
            ],
            "managed_policy_arns": [],
            "max_session_duration": 3600,
            "name": "triage-payflow-task",
            "name_prefix": "",
            "path": "/",
            "permissions_boundary": "",
            "tags": {},
            "tags_all": {},
            "unique_id": "AROA6BLOYDSK7XVAH3COV"
          },
          "sensitive_attributes": [],
          "identity_schema_version": 0,
          "private": "bnVsbA==",
          "dependencies": [
            "data.aws_iam_policy_document.ecs_assume"
          ]
        }
      ]
    },
    {
      "mode": "managed",
      "type": "aws_iam_role",
      "name": "policy_fn",
      "provider": "provider[\"registry.terraform.io/hashicorp/aws\"]",
      "instances": [
        {
          "schema_version": 0,
          "attributes": {
            "arn": "arn:aws:iam::964989295765:role/triage-fn-policy",
            "assume_role_policy": "{\"Statement\":[{\"Action\":\"sts:AssumeRole\",\"Effect\":\"Allow\",\"Principal\":{\"Service\":\"lambda.amazonaws.com\"}}],\"Version\":\"2012-10-17\"}",
            "create_date": "2026-07-05T11:12:13Z",
            "description": "",
            "force_detach_policies": false,
            "id": "triage-fn-policy",
            "inline_policy": [
              {
                "name": "triage-fn-policy-dynamodb",
                "policy": "{\"Version\":\"2012-10-17\",\"Statement\":[{\"Action\":[\"dynamodb:GetItem\",\"dynamodb:Scan\"],\"Effect\":\"Allow\",\"Resource\":[\"arn:aws:dynamodb:us-east-1:964989295765:table/triage-policies\",\"arn:aws:dynamodb:us-east-1:964989295765:table/triage-incidents\"]}]}"
              }
            ],
            "managed_policy_arns": [
              "arn:aws:iam::aws:policy/service-role/AWSLambdaBasicExecutionRole"
            ],
            "max_session_duration": 3600,
            "name": "triage-fn-policy",
            "name_prefix": "",
            "path": "/",
            "permissions_boundary": "",
            "tags": {},
            "tags_all": {},
            "unique_id": "AROA6BLOYDSK62OVAASKK"
          },
          "sensitive_attributes": [],
          "identity_schema_version": 0,
          "private": "bnVsbA==",
          "dependencies": [
            "data.aws_iam_policy_document.agent_lambda_assume"
          ]
        }
      ]
    },
    {
      "mode": "managed",
      "type": "aws_iam_role",
      "name": "postmortem",
      "provider": "provider[\"registry.terraform.io/hashicorp/aws\"]",
      "instances": [
        {
          "schema_version": 0,
          "attributes": {
            "arn": "arn:aws:iam::964989295765:role/triage-fn-postmortem",
            "assume_role_policy": "{\"Statement\":[{\"Action\":\"sts:AssumeRole\",\"Effect\":\"Allow\",\"Principal\":{\"Service\":\"lambda.amazonaws.com\"}}],\"Version\":\"2012-10-17\"}",
            "create_date": "2026-07-05T11:12:13Z",
            "description": "",
            "force_detach_policies": false,
            "id": "triage-fn-postmortem",
            "inline_policy": [
              {
                "name": "triage-fn-postmortem-permissions",
                "policy": "{\"Version\":\"2012-10-17\",\"Statement\":[{\"Action\":[\"bedrock:InvokeModel\",\"bedrock:Converse\"],\"Effect\":\"Allow\",\"Resource\":\"arn:aws:bedrock:us-east-1::foundation-model/*\"},{\"Action\":[\"s3:PutObject\"],\"Effect\":\"Allow\",\"Resource\":\"arn:aws:s3:::triage-postmortems-964989295765/*\"},{\"Action\":[\"dynamodb:GetItem\",\"dynamodb:UpdateItem\"],\"Effect\":\"Allow\",\"Resource\":\"arn:aws:dynamodb:us-east-1:964989295765:table/triage-incidents\"}]}"
              }
            ],
            "managed_policy_arns": [
              "arn:aws:iam::aws:policy/service-role/AWSLambdaBasicExecutionRole"
            ],
            "max_session_duration": 3600,
            "name": "triage-fn-postmortem",
            "name_prefix": "",
            "path": "/",
            "permissions_boundary": "",
            "tags": {},
            "tags_all": {},
            "unique_id": "AROA6BLOYDSKYZGS44LBK"
          },
          "sensitive_attributes": [],
          "identity_schema_version": 0,
          "private": "bnVsbA==",
          "dependencies": [
            "data.aws_iam_policy_document.agent_lambda_assume"
          ]
        }
      ]
    },
    {
      "mode": "managed",
      "type": "aws_iam_role",
      "name": "remediate",
      "provider": "provider[\"registry.terraform.io/hashicorp/aws\"]",
      "instances": [
        {
          "schema_version": 0,
          "attributes": {
            "arn": "arn:aws:iam::964989295765:role/triage-fn-remediate",
            "assume_role_policy": "{\"Statement\":[{\"Action\":\"sts:AssumeRole\",\"Effect\":\"Allow\",\"Principal\":{\"Service\":\"lambda.amazonaws.com\"}}],\"Version\":\"2012-10-17\"}",
            "create_date": "2026-07-05T11:12:13Z",
            "description": "",
            "force_detach_policies": false,
            "id": "triage-fn-remediate",
            "inline_policy": [
              {
                "name": "triage-fn-remediate-permissions",
                "policy": "{\"Version\":\"2012-10-17\",\"Statement\":[{\"Action\":[\"dynamodb:UpdateItem\"],\"Effect\":\"Allow\",\"Resource\":\"arn:aws:dynamodb:us-east-1:964989295765:table/triage-incidents\"},{\"Action\":[\"ecs:UpdateService\",\"ecs:DescribeServices\"],\"Effect\":\"Allow\",\"Resource\":\"arn:aws:ecs:us-east-1:964989295765:service/triage-cluster/payflow\"}]}"
              }
            ],
            "managed_policy_arns": [
              "arn:aws:iam::aws:policy/service-role/AWSLambdaBasicExecutionRole"
            ],
            "max_session_duration": 3600,
            "name": "triage-fn-remediate",
            "name_prefix": "",
            "path": "/",
            "permissions_boundary": "",
            "tags": {},
            "tags_all": {},
            "unique_id": "AROA6BLOYDSK6E3WH5SNQ"
          },
          "sensitive_attributes": [],
          "identity_schema_version": 0,
          "private": "bnVsbA==",
          "dependencies": [
            "data.aws_iam_policy_document.agent_lambda_assume"
          ]
        }
      ]
    },
    {
      "mode": "managed",
      "type": "aws_iam_role",
      "name": "scheduler_invoke",
      "provider": "provider[\"registry.terraform.io/hashicorp/aws\"]",
      "instances": [
        {
          "schema_version": 0,
          "attributes": {
            "arn": "arn:aws:iam::964989295765:role/triage-scheduler-invoke",
            "assume_role_policy": "{\"Statement\":[{\"Action\":\"sts:AssumeRole\",\"Effect\":\"Allow\",\"Principal\":{\"Service\":\"scheduler.amazonaws.com\"}}],\"Version\":\"2012-10-17\"}",
            "create_date": "2026-07-05T11:03:46Z",
            "description": "",
            "force_detach_policies": false,
            "id": "triage-scheduler-invoke",
            "inline_policy": [
              {
                "name": "triage-scheduler-invoke-lambda",
                "policy": "{\"Version\":\"2012-10-17\",\"Statement\":[{\"Action\":\"lambda:InvokeFunction\",\"Effect\":\"Allow\",\"Resource\":\"arn:aws:lambda:us-east-1:964989295765:function:triage-trafficgen\"}]}"
              }
            ],
            "managed_policy_arns": [],
            "max_session_duration": 3600,
            "name": "triage-scheduler-invoke",
            "name_prefix": "",
            "path": "/",
            "permissions_boundary": "",
            "tags": {},
            "tags_all": {},
            "unique_id": "AROA6BLOYDSKX4D5OGBAW"
          },
          "sensitive_attributes": [],
          "identity_schema_version": 0,
          "private": "bnVsbA==",
          "dependencies": [
            "data.aws_iam_policy_document.scheduler_assume"
          ]
        }
      ]
    },
    {
      "mode": "managed",
      "type": "aws_iam_role",
      "name": "state_machine",
      "provider": "provider[\"registry.terraform.io/hashicorp/aws\"]",
      "instances": [
        {
          "schema_version": 0,
          "attributes": {
            "arn": "arn:aws:iam::964989295765:role/triage-state-machine",
            "assume_role_policy": "{\"Statement\":[{\"Action\":\"sts:AssumeRole\",\"Effect\":\"Allow\",\"Principal\":{\"Service\":\"states.amazonaws.com\"}}],\"Version\":\"2012-10-17\"}",
            "create_date": "2026-07-05T11:12:13Z",
            "description": "",
            "force_detach_policies": false,
            "id": "triage-state-machine",
            "inline_policy": [
              {
                "name": "triage-state-machine-permissions",
                "policy": "{\"Version\":\"2012-10-17\",\"Statement\":[{\"Action\":[\"lambda:InvokeFunction\"],\"Effect\":\"Allow\",\"Resource\":[\"arn:aws:lambda:us-east-1:964989295765:function:triage-intake\",\"arn:aws:lambda:us-east-1:964989295765:function:triage-evidence\",\"arn:aws:lambda:us-east-1:964989295765:function:triage-diagnose\",\"arn:aws:lambda:us-east-1:964989295765:function:triage-policy\",\"arn:aws:lambda:us-east-1:964989295765:function:triage-remediate\",\"arn:aws:lambda:us-east-1:964989295765:function:triage-verify\",\"arn:aws:lambda:us-east-1:964989295765:function:triage-postmortem\"]},{\"Action\":[\"sns:Publish\"],\"Effect\":\"Allow\",\"Resource\":\"arn:aws:sns:us-east-1:964989295765:triage-incidents\"},{\"Action\":[\"sqs:SendMessage\"],\"Effect\":\"Allow\",\"Resource\":\"arn:aws:sqs:us-east-1:964989295765:triage-dlq\"},{\"Action\":[\"dynamodb:UpdateItem\"],\"Effect\":\"Allow\",\"Resource\":\"arn:aws:dynamodb:us-east-1:964989295765:table/triage-incidents\"}]}"
              }
            ],
            "managed_policy_arns": [],
            "max_session_duration": 3600,
            "name": "triage-state-machine",
            "name_prefix": "",
            "path": "/",
            "permissions_boundary": "",
            "tags": {},
            "tags_all": {},
            "unique_id": "AROA6BLOYDSKWISWT5OEA"
          },
          "sensitive_attributes": [],
          "identity_schema_version": 0,
          "private": "bnVsbA==",
          "dependencies": [
            "data.aws_iam_policy_document.sfn_assume"
          ]
        }
      ]
    },
    {
      "mode": "managed",
      "type": "aws_iam_role",
      "name": "trafficgen",
      "provider": "provider[\"registry.terraform.io/hashicorp/aws\"]",
      "instances": [
        {
          "schema_version": 0,
          "attributes": {
            "arn": "arn:aws:iam::964989295765:role/triage-trafficgen",
            "assume_role_policy": "{\"Statement\":[{\"Action\":\"sts:AssumeRole\",\"Effect\":\"Allow\",\"Principal\":{\"Service\":\"lambda.amazonaws.com\"}}],\"Version\":\"2012-10-17\"}",
            "create_date": "2026-07-05T11:03:46Z",
            "description": "",
            "force_detach_policies": false,
            "id": "triage-trafficgen",
            "inline_policy": [],
            "managed_policy_arns": [
              "arn:aws:iam::aws:policy/service-role/AWSLambdaBasicExecutionRole"
            ],
            "max_session_duration": 3600,
            "name": "triage-trafficgen",
            "name_prefix": "",
            "path": "/",
            "permissions_boundary": "",
            "tags": {},
            "tags_all": {},
            "unique_id": "AROA6BLOYDSKVPQPGFVQ7"
          },
          "sensitive_attributes": [],
          "identity_schema_version": 0,
          "private": "bnVsbA==",
          "dependencies": [
            "data.aws_iam_policy_document.lambda_assume"
          ]
        }
      ]
    },
    {
      "mode": "managed",
      "type": "aws_iam_role",
      "name": "verify",
      "provider": "provider[\"registry.terraform.io/hashicorp/aws\"]",
      "instances": [
        {
          "schema_version": 0,
          "attributes": {
            "arn": "arn:aws:iam::964989295765:role/triage-fn-verify",
            "assume_role_policy": "{\"Statement\":[{\"Action\":\"sts:AssumeRole\",\"Effect\":\"Allow\",\"Principal\":{\"Service\":\"lambda.amazonaws.com\"}}],\"Version\":\"2012-10-17\"}",
            "create_date": "2026-07-05T11:12:13Z",
            "description": "",
            "force_detach_policies": false,
            "id": "triage-fn-verify",
            "inline_policy": [
              {
                "name": "triage-fn-verify-cloudwatch",
                "policy": "{\"Version\":\"2012-10-17\",\"Statement\":[{\"Action\":[\"cloudwatch:DescribeAlarms\"],\"Effect\":\"Allow\",\"Resource\":\"*\"}]}"
              }
            ],
            "managed_policy_arns": [
              "arn:aws:iam::aws:policy/service-role/AWSLambdaBasicExecutionRole"
            ],
            "max_session_duration": 3600,
            "name": "triage-fn-verify",
            "name_prefix": "",
            "path": "/",
            "permissions_boundary": "",
            "tags": {},
            "tags_all": {},
            "unique_id": "AROA6BLOYDSKXNLKMADAK"
          },
          "sensitive_attributes": [],
          "identity_schema_version": 0,
          "private": "bnVsbA==",
          "dependencies": [
            "data.aws_iam_policy_document.agent_lambda_assume"
          ]
        }
      ]
    },
    {
      "mode": "managed",
      "type": "aws_iam_role_policy",
      "name": "approval_sfn",
      "provider": "provider[\"registry.terraform.io/hashicorp/aws\"]",
      "instances": [
        {
          "schema_version": 0,
          "attributes": {
            "id": "triage-fn-approval:triage-fn-approval-sfn",
            "name": "triage-fn-approval-sfn",
            "name_prefix": "",
            "policy": "{\"Version\":\"2012-10-17\",\"Statement\":[{\"Action\":[\"states:SendTaskSuccess\",\"states:SendTaskFailure\"],\"Effect\":\"Allow\",\"Resource\":\"*\"}]}",
            "role": "triage-fn-approval"
          },
          "sensitive_attributes": [],
          "identity_schema_version": 0,
          "private": "bnVsbA==",
          "dependencies": [
            "aws_iam_role.approval",
            "data.aws_iam_policy_document.agent_lambda_assume"
          ]
        }
      ]
    },
    {
      "mode": "managed",
      "type": "aws_iam_role_policy",
      "name": "diagnose_bedrock",
      "provider": "provider[\"registry.terraform.io/hashicorp/aws\"]",
      "instances": [
        {
          "schema_version": 0,
          "attributes": {
            "id": "triage-fn-diagnose:triage-fn-diagnose-bedrock",
            "name": "triage-fn-diagnose-bedrock",
            "name_prefix": "",
            "policy": "{\"Version\":\"2012-10-17\",\"Statement\":[{\"Action\":[\"bedrock:InvokeModel\",\"bedrock:Converse\"],\"Effect\":\"Allow\",\"Resource\":\"arn:aws:bedrock:us-east-1::foundation-model/*\"}]}",
            "role": "triage-fn-diagnose"
          },
          "sensitive_attributes": [],
          "identity_schema_version": 0,
          "private": "bnVsbA==",
          "dependencies": [
            "aws_iam_role.diagnose",
            "data.aws_iam_policy_document.agent_lambda_assume"
          ]
        }
      ]
    },
    {
      "mode": "managed",
      "type": "aws_iam_role_policy",
      "name": "eventbridge_sfn_start",
      "provider": "provider[\"registry.terraform.io/hashicorp/aws\"]",
      "instances": [
        {
          "schema_version": 0,
          "attributes": {
            "id": "triage-eventbridge-sfn:triage-eventbridge-sfn-start",
            "name": "triage-eventbridge-sfn-start",
            "name_prefix": "",
            "policy": "{\"Version\":\"2012-10-17\",\"Statement\":[{\"Action\":[\"states:StartExecution\"],\"Effect\":\"Allow\",\"Resource\":\"arn:aws:states:us-east-1:964989295765:stateMachine:triage-incident-response\"}]}",
            "role": "triage-eventbridge-sfn"
          },
          "sensitive_attributes": [],
          "identity_schema_version": 0,
          "private": "bnVsbA==",
          "dependencies": [
            "aws_apigatewayv2_api.approval",
            "aws_cloudwatch_log_group.payflow",
            "aws_dynamodb_table.payflow_transactions",
            "aws_dynamodb_table.triage_incidents",
            "aws_dynamodb_table.triage_policies",
            "aws_ecr_repository.payflow",
            "aws_ecs_cluster.this",
            "aws_ecs_service.payflow",
            "aws_ecs_task_definition.payflow",
            "aws_iam_role.diagnose",
            "aws_iam_role.eventbridge_sfn",
            "aws_iam_role.evidence",
            "aws_iam_role.intake",
            "aws_iam_role.payflow_execution",
            "aws_iam_role.payflow_task",
            "aws_iam_role.policy_fn",
            "aws_iam_role.postmortem",
            "aws_iam_role.remediate",
            "aws_iam_role.state_machine",
            "aws_iam_role.verify",
            "aws_lambda_function.diagnose",
            "aws_lambda_function.evidence",
            "aws_lambda_function.intake",
            "aws_lambda_function.policy",
            "aws_lambda_function.postmortem",
            "aws_lambda_function.remediate",
            "aws_lambda_function.verify",
            "aws_lb.payflow",
            "aws_lb_listener.payflow_http",
            "aws_lb_target_group.payflow",
            "aws_s3_bucket.postmortems",
            "aws_security_group.alb",
            "aws_security_group.fargate",
            "aws_sfn_state_machine.triage",
            "aws_sns_topic.incidents",
            "aws_sqs_queue.dlq",
            "data.archive_file.diagnose",
            "data.archive_file.evidence",
            "data.archive_file.intake",
            "data.archive_file.policy",
            "data.archive_file.postmortem",
            "data.archive_file.remediate",
            "data.archive_file.verify",
            "data.aws_caller_identity.current",
            "data.aws_iam_policy_document.agent_lambda_assume",
            "data.aws_iam_policy_document.ecs_assume",
            "data.aws_iam_policy_document.eventbridge_assume",
            "data.aws_iam_policy_document.sfn_assume",
            "data.aws_subnets.default",
            "data.aws_vpc.default"
          ]
        }
      ]
    },
    {
      "mode": "managed",
      "type": "aws_iam_role_policy",
      "name": "evidence_permissions",
      "provider": "provider[\"registry.terraform.io/hashicorp/aws\"]",
      "instances": [
        {
          "schema_version": 0,
          "attributes": {
            "id": "triage-fn-evidence:triage-fn-evidence-permissions",
            "name": "triage-fn-evidence-permissions",
            "name_prefix": "",
            "policy": "{\"Version\":\"2012-10-17\",\"Statement\":[{\"Action\":[\"logs:StartQuery\",\"logs:GetQueryResults\"],\"Effect\":\"Allow\",\"Resource\":\"*\"},{\"Action\":[\"cloudwatch:GetMetricStatistics\"],\"Effect\":\"Allow\",\"Resource\":\"*\"},{\"Action\":[\"ecs:DescribeServices\"],\"Effect\":\"Allow\",\"Resource\":\"arn:aws:ecs:us-east-1:964989295765:service/triage-cluster/payflow\"}]}",
            "role": "triage-fn-evidence"
          },
          "sensitive_attributes": [],
          "identity_schema_version": 0,
          "private": "bnVsbA==",
          "dependencies": [
            "aws_cloudwatch_log_group.payflow",
            "aws_dynamodb_table.payflow_transactions",
            "aws_ecr_repository.payflow",
            "aws_ecs_cluster.this",
            "aws_ecs_service.payflow",
            "aws_ecs_task_definition.payflow",
            "aws_iam_role.evidence",
            "aws_iam_role.payflow_execution",
            "aws_iam_role.payflow_task",
            "aws_lb.payflow",
            "aws_lb_listener.payflow_http",
            "aws_lb_target_group.payflow",
            "aws_security_group.alb",
            "aws_security_group.fargate",
            "data.aws_iam_policy_document.agent_lambda_assume",
            "data.aws_iam_policy_document.ecs_assume",
            "data.aws_subnets.default",
            "data.aws_vpc.default"
          ]
        }
      ]
    },
    {
      "mode": "managed",
      "type": "aws_iam_role_policy",
      "name": "github_actions_iam",
      "provider": "provider[\"registry.terraform.io/hashicorp/aws\"]",
      "instances": [
        {
          "schema_version": 0,
          "attributes": {
            "id": "triage-github-actions:triage-github-actions-iam",
            "name": "triage-github-actions-iam",
            "name_prefix": "",
            "policy": "{\"Version\":\"2012-10-17\",\"Statement\":[{\"Action\":[\"iam:TagRole\",\"iam:PutRolePolicy\",\"iam:PassRole\",\"iam:ListRolePolicies\",\"iam:ListAttachedRolePolicies\",\"iam:GetRolePolicy\",\"iam:GetRole\",\"iam:GetOpenIDConnectProvider\",\"iam:DetachRolePolicy\",\"iam:DeleteRolePolicy\",\"iam:DeleteRole\",\"iam:CreateRole\",\"iam:AttachRolePolicy\"],\"Effect\":\"Allow\",\"Resource\":\"*\"}]}",
            "role": "triage-github-actions"
          },
          "sensitive_attributes": [],
          "identity_schema_version": 0,
          "private": "bnVsbA==",
          "dependencies": [
            "aws_iam_openid_connect_provider.github",
            "aws_iam_role.github_actions",
            "data.aws_iam_policy_document.github_actions_assume",
            "data.aws_iam_policy_document.github_actions_iam",
            "data.tls_certificate.github"
          ]
        }
      ]
    },
    {
      "mode": "managed",
      "type": "aws_iam_role_policy",
      "name": "intake_dynamodb",
      "provider": "provider[\"registry.terraform.io/hashicorp/aws\"]",
      "instances": [
        {
          "schema_version": 0,
          "attributes": {
            "id": "triage-fn-intake:triage-fn-intake-dynamodb",
            "name": "triage-fn-intake-dynamodb",
            "name_prefix": "",
            "policy": "{\"Version\":\"2012-10-17\",\"Statement\":[{\"Action\":[\"dynamodb:PutItem\",\"dynamodb:Query\"],\"Effect\":\"Allow\",\"Resource\":[\"arn:aws:dynamodb:us-east-1:964989295765:table/triage-incidents\",\"arn:aws:dynamodb:us-east-1:964989295765:table/triage-incidents/index/*\"]}]}",
            "role": "triage-fn-intake"
          },
          "sensitive_attributes": [],
          "identity_schema_version": 0,
          "private": "bnVsbA==",
          "dependencies": [
            "aws_dynamodb_table.triage_incidents",
            "aws_iam_role.intake",
            "data.aws_iam_policy_document.agent_lambda_assume"
          ]
        }
      ]
    },
    {
      "mode": "managed",
      "type": "aws_iam_role_policy",
      "name": "payflow_task_policy",
      "provider": "provider[\"registry.terraform.io/hashicorp/aws\"]",
      "instances": [
        {
          "schema_version": 0,
          "attributes": {
            "id": "triage-payflow-task:triage-payflow-task-policy",
            "name": "triage-payflow-task-policy",
            "name_prefix": "",
            "policy": "{\"Version\":\"2012-10-17\",\"Statement\":[{\"Action\":[\"dynamodb:PutItem\",\"dynamodb:GetItem\"],\"Effect\":\"Allow\",\"Resource\":\"arn:aws:dynamodb:us-east-1:964989295765:table/payflow-transactions\",\"Sid\":\"TransactionsTableOnly\"}]}",
            "role": "triage-payflow-task"
          },
          "sensitive_attributes": [],
          "identity_schema_version": 0,
          "private": "bnVsbA==",
          "dependencies": [
            "aws_dynamodb_table.payflow_transactions",
            "aws_iam_role.payflow_task",
            "data.aws_iam_policy_document.ecs_assume",
            "data.aws_iam_policy_document.payflow_task_policy"
          ]
        }
      ]
    },
    {
      "mode": "managed",
      "type": "aws_iam_role_policy",
      "name": "policy_fn_dynamodb",
      "provider": "provider[\"registry.terraform.io/hashicorp/aws\"]",
      "instances": [
        {
          "schema_version": 0,
          "attributes": {
            "id": "triage-fn-policy:triage-fn-policy-dynamodb",
            "name": "triage-fn-policy-dynamodb",
            "name_prefix": "",
            "policy": "{\"Version\":\"2012-10-17\",\"Statement\":[{\"Action\":[\"dynamodb:GetItem\",\"dynamodb:Scan\"],\"Effect\":\"Allow\",\"Resource\":[\"arn:aws:dynamodb:us-east-1:964989295765:table/triage-policies\",\"arn:aws:dynamodb:us-east-1:964989295765:table/triage-incidents\"]}]}",
            "role": "triage-fn-policy"
          },
          "sensitive_attributes": [],
          "identity_schema_version": 0,
          "private": "bnVsbA==",
          "dependencies": [
            "aws_dynamodb_table.triage_incidents",
            "aws_dynamodb_table.triage_policies",
            "aws_iam_role.policy_fn",
            "data.aws_iam_policy_document.agent_lambda_assume"
          ]
        }
      ]
    },
    {
      "mode": "managed",
      "type": "aws_iam_role_policy",
      "name": "postmortem_permissions",
      "provider": "provider[\"registry.terraform.io/hashicorp/aws\"]",
      "instances": [
        {
          "schema_version": 0,
          "attributes": {
            "id": "triage-fn-postmortem:triage-fn-postmortem-permissions",
            "name": "triage-fn-postmortem-permissions",
            "name_prefix": "",
            "policy": "{\"Version\":\"2012-10-17\",\"Statement\":[{\"Action\":[\"bedrock:InvokeModel\",\"bedrock:Converse\"],\"Effect\":\"Allow\",\"Resource\":\"arn:aws:bedrock:us-east-1::foundation-model/*\"},{\"Action\":[\"s3:PutObject\"],\"Effect\":\"Allow\",\"Resource\":\"arn:aws:s3:::triage-postmortems-964989295765/*\"},{\"Action\":[\"dynamodb:GetItem\",\"dynamodb:UpdateItem\"],\"Effect\":\"Allow\",\"Resource\":\"arn:aws:dynamodb:us-east-1:964989295765:table/triage-incidents\"}]}",
            "role": "triage-fn-postmortem"
          },
          "sensitive_attributes": [],
          "identity_schema_version": 0,
          "private": "bnVsbA==",
          "dependencies": [
            "aws_dynamodb_table.triage_incidents",
            "aws_iam_role.postmortem",
            "aws_s3_bucket.postmortems",
            "data.aws_caller_identity.current",
            "data.aws_iam_policy_document.agent_lambda_assume"
          ]
        }
      ]
    },
    {
      "mode": "managed",
      "type": "aws_iam_role_policy",
      "name": "remediate_permissions",
      "provider": "provider[\"registry.terraform.io/hashicorp/aws\"]",
      "instances": [
        {
          "schema_version": 0,
          "attributes": {
            "id": "triage-fn-remediate:triage-fn-remediate-permissions",
            "name": "triage-fn-remediate-permissions",
            "name_prefix": "",
            "policy": "{\"Version\":\"2012-10-17\",\"Statement\":[{\"Action\":[\"dynamodb:UpdateItem\"],\"Effect\":\"Allow\",\"Resource\":\"arn:aws:dynamodb:us-east-1:964989295765:table/triage-incidents\"},{\"Action\":[\"ecs:UpdateService\",\"ecs:DescribeServices\"],\"Effect\":\"Allow\",\"Resource\":\"arn:aws:ecs:us-east-1:964989295765:service/triage-cluster/payflow\"}]}",
            "role": "triage-fn-remediate"
          },
          "sensitive_attributes": [],
          "identity_schema_version": 0,
          "private": "bnVsbA==",
          "dependencies": [
            "aws_cloudwatch_log_group.payflow",
            "aws_dynamodb_table.payflow_transactions",
            "aws_dynamodb_table.triage_incidents",
            "aws_ecr_repository.payflow",
            "aws_ecs_cluster.this",
            "aws_ecs_service.payflow",
            "aws_ecs_task_definition.payflow",
            "aws_iam_role.payflow_execution",
            "aws_iam_role.payflow_task",
            "aws_iam_role.remediate",
            "aws_lb.payflow",
            "aws_lb_listener.payflow_http",
            "aws_lb_target_group.payflow",
            "aws_security_group.alb",
            "aws_security_group.fargate",
            "data.aws_iam_policy_document.agent_lambda_assume",
            "data.aws_iam_policy_document.ecs_assume",
            "data.aws_subnets.default",
            "data.aws_vpc.default"
          ]
        }
      ]
    },
    {
      "mode": "managed",
      "type": "aws_iam_role_policy",
      "name": "scheduler_invoke_lambda",
      "provider": "provider[\"registry.terraform.io/hashicorp/aws\"]",
      "instances": [
        {
          "schema_version": 0,
          "attributes": {
            "id": "triage-scheduler-invoke:triage-scheduler-invoke-lambda",
            "name": "triage-scheduler-invoke-lambda",
            "name_prefix": "",
            "policy": "{\"Version\":\"2012-10-17\",\"Statement\":[{\"Action\":\"lambda:InvokeFunction\",\"Effect\":\"Allow\",\"Resource\":\"arn:aws:lambda:us-east-1:964989295765:function:triage-trafficgen\"}]}",
            "role": "triage-scheduler-invoke"
          },
          "sensitive_attributes": [],
          "identity_schema_version": 0,
          "private": "bnVsbA==",
          "dependencies": [
            "aws_iam_role.scheduler_invoke",
            "aws_iam_role.trafficgen",
            "aws_lambda_function.trafficgen",
            "aws_lb.payflow",
            "aws_security_group.alb",
            "data.archive_file.trafficgen",
            "data.aws_iam_policy_document.lambda_assume",
            "data.aws_iam_policy_document.scheduler_assume",
            "data.aws_subnets.default",
            "data.aws_vpc.default"
          ]
        }
      ]
    },
    {
      "mode": "managed",
      "type": "aws_iam_role_policy",
      "name": "state_machine_permissions",
      "provider": "provider[\"registry.terraform.io/hashicorp/aws\"]",
      "instances": [
        {
          "schema_version": 0,
          "attributes": {
            "id": "triage-state-machine:triage-state-machine-permissions",
            "name": "triage-state-machine-permissions",
            "name_prefix": "",
            "policy": "{\"Version\":\"2012-10-17\",\"Statement\":[{\"Action\":[\"lambda:InvokeFunction\"],\"Effect\":\"Allow\",\"Resource\":[\"arn:aws:lambda:us-east-1:964989295765:function:triage-intake\",\"arn:aws:lambda:us-east-1:964989295765:function:triage-evidence\",\"arn:aws:lambda:us-east-1:964989295765:function:triage-diagnose\",\"arn:aws:lambda:us-east-1:964989295765:function:triage-policy\",\"arn:aws:lambda:us-east-1:964989295765:function:triage-remediate\",\"arn:aws:lambda:us-east-1:964989295765:function:triage-verify\",\"arn:aws:lambda:us-east-1:964989295765:function:triage-postmortem\"]},{\"Action\":[\"sns:Publish\"],\"Effect\":\"Allow\",\"Resource\":\"arn:aws:sns:us-east-1:964989295765:triage-incidents\"},{\"Action\":[\"sqs:SendMessage\"],\"Effect\":\"Allow\",\"Resource\":\"arn:aws:sqs:us-east-1:964989295765:triage-dlq\"},{\"Action\":[\"dynamodb:UpdateItem\"],\"Effect\":\"Allow\",\"Resource\":\"arn:aws:dynamodb:us-east-1:964989295765:table/triage-incidents\"}]}",
            "role": "triage-state-machine"
          },
          "sensitive_attributes": [],
          "identity_schema_version": 0,
          "private": "bnVsbA==",
          "dependencies": [
            "aws_cloudwatch_log_group.payflow",
            "aws_dynamodb_table.payflow_transactions",
            "aws_dynamodb_table.triage_incidents",
            "aws_dynamodb_table.triage_policies",
            "aws_ecr_repository.payflow",
            "aws_ecs_cluster.this",
            "aws_ecs_service.payflow",
            "aws_ecs_task_definition.payflow",
            "aws_iam_role.diagnose",
            "aws_iam_role.evidence",
            "aws_iam_role.intake",
            "aws_iam_role.payflow_execution",
            "aws_iam_role.payflow_task",
            "aws_iam_role.policy_fn",
            "aws_iam_role.postmortem",
            "aws_iam_role.remediate",
            "aws_iam_role.state_machine",
            "aws_iam_role.verify",
            "aws_lambda_function.diagnose",
            "aws_lambda_function.evidence",
            "aws_lambda_function.intake",
            "aws_lambda_function.policy",
            "aws_lambda_function.postmortem",
            "aws_lambda_function.remediate",
            "aws_lambda_function.verify",
            "aws_lb.payflow",
            "aws_lb_listener.payflow_http",
            "aws_lb_target_group.payflow",
            "aws_s3_bucket.postmortems",
            "aws_security_group.alb",
            "aws_security_group.fargate",
            "aws_sns_topic.incidents",
            "aws_sqs_queue.dlq",
            "data.archive_file.diagnose",
            "data.archive_file.evidence",
            "data.archive_file.intake",
            "data.archive_file.policy",
            "data.archive_file.postmortem",
            "data.archive_file.remediate",
            "data.archive_file.verify",
            "data.aws_caller_identity.current",
            "data.aws_iam_policy_document.agent_lambda_assume",
            "data.aws_iam_policy_document.ecs_assume",
            "data.aws_iam_policy_document.sfn_assume",
            "data.aws_subnets.default",
            "data.aws_vpc.default"
          ]
        }
      ]
    },
    {
      "mode": "managed",
      "type": "aws_iam_role_policy",
      "name": "verify_cloudwatch",
      "provider": "provider[\"registry.terraform.io/hashicorp/aws\"]",
      "instances": [
        {
          "schema_version": 0,
          "attributes": {
            "id": "triage-fn-verify:triage-fn-verify-cloudwatch",
            "name": "triage-fn-verify-cloudwatch",
            "name_prefix": "",
            "policy": "{\"Version\":\"2012-10-17\",\"Statement\":[{\"Action\":[\"cloudwatch:DescribeAlarms\"],\"Effect\":\"Allow\",\"Resource\":\"*\"}]}",
            "role": "triage-fn-verify"
          },
          "sensitive_attributes": [],
          "identity_schema_version": 0,
          "private": "bnVsbA==",
          "dependencies": [
            "aws_iam_role.verify",
            "data.aws_iam_policy_document.agent_lambda_assume"
          ]
        }
      ]
    },
    {
      "mode": "managed",
      "type": "aws_iam_role_policy_attachment",
      "name": "approval_logs",
      "provider": "provider[\"registry.terraform.io/hashicorp/aws\"]",
      "instances": [
        {
          "schema_version": 0,
          "attributes": {
            "id": "triage-fn-approval-20260705111213597300000001",
            "policy_arn": "arn:aws:iam::aws:policy/service-role/AWSLambdaBasicExecutionRole",
            "role": "triage-fn-approval"
          },
          "sensitive_attributes": [],
          "identity_schema_version": 0,
          "private": "bnVsbA==",
          "dependencies": [
            "aws_iam_role.approval",
            "data.aws_iam_policy_document.agent_lambda_assume"
          ]
        }
      ]
    },
    {
      "mode": "managed",
      "type": "aws_iam_role_policy_attachment",
      "name": "diagnose_logs",
      "provider": "provider[\"registry.terraform.io/hashicorp/aws\"]",
      "instances": [
        {
          "schema_version": 0,
          "attributes": {
            "id": "triage-fn-diagnose-20260705111214047100000005",
            "policy_arn": "arn:aws:iam::aws:policy/service-role/AWSLambdaBasicExecutionRole",
            "role": "triage-fn-diagnose"
          },
          "sensitive_attributes": [],
          "identity_schema_version": 0,
          "private": "bnVsbA==",
          "dependencies": [
            "aws_iam_role.diagnose",
            "data.aws_iam_policy_document.agent_lambda_assume"
          ]
        }
      ]
    },
    {
      "mode": "managed",
      "type": "aws_iam_role_policy_attachment",
      "name": "evidence_logs",
      "provider": "provider[\"registry.terraform.io/hashicorp/aws\"]",
      "instances": [
        {
          "schema_version": 0,
          "attributes": {
            "id": "triage-fn-evidence-20260705111213811900000003",
            "policy_arn": "arn:aws:iam::aws:policy/service-role/AWSLambdaBasicExecutionRole",
            "role": "triage-fn-evidence"
          },
          "sensitive_attributes": [],
          "identity_schema_version": 0,
          "private": "bnVsbA==",
          "dependencies": [
            "aws_iam_role.evidence",
            "data.aws_iam_policy_document.agent_lambda_assume"
          ]
        }
      ]
    },
    {
      "mode": "managed",
      "type": "aws_iam_role_policy_attachment",
      "name": "github_actions_poweruser",
      "provider": "provider[\"registry.terraform.io/hashicorp/aws\"]",
      "instances": [
        {
          "schema_version": 0,
          "attributes": {
            "id": "triage-github-actions-20260705112119991600000001",
            "policy_arn": "arn:aws:iam::aws:policy/PowerUserAccess",
            "role": "triage-github-actions"
          },
          "sensitive_attributes": [],
          "identity_schema_version": 0,
          "private": "bnVsbA==",
          "dependencies": [
            "aws_iam_openid_connect_provider.github",
            "aws_iam_role.github_actions",
            "data.aws_iam_policy_document.github_actions_assume",
            "data.tls_certificate.github"
          ]
        }
      ]
    },
    {
      "mode": "managed",
      "type": "aws_iam_role_policy_attachment",
      "name": "intake_logs",
      "provider": "provider[\"registry.terraform.io/hashicorp/aws\"]",
      "instances": [
        {
          "schema_version": 0,
          "attributes": {
            "id": "triage-fn-intake-20260705111214419300000007",
            "policy_arn": "arn:aws:iam::aws:policy/service-role/AWSLambdaBasicExecutionRole",
            "role": "triage-fn-intake"
          },
          "sensitive_attributes": [],
          "identity_schema_version": 0,
          "private": "bnVsbA==",
          "dependencies": [
            "aws_iam_role.intake",
            "data.aws_iam_policy_document.agent_lambda_assume"
          ]
        }
      ]
    },
    {
      "mode": "managed",
      "type": "aws_iam_role_policy_attachment",
      "name": "payflow_execution_managed",
      "provider": "provider[\"registry.terraform.io/hashicorp/aws\"]",
      "instances": [
        {
          "schema_version": 0,
          "attributes": {
            "id": "triage-payflow-execution-20260705104543683000000001",
            "policy_arn": "arn:aws:iam::aws:policy/service-role/AmazonECSTaskExecutionRolePolicy",
            "role": "triage-payflow-execution"
          },
          "sensitive_attributes": [],
          "identity_schema_version": 0,
          "private": "bnVsbA==",
          "dependencies": [
            "aws_iam_role.payflow_execution",
            "data.aws_iam_policy_document.ecs_assume"
          ]
        }
      ]
    },
    {
      "mode": "managed",
      "type": "aws_iam_role_policy_attachment",
      "name": "policy_fn_logs",
      "provider": "provider[\"registry.terraform.io/hashicorp/aws\"]",
      "instances": [
        {
          "schema_version": 0,
          "attributes": {
            "id": "triage-fn-policy-20260705111213826600000004",
            "policy_arn": "arn:aws:iam::aws:policy/service-role/AWSLambdaBasicExecutionRole",
            "role": "triage-fn-policy"
          },
          "sensitive_attributes": [],
          "identity_schema_version": 0,
          "private": "bnVsbA==",
          "dependencies": [
            "aws_iam_role.policy_fn",
            "data.aws_iam_policy_document.agent_lambda_assume"
          ]
        }
      ]
    },
    {
      "mode": "managed",
      "type": "aws_iam_role_policy_attachment",
      "name": "postmortem_logs",
      "provider": "provider[\"registry.terraform.io/hashicorp/aws\"]",
      "instances": [
        {
          "schema_version": 0,
          "attributes": {
            "id": "triage-fn-postmortem-20260705111213632200000002",
            "policy_arn": "arn:aws:iam::aws:policy/service-role/AWSLambdaBasicExecutionRole",
            "role": "triage-fn-postmortem"
          },
          "sensitive_attributes": [],
          "identity_schema_version": 0,
          "private": "bnVsbA==",
          "dependencies": [
            "aws_iam_role.postmortem",
            "data.aws_iam_policy_document.agent_lambda_assume"
          ]
        }
      ]
    },
    {
      "mode": "managed",
      "type": "aws_iam_role_policy_attachment",
      "name": "remediate_logs",
      "provider": "provider[\"registry.terraform.io/hashicorp/aws\"]",
      "instances": [
        {
          "schema_version": 0,
          "attributes": {
            "id": "triage-fn-remediate-20260705111214756200000008",
            "policy_arn": "arn:aws:iam::aws:policy/service-role/AWSLambdaBasicExecutionRole",
            "role": "triage-fn-remediate"
          },
          "sensitive_attributes": [],
          "identity_schema_version": 0,
          "private": "bnVsbA==",
          "dependencies": [
            "aws_iam_role.remediate",
            "data.aws_iam_policy_document.agent_lambda_assume"
          ]
        }
      ]
    },
    {
      "mode": "managed",
      "type": "aws_iam_role_policy_attachment",
      "name": "trafficgen_logs",
      "provider": "provider[\"registry.terraform.io/hashicorp/aws\"]",
      "instances": [
        {
          "schema_version": 0,
          "attributes": {
            "id": "triage-trafficgen-20260705110347359600000001",
            "policy_arn": "arn:aws:iam::aws:policy/service-role/AWSLambdaBasicExecutionRole",
            "role": "triage-trafficgen"
          },
          "sensitive_attributes": [],
          "identity_schema_version": 0,
          "private": "bnVsbA==",
          "dependencies": [
            "aws_iam_role.trafficgen",
            "data.aws_iam_policy_document.lambda_assume"
          ]
        }
      ]
    },
    {
      "mode": "managed",
      "type": "aws_iam_role_policy_attachment",
      "name": "verify_logs",
      "provider": "provider[\"registry.terraform.io/hashicorp/aws\"]",
      "instances": [
        {
          "schema_version": 0,
          "attributes": {
            "id": "triage-fn-verify-20260705111214270100000006",
            "policy_arn": "arn:aws:iam::aws:policy/service-role/AWSLambdaBasicExecutionRole",
            "role": "triage-fn-verify"
          },
          "sensitive_attributes": [],
          "identity_schema_version": 0,
          "private": "bnVsbA==",
          "dependencies": [
            "aws_iam_role.verify",
            "data.aws_iam_policy_document.agent_lambda_assume"
          ]
        }
      ]
    },
    {
      "mode": "managed",
      "type": "aws_lambda_function",
      "name": "approval",
      "provider": "provider[\"registry.terraform.io/hashicorp/aws\"]",
      "instances": [
        {
          "schema_version": 0,
          "attributes": {
            "architectures": [
              "x86_64"
            ],
            "arn": "arn:aws:lambda:us-east-1:964989295765:function:triage-approval",
            "code_sha256": "JfPk/nLVztdJS1wS/MOMmiM+pokrYg2YO9TD5GRaIZQ=",
            "code_signing_config_arn": "",
            "dead_letter_config": [],
            "description": "",
            "environment": [],
            "ephemeral_storage": [
              {
                "size": 512
              }
            ],
            "file_system_config": [],
            "filename": "./build/approval.zip",
            "function_name": "triage-approval",
            "handler": "handler.handler",
            "id": "triage-approval",
            "image_config": [],
            "image_uri": "",
            "invoke_arn": "arn:aws:apigateway:us-east-1:lambda:path/2015-03-31/functions/arn:aws:lambda:us-east-1:964989295765:function:triage-approval/invocations",
            "kms_key_arn": "",
            "last_modified": "2026-07-05T11:44:36.000+0000",
            "layers": [],
            "logging_config": [
              {
                "application_log_level": "",
                "log_format": "Text",
                "log_group": "/aws/lambda/triage-approval",
                "system_log_level": ""
              }
            ],
            "memory_size": 128,
            "package_type": "Zip",
            "publish": false,
            "qualified_arn": "arn:aws:lambda:us-east-1:964989295765:function:triage-approval:$LATEST",
            "qualified_invoke_arn": "arn:aws:apigateway:us-east-1:lambda:path/2015-03-31/functions/arn:aws:lambda:us-east-1:964989295765:function:triage-approval:$LATEST/invocations",
            "replace_security_groups_on_destroy": null,
            "replacement_security_group_ids": null,
            "reserved_concurrent_executions": -1,
            "role": "arn:aws:iam::964989295765:role/triage-fn-approval",
            "runtime": "python3.12",
            "s3_bucket": null,
            "s3_key": null,
            "s3_object_version": null,
            "signing_job_arn": "",
            "signing_profile_version_arn": "",
            "skip_destroy": false,
            "snap_start": [],
            "source_code_hash": "JfPk/nLVztdJS1wS/MOMmiM+pokrYg2YO9TD5GRaIZQ=",
            "source_code_size": 1139,
            "tags": {
              "Project": "triage"
            },
            "tags_all": {
              "Project": "triage"
            },
            "timeout": 15,
            "timeouts": null,
            "tracing_config": [
              {
                "mode": "PassThrough"
              }
            ],
            "version": "$LATEST",
            "vpc_config": []
          },
          "sensitive_attributes": [],
          "identity_schema_version": 0,
          "private": "eyJlMmJmYjczMC1lY2FhLTExZTYtOGY4OC0zNDM2M2JjN2M0YzAiOnsiY3JlYXRlIjo2MDAwMDAwMDAwMDAsImRlbGV0ZSI6NjAwMDAwMDAwMDAwLCJ1cGRhdGUiOjYwMDAwMDAwMDAwMH19",
          "dependencies": [
            "aws_iam_role.approval",
            "data.archive_file.approval",
            "data.aws_iam_policy_document.agent_lambda_assume"
          ]
        }
      ]
    },
    {
      "mode": "managed",
      "type": "aws_lambda_function",
      "name": "diagnose",
      "provider": "provider[\"registry.terraform.io/hashicorp/aws\"]",
      "instances": [
        {
          "schema_version": 0,
          "attributes": {
            "architectures": [
              "x86_64"
            ],
            "arn": "arn:aws:lambda:us-east-1:964989295765:function:triage-diagnose",
            "code_sha256": "nr5ejmhwiBLylgiL/IywRVfKTB8ucXMBzaEhdQdTdp8=",
            "code_signing_config_arn": "",
            "dead_letter_config": [],
            "description": "",
            "environment": [
              {
                "variables": {
                  "BEDROCK_MODEL_ID": "amazon.nova-lite-v1:0"
                }
              }
            ],
            "ephemeral_storage": [
              {
                "size": 512
              }
            ],
            "file_system_config": [],
            "filename": "./build/diagnose.zip",
            "function_name": "triage-diagnose",
            "handler": "handler.handler",
            "id": "triage-diagnose",
            "image_config": [],
            "image_uri": "",
            "invoke_arn": "arn:aws:apigateway:us-east-1:lambda:path/2015-03-31/functions/arn:aws:lambda:us-east-1:964989295765:function:triage-diagnose/invocations",
            "kms_key_arn": "",
            "last_modified": "2026-07-05T11:23:01.000+0000",
            "layers": [],
            "logging_config": [
              {
                "application_log_level": "",
                "log_format": "Text",
                "log_group": "/aws/lambda/triage-diagnose",
                "system_log_level": ""
              }
            ],
            "memory_size": 128,
            "package_type": "Zip",
            "publish": false,
            "qualified_arn": "arn:aws:lambda:us-east-1:964989295765:function:triage-diagnose:$LATEST",
            "qualified_invoke_arn": "arn:aws:apigateway:us-east-1:lambda:path/2015-03-31/functions/arn:aws:lambda:us-east-1:964989295765:function:triage-diagnose:$LATEST/invocations",
            "replace_security_groups_on_destroy": null,
            "replacement_security_group_ids": null,
            "reserved_concurrent_executions": -1,
            "role": "arn:aws:iam::964989295765:role/triage-fn-diagnose",
            "runtime": "python3.12",
            "s3_bucket": null,
            "s3_key": null,
            "s3_object_version": null,
            "signing_job_arn": "",
            "signing_profile_version_arn": "",
            "skip_destroy": false,
            "snap_start": [],
            "source_code_hash": "nr5ejmhwiBLylgiL/IywRVfKTB8ucXMBzaEhdQdTdp8=",
            "source_code_size": 1543,
            "tags": {
              "Project": "triage"
            },
            "tags_all": {
              "Project": "triage"
            },
            "timeout": 30,
            "timeouts": null,
            "tracing_config": [
              {
                "mode": "PassThrough"
              }
            ],
            "version": "$LATEST",
            "vpc_config": []
          },
          "sensitive_attributes": [],
          "identity_schema_version": 0,
          "private": "eyJlMmJmYjczMC1lY2FhLTExZTYtOGY4OC0zNDM2M2JjN2M0YzAiOnsiY3JlYXRlIjo2MDAwMDAwMDAwMDAsImRlbGV0ZSI6NjAwMDAwMDAwMDAwLCJ1cGRhdGUiOjYwMDAwMDAwMDAwMH19",
          "dependencies": [
            "aws_iam_role.diagnose",
            "data.archive_file.diagnose",
            "data.aws_iam_policy_document.agent_lambda_assume"
          ]
        }
      ]
    },
    {
      "mode": "managed",
      "type": "aws_lambda_function",
      "name": "evidence",
      "provider": "provider[\"registry.terraform.io/hashicorp/aws\"]",
      "instances": [
        {
          "schema_version": 0,
          "attributes": {
            "architectures": [
              "x86_64"
            ],
            "arn": "arn:aws:lambda:us-east-1:964989295765:function:triage-evidence",
            "code_sha256": "4fhwA0LEmrU6m1ByVThd+/31E0GmZzgz+QQu8MpchN4=",
            "code_signing_config_arn": "",
            "dead_letter_config": [],
            "description": "",
            "environment": [
              {
                "variables": {
                  "ALB_ARN_SUFFIX": "app/triage-alb/bac00978adcdd038",
                  "ECS_CLUSTER": "triage-cluster",
                  "ECS_SERVICE": "payflow",
                  "PAYFLOW_LOG_GROUP": "/ecs/payflow",
                  "TG_ARN_SUFFIX": "targetgroup/triage-tg/27fc5b355eb15d39"
                }
              }
            ],
            "ephemeral_storage": [
              {
                "size": 512
              }
            ],
            "file_system_config": [],
            "filename": "./build/evidence.zip",
            "function_name": "triage-evidence",
            "handler": "handler.handler",
            "id": "triage-evidence",
            "image_config": [],
            "image_uri": "",
            "invoke_arn": "arn:aws:apigateway:us-east-1:lambda:path/2015-03-31/functions/arn:aws:lambda:us-east-1:964989295765:function:triage-evidence/invocations",
            "kms_key_arn": "",
            "last_modified": "2026-07-05T11:21:19.000+0000",
            "layers": [],
            "logging_config": [
              {
                "application_log_level": "",
                "log_format": "Text",
                "log_group": "/aws/lambda/triage-evidence",
                "system_log_level": ""
              }
            ],
            "memory_size": 128,
            "package_type": "Zip",
            "publish": false,
            "qualified_arn": "arn:aws:lambda:us-east-1:964989295765:function:triage-evidence:$LATEST",
            "qualified_invoke_arn": "arn:aws:apigateway:us-east-1:lambda:path/2015-03-31/functions/arn:aws:lambda:us-east-1:964989295765:function:triage-evidence:$LATEST/invocations",
            "replace_security_groups_on_destroy": null,
            "replacement_security_group_ids": null,
            "reserved_concurrent_executions": -1,
            "role": "arn:aws:iam::964989295765:role/triage-fn-evidence",
            "runtime": "python3.12",
            "s3_bucket": null,
            "s3_key": null,
            "s3_object_version": null,
            "signing_job_arn": "",
            "signing_profile_version_arn": "",
            "skip_destroy": false,
            "snap_start": [],
            "source_code_hash": "4fhwA0LEmrU6m1ByVThd+/31E0GmZzgz+QQu8MpchN4=",
            "source_code_size": 1695,
            "tags": {
              "Project": "triage"
            },
            "tags_all": {
              "Project": "triage"
            },
            "timeout": 30,
            "timeouts": null,
            "tracing_config": [
              {
                "mode": "PassThrough"
              }
            ],
            "version": "$LATEST",
            "vpc_config": []
          },
          "sensitive_attributes": [],
          "identity_schema_version": 0,
          "private": "eyJlMmJmYjczMC1lY2FhLTExZTYtOGY4OC0zNDM2M2JjN2M0YzAiOnsiY3JlYXRlIjo2MDAwMDAwMDAwMDAsImRlbGV0ZSI6NjAwMDAwMDAwMDAwLCJ1cGRhdGUiOjYwMDAwMDAwMDAwMH19",
          "dependencies": [
            "aws_cloudwatch_log_group.payflow",
            "aws_dynamodb_table.payflow_transactions",
            "aws_ecr_repository.payflow",
            "aws_ecs_cluster.this",
            "aws_ecs_service.payflow",
            "aws_ecs_task_definition.payflow",
            "aws_iam_role.evidence",
            "aws_iam_role.payflow_execution",
            "aws_iam_role.payflow_task",
            "aws_lb.payflow",
            "aws_lb_listener.payflow_http",
            "aws_lb_target_group.payflow",
            "aws_security_group.alb",
            "aws_security_group.fargate",
            "data.archive_file.evidence",
            "data.aws_iam_policy_document.agent_lambda_assume",
            "data.aws_iam_policy_document.ecs_assume",
            "data.aws_subnets.default",
            "data.aws_vpc.default"
          ]
        }
      ]
    },
    {
      "mode": "managed",
      "type": "aws_lambda_function",
      "name": "intake",
      "provider": "provider[\"registry.terraform.io/hashicorp/aws\"]",
      "instances": [
        {
          "schema_version": 0,
          "attributes": {
            "architectures": [
              "x86_64"
            ],
            "arn": "arn:aws:lambda:us-east-1:964989295765:function:triage-intake",
            "code_sha256": "iVX/LlZcu+Q/RtOhh8Akwos8ZBcWLOsOnTKdOTbpMkU=",
            "code_signing_config_arn": "",
            "dead_letter_config": [],
            "description": "",
            "environment": [
              {
                "variables": {
                  "INCIDENTS_TABLE": "triage-incidents"
                }
              }
            ],
            "ephemeral_storage": [
              {
                "size": 512
              }
            ],
            "file_system_config": [],
            "filename": "./build/intake.zip",
            "function_name": "triage-intake",
            "handler": "handler.handler",
            "id": "triage-intake",
            "image_config": [],
            "image_uri": "",
            "invoke_arn": "arn:aws:apigateway:us-east-1:lambda:path/2015-03-31/functions/arn:aws:lambda:us-east-1:964989295765:function:triage-intake/invocations",
            "kms_key_arn": "",
            "last_modified": "2026-07-05T11:12:58.089+0000",
            "layers": [],
            "logging_config": [
              {
                "application_log_level": "",
                "log_format": "Text",
                "log_group": "/aws/lambda/triage-intake",
                "system_log_level": ""
              }
            ],
            "memory_size": 128,
            "package_type": "Zip",
            "publish": false,
            "qualified_arn": "arn:aws:lambda:us-east-1:964989295765:function:triage-intake:$LATEST",
            "qualified_invoke_arn": "arn:aws:apigateway:us-east-1:lambda:path/2015-03-31/functions/arn:aws:lambda:us-east-1:964989295765:function:triage-intake:$LATEST/invocations",
            "replace_security_groups_on_destroy": null,
            "replacement_security_group_ids": null,
            "reserved_concurrent_executions": -1,
            "role": "arn:aws:iam::964989295765:role/triage-fn-intake",
            "runtime": "python3.12",
            "s3_bucket": null,
            "s3_key": null,
            "s3_object_version": null,
            "signing_job_arn": "",
            "signing_profile_version_arn": "",
            "skip_destroy": false,
            "snap_start": [],
            "source_code_hash": "iVX/LlZcu+Q/RtOhh8Akwos8ZBcWLOsOnTKdOTbpMkU=",
            "source_code_size": 1039,
            "tags": {
              "Project": "triage"
            },
            "tags_all": {
              "Project": "triage"
            },
            "timeout": 15,
            "timeouts": null,
            "tracing_config": [
              {
                "mode": "PassThrough"
              }
            ],
            "version": "$LATEST",
            "vpc_config": []
          },
          "sensitive_attributes": [],
          "identity_schema_version": 0,
          "private": "eyJlMmJmYjczMC1lY2FhLTExZTYtOGY4OC0zNDM2M2JjN2M0YzAiOnsiY3JlYXRlIjo2MDAwMDAwMDAwMDAsImRlbGV0ZSI6NjAwMDAwMDAwMDAwLCJ1cGRhdGUiOjYwMDAwMDAwMDAwMH19",
          "dependencies": [
            "aws_dynamodb_table.triage_incidents",
            "aws_iam_role.intake",
            "data.archive_file.intake",
            "data.aws_iam_policy_document.agent_lambda_assume"
          ]
        }
      ]
    },
    {
      "mode": "managed",
      "type": "aws_lambda_function",
      "name": "policy",
      "provider": "provider[\"registry.terraform.io/hashicorp/aws\"]",
      "instances": [
        {
          "schema_version": 0,
          "attributes": {
            "architectures": [
              "x86_64"
            ],
            "arn": "arn:aws:lambda:us-east-1:964989295765:function:triage-policy",
            "code_sha256": "L6PMLZu/B//Gj/wY1kg/en7DkxK5Rnz58TulkVZBEGE=",
            "code_signing_config_arn": "",
            "dead_letter_config": [],
            "description": "",
            "environment": [
              {
                "variables": {
                  "INCIDENTS_TABLE": "triage-incidents",
                  "POLICIES_TABLE": "triage-policies"
                }
              }
            ],
            "ephemeral_storage": [
              {
                "size": 512
              }
            ],
            "file_system_config": [],
            "filename": "./build/policy.zip",
            "function_name": "triage-policy",
            "handler": "handler.handler",
            "id": "triage-policy",
            "image_config": [],
            "image_uri": "",
            "invoke_arn": "arn:aws:apigateway:us-east-1:lambda:path/2015-03-31/functions/arn:aws:lambda:us-east-1:964989295765:function:triage-policy/invocations",
            "kms_key_arn": "",
            "last_modified": "2026-07-05T11:12:46.068+0000",
            "layers": [],
            "logging_config": [
              {
                "application_log_level": "",
                "log_format": "Text",
                "log_group": "/aws/lambda/triage-policy",
                "system_log_level": ""
              }
            ],
            "memory_size": 128,
            "package_type": "Zip",
            "publish": false,
            "qualified_arn": "arn:aws:lambda:us-east-1:964989295765:function:triage-policy:$LATEST",
            "qualified_invoke_arn": "arn:aws:apigateway:us-east-1:lambda:path/2015-03-31/functions/arn:aws:lambda:us-east-1:964989295765:function:triage-policy:$LATEST/invocations",
            "replace_security_groups_on_destroy": null,
            "replacement_security_group_ids": null,
            "reserved_concurrent_executions": -1,
            "role": "arn:aws:iam::964989295765:role/triage-fn-policy",
            "runtime": "python3.12",
            "s3_bucket": null,
            "s3_key": null,
            "s3_object_version": null,
            "signing_job_arn": "",
            "signing_profile_version_arn": "",
            "skip_destroy": false,
            "snap_start": [],
            "source_code_hash": "L6PMLZu/B//Gj/wY1kg/en7DkxK5Rnz58TulkVZBEGE=",
            "source_code_size": 1192,
            "tags": {
              "Project": "triage"
            },
            "tags_all": {
              "Project": "triage"
            },
            "timeout": 15,
            "timeouts": null,
            "tracing_config": [
              {
                "mode": "PassThrough"
              }
            ],
            "version": "$LATEST",
            "vpc_config": []
          },
          "sensitive_attributes": [],
          "identity_schema_version": 0,
          "private": "eyJlMmJmYjczMC1lY2FhLTExZTYtOGY4OC0zNDM2M2JjN2M0YzAiOnsiY3JlYXRlIjo2MDAwMDAwMDAwMDAsImRlbGV0ZSI6NjAwMDAwMDAwMDAwLCJ1cGRhdGUiOjYwMDAwMDAwMDAwMH19",
          "dependencies": [
            "aws_dynamodb_table.triage_incidents",
            "aws_dynamodb_table.triage_policies",
            "aws_iam_role.policy_fn",
            "data.archive_file.policy",
            "data.aws_iam_policy_document.agent_lambda_assume"
          ]
        }
      ]
    },
    {
      "mode": "managed",
      "type": "aws_lambda_function",
      "name": "postmortem",
      "provider": "provider[\"registry.terraform.io/hashicorp/aws\"]",
      "instances": [
        {
          "schema_version": 0,
          "attributes": {
            "architectures": [
              "x86_64"
            ],
            "arn": "arn:aws:lambda:us-east-1:964989295765:function:triage-postmortem",
            "code_sha256": "xD2QVfiPfE1mo9T8t8s2BodW9oLdWrrQM7B2o6MROI8=",
            "code_signing_config_arn": "",
            "dead_letter_config": [],
            "description": "",
            "environment": [
              {
                "variables": {
                  "BEDROCK_MODEL_ID": "amazon.nova-lite-v1:0",
                  "INCIDENTS_TABLE": "triage-incidents",
                  "POSTMORTEMS_BUCKET": "triage-postmortems-964989295765"
                }
              }
            ],
            "ephemeral_storage": [
              {
                "size": 512
              }
            ],
            "file_system_config": [],
            "filename": "./build/postmortem.zip",
            "function_name": "triage-postmortem",
            "handler": "handler.handler",
            "id": "triage-postmortem",
            "image_config": [],
            "image_uri": "",
            "invoke_arn": "arn:aws:apigateway:us-east-1:lambda:path/2015-03-31/functions/arn:aws:lambda:us-east-1:964989295765:function:triage-postmortem/invocations",
            "kms_key_arn": "",
            "last_modified": "2026-07-05T11:23:06.000+0000",
            "layers": [],
            "logging_config": [
              {
                "application_log_level": "",
                "log_format": "Text",
                "log_group": "/aws/lambda/triage-postmortem",
                "system_log_level": ""
              }
            ],
            "memory_size": 128,
            "package_type": "Zip",
            "publish": false,
            "qualified_arn": "arn:aws:lambda:us-east-1:964989295765:function:triage-postmortem:$LATEST",
            "qualified_invoke_arn": "arn:aws:apigateway:us-east-1:lambda:path/2015-03-31/functions/arn:aws:lambda:us-east-1:964989295765:function:triage-postmortem:$LATEST/invocations",
            "replace_security_groups_on_destroy": null,
            "replacement_security_group_ids": null,
            "reserved_concurrent_executions": -1,
            "role": "arn:aws:iam::964989295765:role/triage-fn-postmortem",
            "runtime": "python3.12",
            "s3_bucket": null,
            "s3_key": null,
            "s3_object_version": null,
            "signing_job_arn": "",
            "signing_profile_version_arn": "",
            "skip_destroy": false,
            "snap_start": [],
            "source_code_hash": "xD2QVfiPfE1mo9T8t8s2BodW9oLdWrrQM7B2o6MROI8=",
            "source_code_size": 1404,
            "tags": {
              "Project": "triage"
            },
            "tags_all": {
              "Project": "triage"
            },
            "timeout": 30,
            "timeouts": null,
            "tracing_config": [
              {
                "mode": "PassThrough"
              }
            ],
            "version": "$LATEST",
            "vpc_config": []
          },
          "sensitive_attributes": [],
          "identity_schema_version": 0,
          "private": "eyJlMmJmYjczMC1lY2FhLTExZTYtOGY4OC0zNDM2M2JjN2M0YzAiOnsiY3JlYXRlIjo2MDAwMDAwMDAwMDAsImRlbGV0ZSI6NjAwMDAwMDAwMDAwLCJ1cGRhdGUiOjYwMDAwMDAwMDAwMH19",
          "dependencies": [
            "aws_dynamodb_table.triage_incidents",
            "aws_iam_role.postmortem",
            "aws_s3_bucket.postmortems",
            "data.archive_file.postmortem",
            "data.aws_caller_identity.current",
            "data.aws_iam_policy_document.agent_lambda_assume"
          ]
        }
      ]
    },
    {
      "mode": "managed",
      "type": "aws_lambda_function",
      "name": "remediate",
      "provider": "provider[\"registry.terraform.io/hashicorp/aws\"]",
      "instances": [
        {
          "schema_version": 0,
          "attributes": {
            "architectures": [
              "x86_64"
            ],
            "arn": "arn:aws:lambda:us-east-1:964989295765:function:triage-remediate",
            "code_sha256": "JHvI5+iTxyWRCSPZ1M5646c7tVtLCPVGlw4b07pJ03I=",
            "code_signing_config_arn": "",
            "dead_letter_config": [],
            "description": "",
            "environment": [
              {
                "variables": {
                  "ECS_CLUSTER": "triage-cluster",
                  "ECS_SERVICE": "payflow",
                  "INCIDENTS_TABLE": "triage-incidents",
                  "MAX_SCALE_DESIRED": "2"
                }
              }
            ],
            "ephemeral_storage": [
              {
                "size": 512
              }
            ],
            "file_system_config": [],
            "filename": "./build/remediate.zip",
            "function_name": "triage-remediate",
            "handler": "handler.handler",
            "id": "triage-remediate",
            "image_config": [],
            "image_uri": "",
            "invoke_arn": "arn:aws:apigateway:us-east-1:lambda:path/2015-03-31/functions/arn:aws:lambda:us-east-1:964989295765:function:triage-remediate/invocations",
            "kms_key_arn": "",
            "last_modified": "2026-07-05T11:13:03.989+0000",
            "layers": [],
            "logging_config": [
              {
                "application_log_level": "",
                "log_format": "Text",
                "log_group": "/aws/lambda/triage-remediate",
                "system_log_level": ""
              }
            ],
            "memory_size": 128,
            "package_type": "Zip",
            "publish": false,
            "qualified_arn": "arn:aws:lambda:us-east-1:964989295765:function:triage-remediate:$LATEST",
            "qualified_invoke_arn": "arn:aws:apigateway:us-east-1:lambda:path/2015-03-31/functions/arn:aws:lambda:us-east-1:964989295765:function:triage-remediate:$LATEST/invocations",
            "replace_security_groups_on_destroy": null,
            "replacement_security_group_ids": null,
            "reserved_concurrent_executions": -1,
            "role": "arn:aws:iam::964989295765:role/triage-fn-remediate",
            "runtime": "python3.12",
            "s3_bucket": null,
            "s3_key": null,
            "s3_object_version": null,
            "signing_job_arn": "",
            "signing_profile_version_arn": "",
            "skip_destroy": false,
            "snap_start": [],
            "source_code_hash": "JHvI5+iTxyWRCSPZ1M5646c7tVtLCPVGlw4b07pJ03I=",
            "source_code_size": 1290,
            "tags": {
              "Project": "triage"
            },
            "tags_all": {
              "Project": "triage"
            },
            "timeout": 20,
            "timeouts": null,
            "tracing_config": [
              {
                "mode": "PassThrough"
              }
            ],
            "version": "$LATEST",
            "vpc_config": []
          },
          "sensitive_attributes": [],
          "identity_schema_version": 0,
          "private": "eyJlMmJmYjczMC1lY2FhLTExZTYtOGY4OC0zNDM2M2JjN2M0YzAiOnsiY3JlYXRlIjo2MDAwMDAwMDAwMDAsImRlbGV0ZSI6NjAwMDAwMDAwMDAwLCJ1cGRhdGUiOjYwMDAwMDAwMDAwMH19",
          "dependencies": [
            "aws_cloudwatch_log_group.payflow",
            "aws_dynamodb_table.payflow_transactions",
            "aws_dynamodb_table.triage_incidents",
            "aws_ecr_repository.payflow",
            "aws_ecs_cluster.this",
            "aws_ecs_service.payflow",
            "aws_ecs_task_definition.payflow",
            "aws_iam_role.payflow_execution",
            "aws_iam_role.payflow_task",
            "aws_iam_role.remediate",
            "aws_lb.payflow",
            "aws_lb_listener.payflow_http",
            "aws_lb_target_group.payflow",
            "aws_security_group.alb",
            "aws_security_group.fargate",
            "data.archive_file.remediate",
            "data.aws_iam_policy_document.agent_lambda_assume",
            "data.aws_iam_policy_document.ecs_assume",
            "data.aws_subnets.default",
            "data.aws_vpc.default"
          ]
        }
      ]
    },
    {
      "mode": "managed",
      "type": "aws_lambda_function",
      "name": "trafficgen",
      "provider": "provider[\"registry.terraform.io/hashicorp/aws\"]",
      "instances": [
        {
          "schema_version": 0,
          "attributes": {
            "architectures": [
              "x86_64"
            ],
            "arn": "arn:aws:lambda:us-east-1:964989295765:function:triage-trafficgen",
            "code_sha256": "0R239H21cYK3nzflmuHpLJDzj8GfYhYTiZazyl4S68I=",
            "code_signing_config_arn": "",
            "dead_letter_config": [],
            "description": "",
            "environment": [
              {
                "variables": {
                  "PAYFLOW_URL": "http://triage-alb-175894723.us-east-1.elb.amazonaws.com",
                  "REQUESTS_PER_INVOCATION": "60"
                }
              }
            ],
            "ephemeral_storage": [
              {
                "size": 512
              }
            ],
            "file_system_config": [],
            "filename": "./build/trafficgen.zip",
            "function_name": "triage-trafficgen",
            "handler": "handler.handler",
            "id": "triage-trafficgen",
            "image_config": [],
            "image_uri": "",
            "invoke_arn": "arn:aws:apigateway:us-east-1:lambda:path/2015-03-31/functions/arn:aws:lambda:us-east-1:964989295765:function:triage-trafficgen/invocations",
            "kms_key_arn": "",
            "last_modified": "2026-07-05T11:03:55.989+0000",
            "layers": [],
            "logging_config": [
              {
                "application_log_level": "",
                "log_format": "Text",
                "log_group": "/aws/lambda/triage-trafficgen",
                "system_log_level": ""
              }
            ],
            "memory_size": 128,
            "package_type": "Zip",
            "publish": false,
            "qualified_arn": "arn:aws:lambda:us-east-1:964989295765:function:triage-trafficgen:$LATEST",
            "qualified_invoke_arn": "arn:aws:apigateway:us-east-1:lambda:path/2015-03-31/functions/arn:aws:lambda:us-east-1:964989295765:function:triage-trafficgen:$LATEST/invocations",
            "replace_security_groups_on_destroy": null,
            "replacement_security_group_ids": null,
            "reserved_concurrent_executions": -1,
            "role": "arn:aws:iam::964989295765:role/triage-trafficgen",
            "runtime": "python3.12",
            "s3_bucket": null,
            "s3_key": null,
            "s3_object_version": null,
            "signing_job_arn": "",
            "signing_profile_version_arn": "",
            "skip_destroy": false,
            "snap_start": [],
            "source_code_hash": "0R239H21cYK3nzflmuHpLJDzj8GfYhYTiZazyl4S68I=",
            "source_code_size": 733,
            "tags": {
              "Project": "triage"
            },
            "tags_all": {
              "Project": "triage"
            },
            "timeout": 90,
            "timeouts": null,
            "tracing_config": [
              {
                "mode": "PassThrough"
              }
            ],
            "version": "$LATEST",
            "vpc_config": []
          },
          "sensitive_attributes": [],
          "identity_schema_version": 0,
          "private": "eyJlMmJmYjczMC1lY2FhLTExZTYtOGY4OC0zNDM2M2JjN2M0YzAiOnsiY3JlYXRlIjo2MDAwMDAwMDAwMDAsImRlbGV0ZSI6NjAwMDAwMDAwMDAwLCJ1cGRhdGUiOjYwMDAwMDAwMDAwMH19",
          "dependencies": [
            "aws_iam_role.trafficgen",
            "aws_lb.payflow",
            "aws_security_group.alb",
            "data.archive_file.trafficgen",
            "data.aws_iam_policy_document.lambda_assume",
            "data.aws_subnets.default",
            "data.aws_vpc.default"
          ]
        }
      ]
    },
    {
      "mode": "managed",
      "type": "aws_lambda_function",
      "name": "verify",
      "provider": "provider[\"registry.terraform.io/hashicorp/aws\"]",
      "instances": [
        {
          "schema_version": 0,
          "attributes": {
            "architectures": [
              "x86_64"
            ],
            "arn": "arn:aws:lambda:us-east-1:964989295765:function:triage-verify",
            "code_sha256": "kEVx87SDcgd7TGgAv0ky6k5QIMAft1509pK2G4kAz78=",
            "code_signing_config_arn": "",
            "dead_letter_config": [],
            "description": "",
            "environment": [],
            "ephemeral_storage": [
              {
                "size": 512
              }
            ],
            "file_system_config": [],
            "filename": "./build/verify.zip",
            "function_name": "triage-verify",
            "handler": "handler.handler",
            "id": "triage-verify",
            "image_config": [],
            "image_uri": "",
            "invoke_arn": "arn:aws:apigateway:us-east-1:lambda:path/2015-03-31/functions/arn:aws:lambda:us-east-1:964989295765:function:triage-verify/invocations",
            "kms_key_arn": "",
            "last_modified": "2026-07-05T11:12:52.084+0000",
            "layers": [],
            "logging_config": [
              {
                "application_log_level": "",
                "log_format": "Text",
                "log_group": "/aws/lambda/triage-verify",
                "system_log_level": ""
              }
            ],
            "memory_size": 128,
            "package_type": "Zip",
            "publish": false,
            "qualified_arn": "arn:aws:lambda:us-east-1:964989295765:function:triage-verify:$LATEST",
            "qualified_invoke_arn": "arn:aws:apigateway:us-east-1:lambda:path/2015-03-31/functions/arn:aws:lambda:us-east-1:964989295765:function:triage-verify:$LATEST/invocations",
            "replace_security_groups_on_destroy": null,
            "replacement_security_group_ids": null,
            "reserved_concurrent_executions": -1,
            "role": "arn:aws:iam::964989295765:role/triage-fn-verify",
            "runtime": "python3.12",
            "s3_bucket": null,
            "s3_key": null,
            "s3_object_version": null,
            "signing_job_arn": "",
            "signing_profile_version_arn": "",
            "skip_destroy": false,
            "snap_start": [],
            "source_code_hash": "kEVx87SDcgd7TGgAv0ky6k5QIMAft1509pK2G4kAz78=",
            "source_code_size": 592,
            "tags": {
              "Project": "triage"
            },
            "tags_all": {
              "Project": "triage"
            },
            "timeout": 15,
            "timeouts": null,
            "tracing_config": [
              {
                "mode": "PassThrough"
              }
            ],
            "version": "$LATEST",
            "vpc_config": []
          },
          "sensitive_attributes": [],
          "identity_schema_version": 0,
          "private": "eyJlMmJmYjczMC1lY2FhLTExZTYtOGY4OC0zNDM2M2JjN2M0YzAiOnsiY3JlYXRlIjo2MDAwMDAwMDAwMDAsImRlbGV0ZSI6NjAwMDAwMDAwMDAwLCJ1cGRhdGUiOjYwMDAwMDAwMDAwMH19",
          "dependencies": [
            "aws_iam_role.verify",
            "data.archive_file.verify",
            "data.aws_iam_policy_document.agent_lambda_assume"
          ]
        }
      ]
    },
    {
      "mode": "managed",
      "type": "aws_lambda_permission",
      "name": "apigw_invoke_approval",
      "provider": "provider[\"registry.terraform.io/hashicorp/aws\"]",
      "instances": [
        {
          "schema_version": 0,
          "attributes": {
            "action": "lambda:InvokeFunction",
            "event_source_token": null,
            "function_name": "triage-approval",
            "function_url_auth_type": null,
            "id": "AllowAPIGatewayInvoke",
            "principal": "apigateway.amazonaws.com",
            "principal_org_id": null,
            "qualifier": "",
            "source_account": null,
            "source_arn": "arn:aws:execute-api:us-east-1:964989295765:6mntafa7n1/*/*",
            "statement_id": "AllowAPIGatewayInvoke",
            "statement_id_prefix": ""
          },
          "sensitive_attributes": [],
          "identity_schema_version": 0,
          "private": "bnVsbA==",
          "dependencies": [
            "aws_apigatewayv2_api.approval",
            "aws_iam_role.approval",
            "aws_lambda_function.approval",
            "data.archive_file.approval",
            "data.aws_iam_policy_document.agent_lambda_assume"
          ]
        }
      ]
    },
    {
      "mode": "managed",
      "type": "aws_lambda_permission",
      "name": "scheduler_invoke",
      "provider": "provider[\"registry.terraform.io/hashicorp/aws\"]",
      "instances": [
        {
          "schema_version": 0,
          "attributes": {
            "action": "lambda:InvokeFunction",
            "event_source_token": null,
            "function_name": "triage-trafficgen",
            "function_url_auth_type": null,
            "id": "AllowSchedulerInvoke",
            "principal": "scheduler.amazonaws.com",
            "principal_org_id": null,
            "qualifier": "",
            "source_account": null,
            "source_arn": "arn:aws:scheduler:us-east-1:964989295765:schedule/default/triage-trafficgen-schedule",
            "statement_id": "AllowSchedulerInvoke",
            "statement_id_prefix": ""
          },
          "sensitive_attributes": [],
          "identity_schema_version": 0,
          "private": "bnVsbA==",
          "dependencies": [
            "aws_iam_role.scheduler_invoke",
            "aws_iam_role.trafficgen",
            "aws_lambda_function.trafficgen",
            "aws_lb.payflow",
            "aws_scheduler_schedule.trafficgen",
            "aws_security_group.alb",
            "data.archive_file.trafficgen",
            "data.aws_iam_policy_document.lambda_assume",
            "data.aws_iam_policy_document.scheduler_assume",
            "data.aws_subnets.default",
            "data.aws_vpc.default"
          ]
        }
      ]
    },
    {
      "mode": "managed",
      "type": "aws_lb",
      "name": "payflow",
      "provider": "provider[\"registry.terraform.io/hashicorp/aws\"]",
      "instances": [
        {
          "schema_version": 0,
          "attributes": {
            "access_logs": [
              {
                "bucket": "",
                "enabled": false,
                "prefix": ""
              }
            ],
            "arn": "arn:aws:elasticloadbalancing:us-east-1:964989295765:loadbalancer/app/triage-alb/bac00978adcdd038",
            "arn_suffix": "app/triage-alb/bac00978adcdd038",
            "client_keep_alive": 3600,
            "connection_logs": [
              {
                "bucket": "",
                "enabled": false,
                "prefix": ""
              }
            ],
            "customer_owned_ipv4_pool": "",
            "desync_mitigation_mode": "defensive",
            "dns_name": "triage-alb-175894723.us-east-1.elb.amazonaws.com",
            "dns_record_client_routing_policy": null,
            "drop_invalid_header_fields": false,
            "enable_cross_zone_load_balancing": true,
            "enable_deletion_protection": false,
            "enable_http2": true,
            "enable_tls_version_and_cipher_suite_headers": false,
            "enable_waf_fail_open": false,
            "enable_xff_client_port": false,
            "enable_zonal_shift": false,
            "enforce_security_group_inbound_rules_on_private_link_traffic": "",
            "id": "arn:aws:elasticloadbalancing:us-east-1:964989295765:loadbalancer/app/triage-alb/bac00978adcdd038",
            "idle_timeout": 60,
            "internal": false,
            "ip_address_type": "ipv4",
            "ipam_pools": [],
            "load_balancer_type": "application",
            "minimum_load_balancer_capacity": [],
            "name": "triage-alb",
            "name_prefix": "",
            "preserve_host_header": false,
            "security_groups": [
              "sg-0d28f864411a30930"
            ],
            "subnet_mapping": [
              {
                "allocation_id": "",
                "ipv6_address": "",
                "outpost_id": "",
                "private_ipv4_address": "",
                "subnet_id": "subnet-0647a7bbea9bc45d4"
              },
              {
                "allocation_id": "",
                "ipv6_address": "",
                "outpost_id": "",
                "private_ipv4_address": "",
                "subnet_id": "subnet-08cce1ca4fba04c7b"
              },
              {
                "allocation_id": "",
                "ipv6_address": "",
                "outpost_id": "",
                "private_ipv4_address": "",
                "subnet_id": "subnet-0a9a8d9714cc64e94"
              },
              {
                "allocation_id": "",
                "ipv6_address": "",
                "outpost_id": "",
                "private_ipv4_address": "",
                "subnet_id": "subnet-0b1bc08b1c00989cd"
              },
              {
                "allocation_id": "",
                "ipv6_address": "",
                "outpost_id": "",
                "private_ipv4_address": "",
                "subnet_id": "subnet-0b8742fcddcb022b2"
              },
              {
                "allocation_id": "",
                "ipv6_address": "",
                "outpost_id": "",
                "private_ipv4_address": "",
                "subnet_id": "subnet-0fa30e0afae912a87"
              }
            ],
            "subnets": [
              "subnet-0647a7bbea9bc45d4",
              "subnet-08cce1ca4fba04c7b",
              "subnet-0a9a8d9714cc64e94",
              "subnet-0b1bc08b1c00989cd",
              "subnet-0b8742fcddcb022b2",
              "subnet-0fa30e0afae912a87"
            ],
            "tags": {
              "Project": "triage"
            },
            "tags_all": {
              "Project": "triage"
            },
            "timeouts": null,
            "vpc_id": "vpc-0499cfd2d48da5c52",
            "xff_header_processing_mode": "append",
            "zone_id": "Z35SXDOTRQ7X7K"
          },
          "sensitive_attributes": [],
          "identity_schema_version": 0,
          "private": "eyJlMmJmYjczMC1lY2FhLTExZTYtOGY4OC0zNDM2M2JjN2M0YzAiOnsiY3JlYXRlIjo2MDAwMDAwMDAwMDAsImRlbGV0ZSI6NjAwMDAwMDAwMDAwLCJ1cGRhdGUiOjYwMDAwMDAwMDAwMH19",
          "dependencies": [
            "aws_security_group.alb",
            "data.aws_subnets.default",
            "data.aws_vpc.default"
          ]
        }
      ]
    },
    {
      "mode": "managed",
      "type": "aws_lb_listener",
      "name": "payflow_http",
      "provider": "provider[\"registry.terraform.io/hashicorp/aws\"]",
      "instances": [
        {
          "schema_version": 0,
          "attributes": {
            "alpn_policy": null,
            "arn": "arn:aws:elasticloadbalancing:us-east-1:964989295765:listener/app/triage-alb/bac00978adcdd038/e07f5468983fa352",
            "certificate_arn": null,
            "default_action": [
              {
                "authenticate_cognito": [],
                "authenticate_oidc": [],
                "fixed_response": [],
                "forward": [],
                "order": 1,
                "redirect": [],
                "target_group_arn": "arn:aws:elasticloadbalancing:us-east-1:964989295765:targetgroup/triage-tg/27fc5b355eb15d39",
                "type": "forward"
              }
            ],
            "id": "arn:aws:elasticloadbalancing:us-east-1:964989295765:listener/app/triage-alb/bac00978adcdd038/e07f5468983fa352",
            "load_balancer_arn": "arn:aws:elasticloadbalancing:us-east-1:964989295765:loadbalancer/app/triage-alb/bac00978adcdd038",
            "mutual_authentication": [],
            "port": 80,
            "protocol": "HTTP",
            "routing_http_request_x_amzn_mtls_clientcert_header_name": null,
            "routing_http_request_x_amzn_mtls_clientcert_issuer_header_name": null,
            "routing_http_request_x_amzn_mtls_clientcert_leaf_header_name": null,
            "routing_http_request_x_amzn_mtls_clientcert_serial_number_header_name": null,
            "routing_http_request_x_amzn_mtls_clientcert_subject_header_name": null,
            "routing_http_request_x_amzn_mtls_clientcert_validity_header_name": null,
            "routing_http_request_x_amzn_tls_cipher_suite_header_name": null,
            "routing_http_request_x_amzn_tls_version_header_name": null,
            "routing_http_response_access_control_allow_credentials_header_value": "",
            "routing_http_response_access_control_allow_headers_header_value": "",
            "routing_http_response_access_control_allow_methods_header_value": "",
            "routing_http_response_access_control_allow_origin_header_value": "",
            "routing_http_response_access_control_expose_headers_header_value": "",
            "routing_http_response_access_control_max_age_header_value": "",
            "routing_http_response_content_security_policy_header_value": "",
            "routing_http_response_server_enabled": true,
            "routing_http_response_strict_transport_security_header_value": "",
            "routing_http_response_x_content_type_options_header_value": "",
            "routing_http_response_x_frame_options_header_value": "",
            "ssl_policy": "",
            "tags": {},
            "tags_all": {},
            "tcp_idle_timeout_seconds": null,
            "timeouts": null
          },
          "sensitive_attributes": [],
          "identity_schema_version": 0,
          "private": "eyJlMmJmYjczMC1lY2FhLTExZTYtOGY4OC0zNDM2M2JjN2M0YzAiOnsiY3JlYXRlIjozMDAwMDAwMDAwMDAsInVwZGF0ZSI6MzAwMDAwMDAwMDAwfX0=",
          "dependencies": [
            "aws_lb.payflow",
            "aws_lb_target_group.payflow",
            "aws_security_group.alb",
            "data.aws_subnets.default",
            "data.aws_vpc.default"
          ]
        }
      ]
    },
    {
      "mode": "managed",
      "type": "aws_lb_target_group",
      "name": "payflow",
      "provider": "provider[\"registry.terraform.io/hashicorp/aws\"]",
      "instances": [
        {
          "schema_version": 0,
          "attributes": {
            "arn": "arn:aws:elasticloadbalancing:us-east-1:964989295765:targetgroup/triage-tg/27fc5b355eb15d39",
            "arn_suffix": "targetgroup/triage-tg/27fc5b355eb15d39",
            "connection_termination": null,
            "deregistration_delay": "300",
            "health_check": [
              {
                "enabled": true,
                "healthy_threshold": 2,
                "interval": 15,
                "matcher": "200",
                "path": "/health",
                "port": "traffic-port",
                "protocol": "HTTP",
                "timeout": 5,
                "unhealthy_threshold": 2
              }
            ],
            "id": "arn:aws:elasticloadbalancing:us-east-1:964989295765:targetgroup/triage-tg/27fc5b355eb15d39",
            "ip_address_type": "ipv4",
            "lambda_multi_value_headers_enabled": false,
            "load_balancer_arns": [
              "arn:aws:elasticloadbalancing:us-east-1:964989295765:loadbalancer/app/triage-alb/bac00978adcdd038"
            ],
            "load_balancing_algorithm_type": "round_robin",
            "load_balancing_anomaly_mitigation": "off",
            "load_balancing_cross_zone_enabled": "use_load_balancer_configuration",
            "name": "triage-tg",
            "name_prefix": "",
            "port": 8080,
            "preserve_client_ip": null,
            "protocol": "HTTP",
            "protocol_version": "HTTP1",
            "proxy_protocol_v2": false,
            "slow_start": 0,
            "stickiness": [
              {
                "cookie_duration": 86400,
                "cookie_name": "",
                "enabled": false,
                "type": "lb_cookie"
              }
            ],
            "tags": {
              "Project": "triage"
            },
            "tags_all": {
              "Project": "triage"
            },
            "target_failover": [
              {
                "on_deregistration": null,
                "on_unhealthy": null
              }
            ],
            "target_group_health": [
              {
                "dns_failover": [
                  {
                    "minimum_healthy_targets_count": "1",
                    "minimum_healthy_targets_percentage": "off"
                  }
                ],
                "unhealthy_state_routing": [
                  {
                    "minimum_healthy_targets_count": 1,
                    "minimum_healthy_targets_percentage": "off"
                  }
                ]
              }
            ],
            "target_health_state": [
              {
                "enable_unhealthy_connection_termination": null,
                "unhealthy_draining_interval": null
              }
            ],
            "target_type": "ip",
            "vpc_id": "vpc-0499cfd2d48da5c52"
          },
          "sensitive_attributes": [],
          "identity_schema_version": 0,
          "private": "bnVsbA==",
          "dependencies": [
            "data.aws_vpc.default"
          ]
        }
      ]
    },
    {
      "mode": "managed",
      "type": "aws_s3_bucket",
      "name": "postmortems",
      "provider": "provider[\"registry.terraform.io/hashicorp/aws\"]",
      "instances": [
        {
          "schema_version": 0,
          "attributes": {
            "acceleration_status": "",
            "acl": null,
            "arn": "arn:aws:s3:::triage-postmortems-964989295765",
            "bucket": "triage-postmortems-964989295765",
            "bucket_domain_name": "triage-postmortems-964989295765.s3.amazonaws.com",
            "bucket_prefix": "",
            "bucket_regional_domain_name": "triage-postmortems-964989295765.s3.us-east-1.amazonaws.com",
            "cors_rule": [],
            "force_destroy": false,
            "grant": [
              {
                "id": "d05c1f965fc74a885d8ad57ab9c02d29b48b7a8f9c1e50268a4a44cef7f85aca",
                "permissions": [
                  "FULL_CONTROL"
                ],
                "type": "CanonicalUser",
                "uri": ""
              }
            ],
            "hosted_zone_id": "Z3AQBSTGFYJSTF",
            "id": "triage-postmortems-964989295765",
            "lifecycle_rule": [],
            "logging": [],
            "object_lock_configuration": [],
            "object_lock_enabled": false,
            "policy": "",
            "region": "us-east-1",
            "replication_configuration": [],
            "request_payer": "BucketOwner",
            "server_side_encryption_configuration": [
              {
                "rule": [
                  {
                    "apply_server_side_encryption_by_default": [
                      {
                        "kms_master_key_id": "",
                        "sse_algorithm": "AES256"
                      }
                    ],
                    "bucket_key_enabled": false
                  }
                ]
              }
            ],
            "tags": {
              "Project": "triage"
            },
            "tags_all": {
              "Project": "triage"
            },
            "timeouts": null,
            "versioning": [
              {
                "enabled": true,
                "mfa_delete": false
              }
            ],
            "website": [],
            "website_domain": null,
            "website_endpoint": null
          },
          "sensitive_attributes": [],
          "identity_schema_version": 0,
          "private": "eyJlMmJmYjczMC1lY2FhLTExZTYtOGY4OC0zNDM2M2JjN2M0YzAiOnsiY3JlYXRlIjoxMjAwMDAwMDAwMDAwLCJkZWxldGUiOjM2MDAwMDAwMDAwMDAsInJlYWQiOjEyMDAwMDAwMDAwMDAsInVwZGF0ZSI6MTIwMDAwMDAwMDAwMH19",
          "dependencies": [
            "data.aws_caller_identity.current"
          ]
        }
      ]
    },
    {
      "mode": "managed",
      "type": "aws_s3_bucket_public_access_block",
      "name": "postmortems",
      "provider": "provider[\"registry.terraform.io/hashicorp/aws\"]",
      "instances": [
        {
          "schema_version": 0,
          "attributes": {
            "block_public_acls": true,
            "block_public_policy": true,
            "bucket": "triage-postmortems-964989295765",
            "id": "triage-postmortems-964989295765",
            "ignore_public_acls": true,
            "restrict_public_buckets": true
          },
          "sensitive_attributes": [],
          "identity_schema_version": 0,
          "private": "bnVsbA==",
          "dependencies": [
            "aws_s3_bucket.postmortems",
            "data.aws_caller_identity.current"
          ]
        }
      ]
    },
    {
      "mode": "managed",
      "type": "aws_s3_bucket_versioning",
      "name": "postmortems",
      "provider": "provider[\"registry.terraform.io/hashicorp/aws\"]",
      "instances": [
        {
          "schema_version": 0,
          "attributes": {
            "bucket": "triage-postmortems-964989295765",
            "expected_bucket_owner": "",
            "id": "triage-postmortems-964989295765",
            "mfa": null,
            "versioning_configuration": [
              {
                "mfa_delete": "",
                "status": "Enabled"
              }
            ]
          },
          "sensitive_attributes": [],
          "identity_schema_version": 0,
          "private": "bnVsbA==",
          "dependencies": [
            "aws_s3_bucket.postmortems",
            "data.aws_caller_identity.current"
          ]
        }
      ]
    },
    {
      "mode": "managed",
      "type": "aws_scheduler_schedule",
      "name": "trafficgen",
      "provider": "provider[\"registry.terraform.io/hashicorp/aws\"]",
      "instances": [
        {
          "schema_version": 0,
          "attributes": {
            "arn": "arn:aws:scheduler:us-east-1:964989295765:schedule/default/triage-trafficgen-schedule",
            "description": "",
            "end_date": "",
            "flexible_time_window": [
              {
                "maximum_window_in_minutes": 0,
                "mode": "OFF"
              }
            ],
            "group_name": "default",
            "id": "default/triage-trafficgen-schedule",
            "kms_key_arn": "",
            "name": "triage-trafficgen-schedule",
            "name_prefix": "",
            "schedule_expression": "rate(1 minute)",
            "schedule_expression_timezone": "UTC",
            "start_date": "",
            "state": "ENABLED",
            "target": [
              {
                "arn": "arn:aws:lambda:us-east-1:964989295765:function:triage-trafficgen",
                "dead_letter_config": [],
                "ecs_parameters": [],
                "eventbridge_parameters": [],
                "input": "",
                "kinesis_parameters": [],
                "retry_policy": [
                  {
                    "maximum_event_age_in_seconds": 86400,
                    "maximum_retry_attempts": 185
                  }
                ],
                "role_arn": "arn:aws:iam::964989295765:role/triage-scheduler-invoke",
                "sagemaker_pipeline_parameters": [],
                "sqs_parameters": []
              }
            ]
          },
          "sensitive_attributes": [],
          "identity_schema_version": 0,
          "private": "bnVsbA==",
          "dependencies": [
            "aws_iam_role.scheduler_invoke",
            "aws_iam_role.trafficgen",
            "aws_lambda_function.trafficgen",
            "aws_lb.payflow",
            "aws_security_group.alb",
            "data.archive_file.trafficgen",
            "data.aws_iam_policy_document.lambda_assume",
            "data.aws_iam_policy_document.scheduler_assume",
            "data.aws_subnets.default",
            "data.aws_vpc.default"
          ]
        }
      ]
    },
    {
      "mode": "managed",
      "type": "aws_security_group",
      "name": "alb",
      "provider": "provider[\"registry.terraform.io/hashicorp/aws\"]",
      "instances": [
        {
          "schema_version": 1,
          "attributes": {
            "arn": "arn:aws:ec2:us-east-1:964989295765:security-group/sg-0d28f864411a30930",
            "description": "Allow inbound HTTP from the internet to the ALB",
            "egress": [
              {
                "cidr_blocks": [
                  "0.0.0.0/0"
                ],
                "description": "",
                "from_port": 0,
                "ipv6_cidr_blocks": [],
                "prefix_list_ids": [],
                "protocol": "-1",
                "security_groups": [],
                "self": false,
                "to_port": 0
              }
            ],
            "id": "sg-0d28f864411a30930",
            "ingress": [
              {
                "cidr_blocks": [
                  "0.0.0.0/0"
                ],
                "description": "HTTP from anywhere",
                "from_port": 80,
                "ipv6_cidr_blocks": [],
                "prefix_list_ids": [],
                "protocol": "tcp",
                "security_groups": [],
                "self": false,
                "to_port": 80
              }
            ],
            "name": "triage-alb-sg",
            "name_prefix": "",
            "owner_id": "964989295765",
            "revoke_rules_on_delete": false,
            "tags": {
              "Project": "triage"
            },
            "tags_all": {
              "Project": "triage"
            },
            "timeouts": null,
            "vpc_id": "vpc-0499cfd2d48da5c52"
          },
          "sensitive_attributes": [],
          "identity_schema_version": 0,
          "private": "eyJlMmJmYjczMC1lY2FhLTExZTYtOGY4OC0zNDM2M2JjN2M0YzAiOnsiY3JlYXRlIjo2MDAwMDAwMDAwMDAsImRlbGV0ZSI6OTAwMDAwMDAwMDAwfSwic2NoZW1hX3ZlcnNpb24iOiIxIn0=",
          "dependencies": [
            "data.aws_vpc.default"
          ]
        }
      ]
    },
    {
      "mode": "managed",
      "type": "aws_security_group",
      "name": "fargate",
      "provider": "provider[\"registry.terraform.io/hashicorp/aws\"]",
      "instances": [
        {
          "schema_version": 1,
          "attributes": {
            "arn": "arn:aws:ec2:us-east-1:964989295765:security-group/sg-0a435d96ecce907bb",
            "description": "Allow inbound 8080 from the ALB only",
            "egress": [
              {
                "cidr_blocks": [
                  "0.0.0.0/0"
                ],
                "description": "",
                "from_port": 0,
                "ipv6_cidr_blocks": [],
                "prefix_list_ids": [],
                "protocol": "-1",
                "security_groups": [],
                "self": false,
                "to_port": 0
              }
            ],
            "id": "sg-0a435d96ecce907bb",
            "ingress": [
              {
                "cidr_blocks": [],
                "description": "App port from ALB",
                "from_port": 8080,
                "ipv6_cidr_blocks": [],
                "prefix_list_ids": [],
                "protocol": "tcp",
                "security_groups": [
                  "sg-0d28f864411a30930"
                ],
                "self": false,
                "to_port": 8080
              }
            ],
            "name": "triage-fargate-sg",
            "name_prefix": "",
            "owner_id": "964989295765",
            "revoke_rules_on_delete": false,
            "tags": {
              "Project": "triage"
            },
            "tags_all": {
              "Project": "triage"
            },
            "timeouts": null,
            "vpc_id": "vpc-0499cfd2d48da5c52"
          },
          "sensitive_attributes": [],
          "identity_schema_version": 0,
          "private": "eyJlMmJmYjczMC1lY2FhLTExZTYtOGY4OC0zNDM2M2JjN2M0YzAiOnsiY3JlYXRlIjo2MDAwMDAwMDAwMDAsImRlbGV0ZSI6OTAwMDAwMDAwMDAwfSwic2NoZW1hX3ZlcnNpb24iOiIxIn0=",
          "dependencies": [
            "aws_security_group.alb",
            "data.aws_vpc.default"
          ]
        }
      ]
    },
    {
      "mode": "managed",
      "type": "aws_sfn_state_machine",
      "name": "triage",
      "provider": "provider[\"registry.terraform.io/hashicorp/aws\"]",
      "instances": [
        {
          "schema_version": 0,
          "attributes": {
            "arn": "arn:aws:states:us-east-1:964989295765:stateMachine:triage-incident-response",
            "creation_date": "2026-07-05T11:14:50Z",
            "definition": "{\n  \"Comment\": \"Triage incident response: detect -\u003e diagnose -\u003e govern -\u003e act -\u003e audit\",\n  \"StartAt\": \"Intake\",\n  \"States\": {\n    \"Intake\": {\n      \"Type\": \"Task\",\n      \"Resource\": \"arn:aws:lambda:us-east-1:964989295765:function:triage-intake\",\n      \"ResultPath\": \"$.intake\",\n      \"Next\": \"CheckProceed\",\n      \"Catch\": [{\"ErrorEquals\": [\"States.ALL\"], \"ResultPath\": \"$.error\", \"Next\": \"IntakeFailed\"}]\n    },\n    \"CheckProceed\": {\n      \"Type\": \"Choice\",\n      \"Choices\": [{\"Variable\": \"$.intake.proceed\", \"BooleanEquals\": true, \"Next\": \"GatherEvidence\"}],\n      \"Default\": \"DuplicateIncidentEnd\"\n    },\n    \"DuplicateIncidentEnd\": {\"Type\": \"Succeed\"},\n\n    \"GatherEvidence\": {\n      \"Type\": \"Task\",\n      \"Resource\": \"arn:aws:lambda:us-east-1:964989295765:function:triage-evidence\",\n      \"Parameters\": {\"alarm_name.$\": \"$.intake.alarm_name\"},\n      \"ResultPath\": \"$.evidence\",\n      \"Retry\": [{\"ErrorEquals\": [\"States.ALL\"], \"IntervalSeconds\": 2, \"MaxAttempts\": 2, \"BackoffRate\": 2}],\n      \"Catch\": [{\"ErrorEquals\": [\"States.ALL\"], \"ResultPath\": \"$.error\", \"Next\": \"HandleFailure\"}],\n      \"Next\": \"Diagnose\"\n    },\n\n    \"Diagnose\": {\n      \"Type\": \"Task\",\n      \"Resource\": \"arn:aws:lambda:us-east-1:964989295765:function:triage-diagnose\",\n      \"Parameters\": {\"evidence.$\": \"$.evidence\"},\n      \"ResultPath\": \"$.diagnosis\",\n      \"Retry\": [{\"ErrorEquals\": [\"States.ALL\"], \"IntervalSeconds\": 2, \"MaxAttempts\": 2, \"BackoffRate\": 2}],\n      \"Catch\": [{\"ErrorEquals\": [\"States.ALL\"], \"ResultPath\": \"$.error\", \"Next\": \"HandleFailure\"}],\n      \"Next\": \"PolicyCheck\"\n    },\n\n    \"PolicyCheck\": {\n      \"Type\": \"Task\",\n      \"Resource\": \"arn:aws:lambda:us-east-1:964989295765:function:triage-policy\",\n      \"Parameters\": {\"diagnosis.$\": \"$.diagnosis\"},\n      \"ResultPath\": \"$.policy_decision\",\n      \"Catch\": [{\"ErrorEquals\": [\"States.ALL\"], \"ResultPath\": \"$.error\", \"Next\": \"HandleFailure\"}],\n      \"Next\": \"PolicyChoice\"\n    },\n\n    \"PolicyChoice\": {\n      \"Type\": \"Choice\",\n      \"Choices\": [\n        {\"Variable\": \"$.policy_decision.decision\", \"StringEquals\": \"auto\", \"Next\": \"InitVerifyCounter\"},\n        {\"Variable\": \"$.policy_decision.decision\", \"StringEquals\": \"needs_approval\", \"Next\": \"RequestApproval\"}\n      ],\n      \"Default\": \"MarkRejected\"\n    },\n\n    \"MarkRejected\": {\n      \"Type\": \"Task\",\n      \"Resource\": \"arn:aws:states:::dynamodb:updateItem\",\n      \"Parameters\": {\n        \"TableName\": \"triage-incidents\",\n        \"Key\": {\"incident_id\": {\"S.$\": \"$.intake.incident_id\"}},\n        \"UpdateExpression\": \"SET #s = :rejected\",\n        \"ExpressionAttributeNames\": {\"#s\": \"status\"},\n        \"ExpressionAttributeValues\": {\":rejected\": {\"S\": \"REJECTED\"}}\n      },\n      \"ResultPath\": null,\n      \"Next\": \"NotifyRejected\"\n    },\n    \"NotifyRejected\": {\n      \"Type\": \"Task\",\n      \"Resource\": \"arn:aws:states:::sns:publish\",\n      \"Parameters\": {\n        \"TopicArn\": \"arn:aws:sns:us-east-1:964989295765:triage-incidents\",\n        \"Subject\": \"Triage: incident not actionable\",\n        \"Message.$\": \"States.Format('Incident {} on alarm {}: policy rejected action {} ({}).', $.intake.incident_id, $.intake.alarm_name, $.policy_decision.action, $.policy_decision.reason)\"\n      },\n      \"Next\": \"RejectedEnd\"\n    },\n    \"RejectedEnd\": {\"Type\": \"Succeed\"},\n\n    \"RequestApproval\": {\n      \"Type\": \"Task\",\n      \"Resource\": \"arn:aws:states:::sns:publish.waitForTaskToken\",\n      \"Parameters\": {\n        \"TopicArn\": \"arn:aws:sns:us-east-1:964989295765:triage-incidents\",\n        \"Subject\": \"Triage: approval needed\",\n        \"Message.$\": \"States.Format('Incident {} on alarm {} recommends action {}. Approve: https://6mntafa7n1.execute-api.us-east-1.amazonaws.com/approve?task_token={}\u0026decision=approve  |  Reject: https://6mntafa7n1.execute-api.us-east-1.amazonaws.com/approve?task_token={}\u0026decision=reject  (link expires in 1 hour)', $.intake.incident_id, $.intake.alarm_name, $.policy_decision.action, $$.Task.Token, $$.Task.Token)\"\n      },\n      \"TimeoutSeconds\": 3600,\n      \"ResultPath\": \"$.approval_result\",\n      \"Catch\": [{\"ErrorEquals\": [\"States.ALL\"], \"ResultPath\": \"$.error\", \"Next\": \"MarkEscalated\"}],\n      \"Next\": \"InitVerifyCounter\"\n    },\n\n    \"InitVerifyCounter\": {\n      \"Type\": \"Pass\",\n      \"Result\": 0,\n      \"ResultPath\": \"$.verify_attempts\",\n      \"Next\": \"Remediate\"\n    },\n\n    \"Remediate\": {\n      \"Type\": \"Task\",\n      \"Resource\": \"arn:aws:lambda:us-east-1:964989295765:function:triage-remediate\",\n      \"Parameters\": {\n        \"incident_id.$\": \"$.intake.incident_id\",\n        \"policy_decision.$\": \"$.policy_decision\"\n      },\n      \"ResultPath\": \"$.remediation\",\n      \"Catch\": [{\"ErrorEquals\": [\"States.ALL\"], \"ResultPath\": \"$.error\", \"Next\": \"HandleFailure\"}],\n      \"Next\": \"VerifyWait\"\n    },\n\n    \"VerifyWait\": {\"Type\": \"Wait\", \"Seconds\": 45, \"Next\": \"Verify\"},\n\n    \"Verify\": {\n      \"Type\": \"Task\",\n      \"Resource\": \"arn:aws:lambda:us-east-1:964989295765:function:triage-verify\",\n      \"Parameters\": {\"alarm_name.$\": \"$.intake.alarm_name\"},\n      \"ResultPath\": \"$.verify_result\",\n      \"Catch\": [{\"ErrorEquals\": [\"States.ALL\"], \"ResultPath\": \"$.error\", \"Next\": \"HandleFailure\"}],\n      \"Next\": \"VerifyChoice\"\n    },\n\n    \"VerifyChoice\": {\n      \"Type\": \"Choice\",\n      \"Choices\": [\n        {\"Variable\": \"$.verify_result.healthy\", \"BooleanEquals\": true, \"Next\": \"Postmortem\"},\n        {\"Variable\": \"$.verify_attempts\", \"NumericLessThan\": 7, \"Next\": \"IncrementVerifyCounter\"}\n      ],\n      \"Default\": \"MarkEscalated\"\n    },\n\n    \"IncrementVerifyCounter\": {\n      \"Type\": \"Pass\",\n      \"Parameters\": {\"verify_attempts.$\": \"States.MathAdd($.verify_attempts, 1)\"},\n      \"ResultPath\": \"$.verify_attempts_wrapper\",\n      \"Next\": \"CopyVerifyCounter\"\n    },\n    \"CopyVerifyCounter\": {\n      \"Type\": \"Pass\",\n      \"InputPath\": \"$.verify_attempts_wrapper.verify_attempts\",\n      \"ResultPath\": \"$.verify_attempts\",\n      \"Next\": \"VerifyWait\"\n    },\n\n    \"Postmortem\": {\n      \"Type\": \"Task\",\n      \"Resource\": \"arn:aws:lambda:us-east-1:964989295765:function:triage-postmortem\",\n      \"Parameters\": {\"incident_id.$\": \"$.intake.incident_id\"},\n      \"ResultPath\": \"$.postmortem\",\n      \"Catch\": [{\"ErrorEquals\": [\"States.ALL\"], \"ResultPath\": \"$.error\", \"Next\": \"HandleFailure\"}],\n      \"Next\": \"ResolvedEnd\"\n    },\n    \"ResolvedEnd\": {\"Type\": \"Succeed\"},\n\n    \"MarkEscalated\": {\n      \"Type\": \"Task\",\n      \"Resource\": \"arn:aws:states:::dynamodb:updateItem\",\n      \"Parameters\": {\n        \"TableName\": \"triage-incidents\",\n        \"Key\": {\"incident_id\": {\"S.$\": \"$.intake.incident_id\"}},\n        \"UpdateExpression\": \"SET #s = :escalated\",\n        \"ExpressionAttributeNames\": {\"#s\": \"status\"},\n        \"ExpressionAttributeValues\": {\":escalated\": {\"S\": \"ESCALATED\"}}\n      },\n      \"ResultPath\": null,\n      \"Next\": \"NotifyEscalated\"\n    },\n    \"NotifyEscalated\": {\n      \"Type\": \"Task\",\n      \"Resource\": \"arn:aws:states:::sns:publish\",\n      \"Parameters\": {\n        \"TopicArn\": \"arn:aws:sns:us-east-1:964989295765:triage-incidents\",\n        \"Subject\": \"Triage: incident ESCALATED - needs a human\",\n        \"Message.$\": \"States.Format('Incident {} on alarm {} was escalated: remediation did not verify healthy, or approval was rejected/timed out. Please investigate manually.', $.intake.incident_id, $.intake.alarm_name)\"\n      },\n      \"Next\": \"EscalatedEnd\"\n    },\n    \"EscalatedEnd\": {\"Type\": \"Succeed\"},\n\n    \"IntakeFailed\": {\n      \"Type\": \"Task\",\n      \"Resource\": \"arn:aws:states:::sqs:sendMessage\",\n      \"Parameters\": {\n        \"QueueUrl\": \"https://sqs.us-east-1.amazonaws.com/964989295765/triage-dlq\",\n        \"MessageBody.$\": \"States.Format('Intake failed before an incident record was created: {}', States.JsonToString($.error))\"\n      },\n      \"Next\": \"FailedEnd\"\n    },\n\n    \"HandleFailure\": {\n      \"Type\": \"Task\",\n      \"Resource\": \"arn:aws:states:::sqs:sendMessage\",\n      \"Parameters\": {\n        \"QueueUrl\": \"https://sqs.us-east-1.amazonaws.com/964989295765/triage-dlq\",\n        \"MessageBody.$\": \"States.Format('Incident {} failed: {}', $.intake.incident_id, States.JsonToString($.error))\"\n      },\n      \"ResultPath\": null,\n      \"Next\": \"MarkFailed\"\n    },\n    \"MarkFailed\": {\n      \"Type\": \"Task\",\n      \"Resource\": \"arn:aws:states:::dynamodb:updateItem\",\n      \"Parameters\": {\n        \"TableName\": \"triage-incidents\",\n        \"Key\": {\"incident_id\": {\"S.$\": \"$.intake.incident_id\"}},\n        \"UpdateExpression\": \"SET #s = :failed\",\n        \"ExpressionAttributeNames\": {\"#s\": \"status\"},\n        \"ExpressionAttributeValues\": {\":failed\": {\"S\": \"FAILED\"}}\n      },\n      \"Next\": \"FailedEnd\"\n    },\n    \"FailedEnd\": {\"Type\": \"Fail\"}\n  }\n}\n",
            "description": "",
            "encryption_configuration": [
              {
                "kms_data_key_reuse_period_seconds": 0,
                "kms_key_id": "",
                "type": "AWS_OWNED_KEY"
              }
            ],
            "id": "arn:aws:states:us-east-1:964989295765:stateMachine:triage-incident-response",
            "logging_configuration": [
              {
                "include_execution_data": false,
                "level": "OFF",
                "log_destination": ""
              }
            ],
            "name": "triage-incident-response",
            "name_prefix": "",
            "publish": false,
            "revision_id": "6914e197-c66e-4b1e-9155-06c4fa4ce7aa",
            "role_arn": "arn:aws:iam::964989295765:role/triage-state-machine",
            "state_machine_version_arn": "",
            "status": "ACTIVE",
            "tags": {
              "Project": "triage"
            },
            "tags_all": {
              "Project": "triage"
            },
            "timeouts": null,
            "tracing_configuration": [
              {
                "enabled": false
              }
            ],
            "type": "STANDARD",
            "version_description": null
          },
          "sensitive_attributes": [],
          "identity_schema_version": 0,
          "private": "eyJlMmJmYjczMC1lY2FhLTExZTYtOGY4OC0zNDM2M2JjN2M0YzAiOnsiY3JlYXRlIjozMDAwMDAwMDAwMDAsImRlbGV0ZSI6MzAwMDAwMDAwMDAwLCJ1cGRhdGUiOjYwMDAwMDAwMDAwfX0=",
          "dependencies": [
            "aws_apigatewayv2_api.approval",
            "aws_cloudwatch_log_group.payflow",
            "aws_dynamodb_table.payflow_transactions",
            "aws_dynamodb_table.triage_incidents",
            "aws_dynamodb_table.triage_policies",
            "aws_ecr_repository.payflow",
            "aws_ecs_cluster.this",
            "aws_ecs_service.payflow",
            "aws_ecs_task_definition.payflow",
            "aws_iam_role.diagnose",
            "aws_iam_role.evidence",
            "aws_iam_role.intake",
            "aws_iam_role.payflow_execution",
            "aws_iam_role.payflow_task",
            "aws_iam_role.policy_fn",
            "aws_iam_role.postmortem",
            "aws_iam_role.remediate",
            "aws_iam_role.state_machine",
            "aws_iam_role.verify",
            "aws_lambda_function.diagnose",
            "aws_lambda_function.evidence",
            "aws_lambda_function.intake",
            "aws_lambda_function.policy",
            "aws_lambda_function.postmortem",
            "aws_lambda_function.remediate",
            "aws_lambda_function.verify",
            "aws_lb.payflow",
            "aws_lb_listener.payflow_http",
            "aws_lb_target_group.payflow",
            "aws_s3_bucket.postmortems",
            "aws_security_group.alb",
            "aws_security_group.fargate",
            "aws_sns_topic.incidents",
            "aws_sqs_queue.dlq",
            "data.archive_file.diagnose",
            "data.archive_file.evidence",
            "data.archive_file.intake",
            "data.archive_file.policy",
            "data.archive_file.postmortem",
            "data.archive_file.remediate",
            "data.archive_file.verify",
            "data.aws_caller_identity.current",
            "data.aws_iam_policy_document.agent_lambda_assume",
            "data.aws_iam_policy_document.ecs_assume",
            "data.aws_iam_policy_document.sfn_assume",
            "data.aws_subnets.default",
            "data.aws_vpc.default"
          ]
        }
      ]
    },
    {
      "mode": "managed",
      "type": "aws_sns_topic",
      "name": "incidents",
      "provider": "provider[\"registry.terraform.io/hashicorp/aws\"]",
      "instances": [
        {
          "schema_version": 0,
          "attributes": {
            "application_failure_feedback_role_arn": "",
            "application_success_feedback_role_arn": "",
            "application_success_feedback_sample_rate": 0,
            "archive_policy": "",
            "arn": "arn:aws:sns:us-east-1:964989295765:triage-incidents",
            "beginning_archive_time": "",
            "content_based_deduplication": false,
            "delivery_policy": "",
            "display_name": "",
            "fifo_throughput_scope": "",
            "fifo_topic": false,
            "firehose_failure_feedback_role_arn": "",
            "firehose_success_feedback_role_arn": "",
            "firehose_success_feedback_sample_rate": 0,
            "http_failure_feedback_role_arn": "",
            "http_success_feedback_role_arn": "",
            "http_success_feedback_sample_rate": 0,
            "id": "arn:aws:sns:us-east-1:964989295765:triage-incidents",
            "kms_master_key_id": "",
            "lambda_failure_feedback_role_arn": "",
            "lambda_success_feedback_role_arn": "",
            "lambda_success_feedback_sample_rate": 0,
            "name": "triage-incidents",
            "name_prefix": "",
            "owner": "964989295765",
            "policy": "{\"Id\":\"__default_policy_ID\",\"Statement\":[{\"Action\":[\"SNS:GetTopicAttributes\",\"SNS:SetTopicAttributes\",\"SNS:AddPermission\",\"SNS:RemovePermission\",\"SNS:DeleteTopic\",\"SNS:Subscribe\",\"SNS:ListSubscriptionsByTopic\",\"SNS:Publish\"],\"Condition\":{\"StringEquals\":{\"AWS:SourceOwner\":\"964989295765\"}},\"Effect\":\"Allow\",\"Principal\":{\"AWS\":\"*\"},\"Resource\":\"arn:aws:sns:us-east-1:964989295765:triage-incidents\",\"Sid\":\"__default_statement_ID\"}],\"Version\":\"2008-10-17\"}",
            "signature_version": 0,
            "sqs_failure_feedback_role_arn": "",
            "sqs_success_feedback_role_arn": "",
            "sqs_success_feedback_sample_rate": 0,
            "tags": {
              "Project": "triage"
            },
            "tags_all": {
              "Project": "triage"
            },
            "tracing_config": ""
          },
          "sensitive_attributes": [],
          "identity_schema_version": 0,
          "private": "bnVsbA=="
        }
      ]
    },
    {
      "mode": "managed",
      "type": "aws_sns_topic_subscription",
      "name": "incidents_email",
      "provider": "provider[\"registry.terraform.io/hashicorp/aws\"]",
      "instances": [
        {
          "schema_version": 0,
          "attributes": {
            "arn": "arn:aws:sns:us-east-1:964989295765:triage-incidents:fd405784-8307-4b9e-b001-3ea2ee54747c",
            "confirmation_timeout_in_minutes": 1,
            "confirmation_was_authenticated": false,
            "delivery_policy": "",
            "endpoint": "vijayputtarevaiah@gmail.com",
            "endpoint_auto_confirms": false,
            "filter_policy": "",
            "filter_policy_scope": "",
            "id": "arn:aws:sns:us-east-1:964989295765:triage-incidents:fd405784-8307-4b9e-b001-3ea2ee54747c",
            "owner_id": "964989295765",
            "pending_confirmation": false,
            "protocol": "email",
            "raw_message_delivery": false,
            "redrive_policy": "",
            "replay_policy": "",
            "subscription_role_arn": "",
            "topic_arn": "arn:aws:sns:us-east-1:964989295765:triage-incidents"
          },
          "sensitive_attributes": [],
          "identity_schema_version": 0,
          "private": "bnVsbA==",
          "dependencies": [
            "aws_sns_topic.incidents"
          ]
        }
      ]
    },
    {
      "mode": "managed",
      "type": "aws_sqs_queue",
      "name": "dlq",
      "provider": "provider[\"registry.terraform.io/hashicorp/aws\"]",
      "instances": [
        {
          "schema_version": 0,
          "attributes": {
            "arn": "arn:aws:sqs:us-east-1:964989295765:triage-dlq",
            "content_based_deduplication": false,
            "deduplication_scope": "",
            "delay_seconds": 0,
            "fifo_queue": false,
            "fifo_throughput_limit": "",
            "id": "https://sqs.us-east-1.amazonaws.com/964989295765/triage-dlq",
            "kms_data_key_reuse_period_seconds": 300,
            "kms_master_key_id": "",
            "max_message_size": 262144,
            "message_retention_seconds": 1209600,
            "name": "triage-dlq",
            "name_prefix": "",
            "policy": "",
            "receive_wait_time_seconds": 0,
            "redrive_allow_policy": "",
            "redrive_policy": "",
            "sqs_managed_sse_enabled": true,
            "tags": {
              "Project": "triage"
            },
            "tags_all": {
              "Project": "triage"
            },
            "timeouts": null,
            "url": "https://sqs.us-east-1.amazonaws.com/964989295765/triage-dlq",
            "visibility_timeout_seconds": 30
          },
          "sensitive_attributes": [],
          "identity_schema_version": 0,
          "private": "eyJlMmJmYjczMC1lY2FhLTExZTYtOGY4OC0zNDM2M2JjN2M0YzAiOnsiY3JlYXRlIjoxODAwMDAwMDAwMDAsImRlbGV0ZSI6MTgwMDAwMDAwMDAwLCJ1cGRhdGUiOjE4MDAwMDAwMDAwMH19"
        }
      ]
    }
  ],
  "check_results": null
}
